
Terraform used the selected providers to generate the following execution
plan. Resource actions are indicated with the following symbols:
  + create

Terraform will perform the following actions:

  # aws_instance.minikube will be created
  + resource "aws_instance" "minikube" {
      + ami                                  = "ami-052efd3df9dad4825"
      + arn                                  = (known after apply)
      + associate_public_ip_address          = (known after apply)
      + availability_zone                    = (known after apply)
      + cpu_core_count                       = (known after apply)
      + cpu_threads_per_core                 = (known after apply)
      + disable_api_termination              = (known after apply)
      + ebs_optimized                        = (known after apply)
      + get_password_data                    = false
      + host_id                              = (known after apply)
      + id                                   = (known after apply)
      + instance_initiated_shutdown_behavior = (known after apply)
      + instance_state                       = (known after apply)
      + instance_type                        = "t2.micro"
      + ipv6_address_count                   = (known after apply)
      + ipv6_addresses                       = (known after apply)
      + key_name                             = "Mac"
      + monitoring                           = (known after apply)
      + outpost_arn                          = (known after apply)
      + password_data                        = (known after apply)
      + placement_group                      = (known after apply)
      + placement_partition_number           = (known after apply)
      + primary_network_interface_id         = (known after apply)
      + private_dns                          = (known after apply)
      + private_ip                           = (known after apply)
      + public_dns                           = (known after apply)
      + public_ip                            = (known after apply)
      + secondary_private_ips                = (known after apply)
      + security_groups                      = (known after apply)
      + source_dest_check                    = true
      + subnet_id                            = (known after apply)
      + tags_all                             = (known after apply)
      + tenancy                              = (known after apply)
      + user_data                            = (known after apply)
      + user_data_base64                     = (known after apply)
      + user_data_replace_on_change          = false
      + vpc_security_group_ids               = (known after apply)

      + capacity_reservation_specification {
          + capacity_reservation_preference = (known after apply)

          + capacity_reservation_target {
              + capacity_reservation_id                 = (known after apply)
              + capacity_reservation_resource_group_arn = (known after apply)
            }
        }

      + ebs_block_device {
          + delete_on_termination = (known after apply)
          + device_name           = (known after apply)
          + encrypted             = (known after apply)
          + iops                  = (known after apply)
          + kms_key_id            = (known after apply)
          + snapshot_id           = (known after apply)
          + tags                  = (known after apply)
          + throughput            = (known after apply)
          + volume_id             = (known after apply)
          + volume_size           = (known after apply)
          + volume_type           = (known after apply)
        }

      + enclave_options {
          + enabled = (known after apply)
        }

      + ephemeral_block_device {
          + device_name  = (known after apply)
          + no_device    = (known after apply)
          + virtual_name = (known after apply)
        }

      + maintenance_options {
          + auto_recovery = (known after apply)
        }

      + metadata_options {
          + http_endpoint               = (known after apply)
          + http_put_response_hop_limit = (known after apply)
          + http_tokens                 = (known after apply)
          + instance_metadata_tags      = (known after apply)
        }

      + network_interface {
          + delete_on_termination = (known after apply)
          + device_index          = (known after apply)
          + network_card_index    = (known after apply)
          + network_interface_id  = (known after apply)
        }

      + root_block_device {
          + delete_on_termination = (known after apply)
          + device_name           = (known after apply)
          + encrypted             = (known after apply)
          + iops                  = (known after apply)
          + kms_key_id            = (known after apply)
          + tags                  = (known after apply)
          + throughput            = (known after apply)
          + volume_id             = (known after apply)
          + volume_size           = (known after apply)
          + volume_type           = (known after apply)
        }
    }

Plan: 1 to add, 0 to change, 0 to destroy.

Changes to Outputs:
  + minikube_ip = (known after apply)

Do you want to perform these actions?
  Terraform will perform the actions described above.
  Only 'yes' will be accepted to approve.

  Enter a value: 
aws_instance.minikube: Creating...
aws_instance.minikube: Still creating... [10s elapsed]
aws_instance.minikube: Still creating... [20s elapsed]
aws_instance.minikube: Still creating... [30s elapsed]
aws_instance.minikube: Provisioning with 'remote-exec'...
aws_instance.minikube (remote-exec): Connecting to remote host via SSH...
aws_instance.minikube (remote-exec):   Host: 3.83.232.114
aws_instance.minikube (remote-exec):   User: ubuntu
aws_instance.minikube (remote-exec):   Password: false
aws_instance.minikube (remote-exec):   Private key: true
aws_instance.minikube (remote-exec):   Certificate: false
aws_instance.minikube (remote-exec):   SSH Agent: true
aws_instance.minikube (remote-exec):   Checking Host Key: false
aws_instance.minikube (remote-exec):   Target Platform: unix
aws_instance.minikube: Still creating... [40s elapsed]
aws_instance.minikube (remote-exec): Connecting to remote host via SSH...
aws_instance.minikube (remote-exec):   Host: 3.83.232.114
aws_instance.minikube (remote-exec):   User: ubuntu
aws_instance.minikube (remote-exec):   Password: false
aws_instance.minikube (remote-exec):   Private key: true
aws_instance.minikube (remote-exec):   Certificate: false
aws_instance.minikube (remote-exec):   SSH Agent: true
aws_instance.minikube (remote-exec):   Checking Host Key: false
aws_instance.minikube (remote-exec):   Target Platform: unix
aws_instance.minikube: Still creating... [50s elapsed]
aws_instance.minikube (remote-exec): Connected!
aws_instance.minikube (remote-exec):   % Total    % Received % Xferd  Average Speed   Time    Time     Time  Current
aws_instance.minikube (remote-exec):                                  Dload  Upload   Total   Spent    Left  Speed
aws_instance.minikube (remote-exec):   0     0    0     0    0     0      0      0 --:--:-- --:--:-- --:--:--     0
aws_instance.minikube (remote-exec): 100  1276  100  1276    0     0   7931      0 --:--:-- --:--:-- --:--:--  7975
aws_instance.minikube (remote-exec): [33m
aws_instance.minikube (remote-exec): 0% [Working][0m
aws_instance.minikube (remote-exec): Hit:1 http://us-east-1.ec2.archive.ubuntu.com/ubuntu jammy InRelease
aws_instance.minikube (remote-exec): [33m
aws_instance.minikube (remote-exec): 0% [Connecting to security.ubuntu.com][0m
aws_instance.minikube (remote-exec): Get:2 http://us-east-1.ec2.archive.ubuntu.com/ubuntu jammy-updates InRelease [109 kB]
aws_instance.minikube (remote-exec): Get:3 http://us-east-1.ec2.archive.ubuntu.com/ubuntu jammy-backports InRelease [99.8 kB]
aws_instance.minikube (remote-exec): [33m
aws_instance.minikube (remote-exec): 0% [Connecting to security.ubuntu.com ([0m
aws_instance.minikube (remote-exec): Get:4 http://security.ubuntu.com/ubuntu jammy-security InRelease [110 kB]
aws_instance.minikube (remote-exec): [33m
aws_instance.minikube (remote-exec): 0% [4 InRelease 14.2 kB/110 kB 13%][0m[33m
aws_instance.minikube (remote-exec): 0% [Working][0m[33m
aws_instance.minikube (remote-exec): 0% [Working][0m
aws_instance.minikube (remote-exec): Get:5 http://us-east-1.ec2.archive.ubuntu.com/ubuntu jammy/universe amd64 Packages [14.1 MB]
aws_instance.minikube (remote-exec): [33m
aws_instance.minikube (remote-exec): 0% [5 Packages 26.6 kB/14.1 MB 0%][0m
aws_instance.minikube (remote-exec): [33m
aws_instance.minikube (remote-exec): 0% [5 Packages 14.1 MB/14.1 MB 100%][0m[33m
aws_instance.minikube (remote-exec): 0% [Working][0m[33m
aws_instance.minikube (remote-exec): 0% [5 Packages store 0 B] [Waiting for [0m
aws_instance.minikube (remote-exec): Get:6 http://us-east-1.ec2.archive.ubuntu.com/ubuntu jammy/universe Translation-en [5652 kB]
aws_instance.minikube (remote-exec): [33m
aws_instance.minikube (remote-exec): 0% [5 Packages store 0 B] [6 Translatio[0m
aws_instance.minikube (remote-exec): [33m
aws_instance.minikube (remote-exec): 0% [5 Packages store 0 B] [6 Translatio[0m
aws_instance.minikube (remote-exec): Get:7 http://us-east-1.ec2.archive.ubuntu.com/ubuntu jammy/universe amd64 c-n-f Metadata [286 kB]
aws_instance.minikube (remote-exec): [33m
aws_instance.minikube (remote-exec): 0% [5 Packages store 0 B] [7 Commands-a[0m[33m
aws_instance.minikube (remote-exec): 0% [5 Packages store 0 B][0m
aws_instance.minikube (remote-exec): Get:8 http://us-east-1.ec2.archive.ubuntu.com/ubuntu jammy/multiverse amd64 Packages [217 kB]
aws_instance.minikube (remote-exec): [33m
aws_instance.minikube (remote-exec): 0% [5 Packages store 0 B] [8 Packages 0[0m[33m
aws_instance.minikube (remote-exec): 0% [5 Packages store 0 B][0m
aws_instance.minikube (remote-exec): Get:9 http://us-east-1.ec2.archive.ubuntu.com/ubuntu jammy/multiverse Translation-en [112 kB]
aws_instance.minikube (remote-exec): [33m
aws_instance.minikube (remote-exec): 0% [5 Packages store 0 B] [9 Translatio[0m[33m
aws_instance.minikube (remote-exec): 0% [5 Packages store 0 B][0m
aws_instance.minikube (remote-exec): Get:10 http://us-east-1.ec2.archive.ubuntu.com/ubuntu jammy/multiverse amd64 c-n-f Metadata [8372 B]
aws_instance.minikube (remote-exec): [33m
aws_instance.minikube (remote-exec): 0% [5 Packages store 0 B] [10 Commands-[0m[33m
aws_instance.minikube (remote-exec): 0% [5 Packages store 0 B][0m
aws_instance.minikube (remote-exec): Get:11 http://us-east-1.ec2.archive.ubuntu.com/ubuntu jammy-updates/main amd64 Packages [302 kB]
aws_instance.minikube (remote-exec): [33m
aws_instance.minikube (remote-exec): 0% [5 Packages store 0 B] [11 Packages [0m[33m
aws_instance.minikube (remote-exec): 0% [5 Packages store 0 B][0m
aws_instance.minikube (remote-exec): Get:12 http://us-east-1.ec2.archive.ubuntu.com/ubuntu jammy-updates/main Translation-en [72.4 kB]
aws_instance.minikube (remote-exec): [33m
aws_instance.minikube (remote-exec): 0% [5 Packages store 0 B] [12 Translati[0m[33m
aws_instance.minikube (remote-exec): 0% [5 Packages store 0 B][0m
aws_instance.minikube (remote-exec): Get:13 http://us-east-1.ec2.archive.ubuntu.com/ubuntu jammy-updates/main amd64 c-n-f Metadata [4952 B]
aws_instance.minikube (remote-exec): [33m
aws_instance.minikube (remote-exec): 0% [5 Packages store 0 B] [13 Commands-[0m[33m
aws_instance.minikube (remote-exec): 0% [5 Packages store 0 B][0m
aws_instance.minikube (remote-exec): Get:14 http://us-east-1.ec2.archive.ubuntu.com/ubuntu jammy-updates/restricted amd64 Packages [184 kB]
aws_instance.minikube (remote-exec): [33m
aws_instance.minikube (remote-exec): 0% [5 Packages store 0 B] [14 Packages [0m[33m
aws_instance.minikube (remote-exec): 0% [5 Packages store 0 B][0m
aws_instance.minikube (remote-exec): Get:15 http://us-east-1.ec2.archive.ubuntu.com/ubuntu jammy-updates/restricted Translation-en [27.9 kB]
aws_instance.minikube (remote-exec): [33m
aws_instance.minikube (remote-exec): 0% [5 Packages store 0 B] [15 Translati[0m[33m
aws_instance.minikube (remote-exec): 0% [5 Packages store 0 B][0m
aws_instance.minikube (remote-exec): Get:16 http://us-east-1.ec2.archive.ubuntu.com/ubuntu jammy-updates/universe amd64 Packages [124 kB]
aws_instance.minikube (remote-exec): [33m
aws_instance.minikube (remote-exec): 0% [5 Packages store 0 B] [16 Packages [0m[33m
aws_instance.minikube (remote-exec): 0% [5 Packages store 0 B][0m
aws_instance.minikube (remote-exec): Get:17 http://us-east-1.ec2.archive.ubuntu.com/ubuntu jammy-updates/universe Translation-en [43.7 kB]
aws_instance.minikube (remote-exec): [33m
aws_instance.minikube (remote-exec): 0% [5 Packages store 0 B] [17 Translati[0m[33m
aws_instance.minikube (remote-exec): 0% [5 Packages store 0 B][0m
aws_instance.minikube (remote-exec): Get:18 http://us-east-1.ec2.archive.ubuntu.com/ubuntu jammy-updates/universe amd64 c-n-f Metadata [2532 B]
aws_instance.minikube (remote-exec): [33m
aws_instance.minikube (remote-exec): 0% [5 Packages store 0 B] [18 Commands-[0m[33m
aws_instance.minikube (remote-exec): 0% [5 Packages store 0 B][0m
aws_instance.minikube (remote-exec): Get:19 http://us-east-1.ec2.archive.ubuntu.com/ubuntu jammy-updates/multiverse amd64 Packages [4192 B]
aws_instance.minikube (remote-exec): [33m
aws_instance.minikube (remote-exec): 0% [5 Packages store 0 B] [19 Packages [0m[33m
aws_instance.minikube (remote-exec): 0% [5 Packages store 0 B][0m
aws_instance.minikube (remote-exec): Get:20 http://us-east-1.ec2.archive.ubuntu.com/ubuntu jammy-updates/multiverse Translation-en [1016 B]
aws_instance.minikube (remote-exec): [33m
aws_instance.minikube (remote-exec): 0% [5 Packages store 0 B] [20 Translati[0m[33m
aws_instance.minikube (remote-exec): 0% [5 Packages store 0 B][0m
aws_instance.minikube (remote-exec): Get:21 http://us-east-1.ec2.archive.ubuntu.com/ubuntu jammy-updates/multiverse amd64 c-n-f Metadata [232 B]
aws_instance.minikube (remote-exec): [33m
aws_instance.minikube (remote-exec): 0% [5 Packages store 0 B] [21 Commands-[0m[33m
aws_instance.minikube (remote-exec): 0% [5 Packages store 0 B][0m
aws_instance.minikube (remote-exec): Get:22 http://us-east-1.ec2.archive.ubuntu.com/ubuntu jammy-backports/main amd64 c-n-f Metadata [112 B]
aws_instance.minikube (remote-exec): [33m
aws_instance.minikube (remote-exec): 0% [5 Packages store 0 B] [22 Commands-[0m[33m
aws_instance.minikube (remote-exec): 0% [5 Packages store 0 B][0m
aws_instance.minikube (remote-exec): Get:23 http://us-east-1.ec2.archive.ubuntu.com/ubuntu jammy-backports/restricted amd64 c-n-f Metadata [116 B]
aws_instance.minikube (remote-exec): [33m
aws_instance.minikube (remote-exec): 0% [5 Packages store 0 B] [23 Commands-[0m[33m
aws_instance.minikube (remote-exec): 0% [5 Packages store 0 B][0m
aws_instance.minikube (remote-exec): Get:24 http://us-east-1.ec2.archive.ubuntu.com/ubuntu jammy-backports/universe amd64 Packages [2036 B]
aws_instance.minikube (remote-exec): [33m
aws_instance.minikube (remote-exec): 0% [5 Packages store 0 B] [24 Packages [0m[33m
aws_instance.minikube (remote-exec): 0% [5 Packages store 0 B][0m
aws_instance.minikube (remote-exec): Get:25 http://us-east-1.ec2.archive.ubuntu.com/ubuntu jammy-backports/universe Translation-en [7012 B]
aws_instance.minikube (remote-exec): [33m
aws_instance.minikube (remote-exec): 0% [5 Packages store 0 B] [25 Translati[0m[33m
aws_instance.minikube (remote-exec): 0% [5 Packages store 0 B][0m
aws_instance.minikube (remote-exec): Get:26 http://us-east-1.ec2.archive.ubuntu.com/ubuntu jammy-backports/universe amd64 c-n-f Metadata [216 B]
aws_instance.minikube (remote-exec): [33m
aws_instance.minikube (remote-exec): 0% [5 Packages store 0 B] [26 Commands-[0m[33m
aws_instance.minikube (remote-exec): 0% [5 Packages store 0 B][0m
aws_instance.minikube (remote-exec): Get:27 http://us-east-1.ec2.archive.ubuntu.com/ubuntu jammy-backports/multiverse amd64 c-n-f Metadata [116 B]
aws_instance.minikube (remote-exec): [33m
aws_instance.minikube (remote-exec): 0% [5 Packages store 0 B] [27 Commands-[0m[33m
aws_instance.minikube (remote-exec): 0% [5 Packages store 0 B][0m
aws_instance.minikube (remote-exec): [33m
aws_instance.minikube (remote-exec): 90% [5 Packages store 0 B][0m
aws_instance.minikube (remote-exec): Get:28 http://security.ubuntu.com/ubuntu jammy-security/main amd64 Packages [184 kB]
aws_instance.minikube (remote-exec): [33m
aws_instance.minikube (remote-exec): 90% [5 Packages store 0 B] [28 Packages[0m[33m
aws_instance.minikube (remote-exec): 91% [5 Packages store 0 B][0m
aws_instance.minikube (remote-exec): Get:29 http://security.ubuntu.com/ubuntu jammy-security/main Translation-en [43.3 kB]
aws_instance.minikube (remote-exec): [33m
aws_instance.minikube (remote-exec): 91% [5 Packages store 0 B] [29 Translat[0m
aws_instance.minikube (remote-exec): Get:30 http://security.ubuntu.com/ubuntu jammy-security/main amd64 c-n-f Metadata [2700 B]
aws_instance.minikube (remote-exec): Get:31 http://security.ubuntu.com/ubuntu jammy-security/restricted amd64 Packages [167 kB]
aws_instance.minikube (remote-exec): Get:32 http://security.ubuntu.com/ubuntu jammy-security/restricted Translation-en [25.3 kB]
aws_instance.minikube (remote-exec): Get:33 http://security.ubuntu.com/ubuntu jammy-security/universe amd64 Packages [74.1 kB]
aws_instance.minikube (remote-exec): Get:34 http://security.ubuntu.com/ubuntu jammy-security/universe Translation-en [25.6 kB]
aws_instance.minikube (remote-exec): [33m
aws_instance.minikube (remote-exec): 92% [5 Packages store 0 B] [34 Translat[0m[33m
aws_instance.minikube (remote-exec): 92% [5 Packages store 0 B] [Waiting for[0m
aws_instance.minikube (remote-exec): Get:35 http://security.ubuntu.com/ubuntu jammy-security/universe amd64 c-n-f Metadata [1304 B]
aws_instance.minikube (remote-exec): Get:36 http://security.ubuntu.com/ubuntu jammy-security/multiverse amd64 Packages [4192 B]
aws_instance.minikube (remote-exec): Get:37 http://security.ubuntu.com/ubuntu jammy-security/multiverse Translation-en [900 B]
aws_instance.minikube (remote-exec): Get:38 http://security.ubuntu.com/ubuntu jammy-security/multiverse amd64 c-n-f Metadata [228 B]
aws_instance.minikube (remote-exec): [33m
aws_instance.minikube (remote-exec): 92% [5 Packages store 0 B][0m
aws_instance.minikube (remote-exec): [33m
aws_instance.minikube (remote-exec): 92% [5 Packages store 0 B][0m
aws_instance.minikube (remote-exec): [33m
aws_instance.minikube (remote-exec): 92% [5 Packages store 0 B][0m
aws_instance.minikube (remote-exec): [33m
aws_instance.minikube (remote-exec): 92% [Working][0m[33m
aws_instance.minikube (remote-exec): 92% [6 Translation-en store 0 B][0m
aws_instance.minikube (remote-exec): [33m
aws_instance.minikube (remote-exec): 92% [6 Translation-en store 0 B][0m
aws_instance.minikube (remote-exec): [33m
aws_instance.minikube (remote-exec): 92% [Working][0m[33m
aws_instance.minikube (remote-exec): 92% [7 Commands-amd64 store 0 B][0m[33m
aws_instance.minikube (remote-exec): 93% [Working][0m[33m
aws_instance.minikube (remote-exec): 93% [8 Packages store 0 B][0m[33m
aws_instance.minikube (remote-exec): 93% [Working][0m[33m
aws_instance.minikube (remote-exec): 93% [9 Translation-en store 0 B][0m[33m
aws_instance.minikube (remote-exec): 93% [Working][0m[33m
aws_instance.minikube (remote-exec): 93% [10 Commands-amd64 store 0 B][0m[33m
aws_instance.minikube (remote-exec): 93% [Working][0m[33m
aws_instance.minikube (remote-exec): 93% [11 Packages store 0 B][0m[33m
aws_instance.minikube (remote-exec): 94% [Working][0m[33m
aws_instance.minikube (remote-exec): 94% [12 Translation-en store 0 B][0m[33m
aws_instance.minikube (remote-exec): 94% [Working][0m[33m
aws_instance.minikube (remote-exec): 94% [13 Commands-amd64 store 0 B][0m[33m
aws_instance.minikube (remote-exec): 94% [Working][0m[33m
aws_instance.minikube (remote-exec): 94% [14 Packages store 0 B][0m[33m
aws_instance.minikube (remote-exec): 94% [Working][0m[33m
aws_instance.minikube (remote-exec): 94% [15 Translation-en store 0 B][0m[33m
aws_instance.minikube (remote-exec): 95% [Working][0m[33m
aws_instance.minikube (remote-exec): 95% [16 Packages store 0 B][0m[33m
aws_instance.minikube (remote-exec): 95% [Working][0m[33m
aws_instance.minikube (remote-exec): 95% [17 Translation-en store 0 B][0m[33m
aws_instance.minikube (remote-exec): 95% [Working][0m[33m
aws_instance.minikube (remote-exec): 95% [18 Commands-amd64 store 0 B][0m[33m
aws_instance.minikube (remote-exec): 95% [Working][0m[33m
aws_instance.minikube (remote-exec): 95% [19 Packages store 0 B][0m[33m
aws_instance.minikube (remote-exec): 95% [Working][0m[33m
aws_instance.minikube (remote-exec): 95% [20 Translation-en store 0 B][0m[33m
aws_instance.minikube (remote-exec): 96% [Working][0m[33m
aws_instance.minikube (remote-exec): 96% [21 Commands-amd64 store 0 B][0m[33m
aws_instance.minikube (remote-exec): 96% [Working][0m[33m
aws_instance.minikube (remote-exec): 96% [22 Commands-amd64 store 0 B][0m[33m
aws_instance.minikube (remote-exec): 96% [Working][0m[33m
aws_instance.minikube (remote-exec): 96% [23 Commands-amd64 store 0 B][0m[33m
aws_instance.minikube (remote-exec): 96% [Working][0m[33m
aws_instance.minikube (remote-exec): 96% [24 Packages store 0 B][0m[33m
aws_instance.minikube (remote-exec): 97% [Working][0m[33m
aws_instance.minikube (remote-exec): 97% [25 Translation-en store 0 B][0m[33m
aws_instance.minikube (remote-exec): 97% [Working][0m[33m
aws_instance.minikube (remote-exec): 97% [26 Commands-amd64 store 0 B][0m[33m
aws_instance.minikube (remote-exec): 97% [Working][0m[33m
aws_instance.minikube (remote-exec): 97% [27 Commands-amd64 store 0 B][0m[33m
aws_instance.minikube (remote-exec): 97% [Working][0m[33m
aws_instance.minikube (remote-exec): 97% [28 Packages store 0 B][0m[33m
aws_instance.minikube (remote-exec): 98% [Working][0m[33m
aws_instance.minikube (remote-exec): 98% [29 Translation-en store 0 B][0m[33m
aws_instance.minikube (remote-exec): 98% [Working][0m[33m
aws_instance.minikube (remote-exec): 98% [30 Commands-amd64 store 0 B][0m[33m
aws_instance.minikube (remote-exec): 98% [Working][0m[33m
aws_instance.minikube (remote-exec): 98% [31 Packages store 0 B][0m[33m
aws_instance.minikube (remote-exec): 98% [Working][0m[33m
aws_instance.minikube (remote-exec): 98% [32 Translation-en store 0 B][0m[33m
aws_instance.minikube (remote-exec): 99% [Working][0m[33m
aws_instance.minikube (remote-exec): 99% [33 Packages store 0 B][0m[33m
aws_instance.minikube (remote-exec): 99% [Working][0m[33m
aws_instance.minikube (remote-exec): 99% [34 Translation-en store 0 B][0m[33m
aws_instance.minikube (remote-exec): 99% [Working][0m[33m
aws_instance.minikube (remote-exec): 99% [35 Commands-amd64 store 0 B][0m[33m
aws_instance.minikube (remote-exec): 99% [Working][0m[33m
aws_instance.minikube (remote-exec): 99% [36 Packages store 0 B][0m[33m
aws_instance.minikube (remote-exec): 100% [Working][0m[33m
aws_instance.minikube (remote-exec): 100% [37 Translation-en store 0 B][0m[33m
aws_instance.minikube (remote-exec): 100% [Working][0m[33m
aws_instance.minikube (remote-exec): 100% [38 Commands-amd64 store 0 B][0m[33m
aws_instance.minikube (remote-exec): 100% [Working][0m
aws_instance.minikube (remote-exec): Fetched 22.0 MB in 3s (6375 kB/s)
aws_instance.minikube (remote-exec): Reading package lists... 0%
aws_instance.minikube (remote-exec): Reading package lists... 0%
aws_instance.minikube (remote-exec): Reading package lists... 0%
aws_instance.minikube (remote-exec): Reading package lists... 5%
aws_instance.minikube (remote-exec): Reading package lists... 5%
aws_instance.minikube (remote-exec): Reading package lists... 8%
aws_instance.minikube (remote-exec): Reading package lists... 8%
aws_instance.minikube (remote-exec): Reading package lists... 9%
aws_instance.minikube (remote-exec): Reading package lists... 9%
aws_instance.minikube (remote-exec): Reading package lists... 9%
aws_instance.minikube (remote-exec): Reading package lists... 9%
aws_instance.minikube: Still creating... [1m0s elapsed]
aws_instance.minikube (remote-exec): Reading package lists... 65%
aws_instance.minikube (remote-exec): Reading package lists... 65%
aws_instance.minikube (remote-exec): Reading package lists... 88%
aws_instance.minikube (remote-exec): Reading package lists... 90%
aws_instance.minikube (remote-exec): Reading package lists... 90%
aws_instance.minikube (remote-exec): Reading package lists... 91%
aws_instance.minikube (remote-exec): Reading package lists... 91%
aws_instance.minikube (remote-exec): Reading package lists... 92%
aws_instance.minikube (remote-exec): Reading package lists... 92%
aws_instance.minikube (remote-exec): Reading package lists... 93%
aws_instance.minikube (remote-exec): Reading package lists... 93%
aws_instance.minikube (remote-exec): Reading package lists... 94%
aws_instance.minikube (remote-exec): Reading package lists... 94%
aws_instance.minikube (remote-exec): Reading package lists... 95%
aws_instance.minikube (remote-exec): Reading package lists... 95%
aws_instance.minikube (remote-exec): Reading package lists... 95%
aws_instance.minikube (remote-exec): Reading package lists... 95%
aws_instance.minikube (remote-exec): Reading package lists... 96%
aws_instance.minikube (remote-exec): Reading package lists... 96%
aws_instance.minikube (remote-exec): Reading package lists... 96%
aws_instance.minikube (remote-exec): Reading package lists... 96%
aws_instance.minikube (remote-exec): Reading package lists... 96%
aws_instance.minikube (remote-exec): Reading package lists... 96%
aws_instance.minikube (remote-exec): Reading package lists... 96%
aws_instance.minikube (remote-exec): Reading package lists... 96%
aws_instance.minikube (remote-exec): Reading package lists... 96%
aws_instance.minikube (remote-exec): Reading package lists... 96%
aws_instance.minikube (remote-exec): Reading package lists... 96%
aws_instance.minikube (remote-exec): Reading package lists... 96%
aws_instance.minikube (remote-exec): Reading package lists... 97%
aws_instance.minikube (remote-exec): Reading package lists... 97%
aws_instance.minikube (remote-exec): Reading package lists... 97%
aws_instance.minikube (remote-exec): Reading package lists... 97%
aws_instance.minikube (remote-exec): Reading package lists... 98%
aws_instance.minikube (remote-exec): Reading package lists... 98%
aws_instance.minikube (remote-exec): Reading package lists... 98%
aws_instance.minikube (remote-exec): Reading package lists... 98%
aws_instance.minikube (remote-exec): Reading package lists... 99%
aws_instance.minikube (remote-exec): Reading package lists... 99%
aws_instance.minikube (remote-exec): Reading package lists... 99%
aws_instance.minikube (remote-exec): Reading package lists... 99%
aws_instance.minikube (remote-exec): Reading package lists... 99%
aws_instance.minikube (remote-exec): Reading package lists... 99%
aws_instance.minikube (remote-exec): Reading package lists... 99%
aws_instance.minikube (remote-exec): Reading package lists... 99%
aws_instance.minikube (remote-exec): Reading package lists... Done
aws_instance.minikube (remote-exec): Building dependency tree... 0%
aws_instance.minikube (remote-exec): Building dependency tree... 0%
aws_instance.minikube (remote-exec): Building dependency tree... 0%
aws_instance.minikube (remote-exec): Building dependency tree... 50%
aws_instance.minikube (remote-exec): Building dependency tree... 50%
aws_instance.minikube (remote-exec): Building dependency tree... Done
aws_instance.minikube (remote-exec): Reading state information... 0%
aws_instance.minikube (remote-exec): Reading state information... 0%
aws_instance.minikube (remote-exec): Reading state information... Done
aws_instance.minikube (remote-exec): 6 packages can be upgraded. Run 'apt list --upgradable' to see them.
aws_instance.minikube (remote-exec): Reading package lists... 0%
aws_instance.minikube (remote-exec): Reading package lists... 100%
aws_instance.minikube (remote-exec): Reading package lists... Done
aws_instance.minikube (remote-exec): Building dependency tree... 0%
aws_instance.minikube (remote-exec): Building dependency tree... 0%
aws_instance.minikube (remote-exec): Building dependency tree... 50%
aws_instance.minikube (remote-exec): Building dependency tree... 50%
aws_instance.minikube (remote-exec): Building dependency tree... Done
aws_instance.minikube (remote-exec): Reading state information... 0%
aws_instance.minikube (remote-exec): Reading state information... 0%
aws_instance.minikube (remote-exec): Reading state information... Done
aws_instance.minikube (remote-exec): python3 is already the newest version (3.10.4-0ubuntu2).
aws_instance.minikube (remote-exec): python3 set to manually installed.
aws_instance.minikube (remote-exec): tar is already the newest version (1.34+dfsg-1build3).
aws_instance.minikube (remote-exec): tar set to manually installed.
aws_instance.minikube (remote-exec): vim is already the newest version (2:8.2.3995-1ubuntu2).
aws_instance.minikube (remote-exec): vim set to manually installed.
aws_instance.minikube (remote-exec): wget is already the newest version (1.21.2-2ubuntu1).
aws_instance.minikube (remote-exec): wget set to manually installed.
aws_instance.minikube (remote-exec): git is already the newest version (1:2.34.1-1ubuntu1.2).
aws_instance.minikube (remote-exec): git set to manually installed.
aws_instance.minikube (remote-exec): The following additional packages will be installed:
aws_instance.minikube (remote-exec):   build-essential bzip2 cpp cpp-11
aws_instance.minikube (remote-exec):   docutils-common dpkg-dev elinks-data
aws_instance.minikube (remote-exec):   fakeroot fontconfig
aws_instance.minikube (remote-exec):   fontconfig-config fonts-dejavu-core
aws_instance.minikube (remote-exec):   fonts-droid-fallback fonts-noto-mono
aws_instance.minikube (remote-exec):   fonts-urw-base35 g++ g++-11 gcc
aws_instance.minikube (remote-exec):   gcc-11 gcc-11-base ghostscript groff
aws_instance.minikube (remote-exec):   gsfonts hicolor-icon-theme
aws_instance.minikube (remote-exec):   imagemagick imagemagick-6-common
aws_instance.minikube (remote-exec):   imagemagick-6.q16 javascript-common
aws_instance.minikube (remote-exec):   libalgorithm-diff-perl
aws_instance.minikube (remote-exec):   libalgorithm-diff-xs-perl
aws_instance.minikube (remote-exec):   libalgorithm-merge-perl libaom3
aws_instance.minikube (remote-exec):   libasan6 libatomic1 libavahi-client3
aws_instance.minikube (remote-exec):   libavahi-common-data
aws_instance.minikube (remote-exec):   libavahi-common3 libblas3
aws_instance.minikube (remote-exec):   libc-dev-bin libc-devtools libc6-dev
aws_instance.minikube (remote-exec):   libcairo2 libcc1-0 libcrypt-dev
aws_instance.minikube (remote-exec):   libcups2 libdatrie1 libdav1d5
aws_instance.minikube (remote-exec):   libde265-0 libdeflate0
aws_instance.minikube (remote-exec):   libdjvulibre-text libdjvulibre21
aws_instance.minikube (remote-exec):   libdpkg-perl libev4 libexpat1-dev
aws_instance.minikube (remote-exec):   libfakeroot libfftw3-double3
aws_instance.minikube (remote-exec):   libfile-fcntllock-perl
aws_instance.minikube (remote-exec):   libfontconfig1 libfsplib0
aws_instance.minikube (remote-exec):   libgcc-11-dev libgd3 libgomp1
aws_instance.minikube (remote-exec):   libgraphite2-3 libgs9 libgs9-common
aws_instance.minikube (remote-exec):   libharfbuzz0b libheif1 libice6
aws_instance.minikube (remote-exec):   libidn12 libijs-0.35 libilmbase25
aws_instance.minikube (remote-exec):   libimagequant0 libisl23 libitm1
aws_instance.minikube (remote-exec):   libjbig0 libjbig2dec0 libjpeg-turbo8
aws_instance.minikube (remote-exec):   libjpeg8 libjq1 libjs-jquery
aws_instance.minikube (remote-exec):   libjs-sphinxdoc libjs-underscore
aws_instance.minikube (remote-exec):   libjxr-tools libjxr0 liblcms2-2
aws_instance.minikube (remote-exec):   liblinear4 liblqr-1-0 liblsan0
aws_instance.minikube (remote-exec):   libltdl7 liblua5.1-0 liblua5.3-0
aws_instance.minikube (remote-exec):   libmagickcore-6.q16-6
aws_instance.minikube (remote-exec):   libmagickcore-6.q16-6-extra
aws_instance.minikube (remote-exec):   libmagickwand-6.q16-6 libmpc3
aws_instance.minikube (remote-exec):   libnetpbm10 libnsl-dev libonig5
aws_instance.minikube (remote-exec):   libopenexr25 libopenjp2-7
aws_instance.minikube (remote-exec):   libpango-1.0-0 libpangocairo-1.0-0
aws_instance.minikube (remote-exec):   libpangoft2-1.0-0 libpaper-utils
aws_instance.minikube (remote-exec):   libpaper1 libpixman-1-0 libpq5
aws_instance.minikube (remote-exec):   libpython3-dev libpython3.10-dev
aws_instance.minikube (remote-exec):   libquadmath0 libraqm0 libsm6
aws_instance.minikube (remote-exec):   libssl-dev libstdc++-11-dev
aws_instance.minikube (remote-exec):   libthai-data libthai0 libtiff5
aws_instance.minikube (remote-exec):   libtirpc-dev libtre5 libtsan0
aws_instance.minikube (remote-exec):   libubsan1 liburing2 libwebp7
aws_instance.minikube (remote-exec):   libwebpdemux2 libwebpmux3
aws_instance.minikube (remote-exec):   libwmflite-0.2-7 libx265-199 libxaw7
aws_instance.minikube (remote-exec):   libxcb-render0 libxcb-shm0 libxmu6
aws_instance.minikube (remote-exec):   libxpm4 libxrender1 libxt6
aws_instance.minikube (remote-exec):   linux-libc-dev lto-disabled-list
aws_instance.minikube (remote-exec):   lua-lpeg mailcap make manpages-dev
aws_instance.minikube (remote-exec):   mime-support netpbm nmap-common
aws_instance.minikube (remote-exec):   plocate poppler-data psutils
aws_instance.minikube (remote-exec):   python3-botocore python3-dateutil
aws_instance.minikube (remote-exec):   python3-dev python3-docutils
aws_instance.minikube (remote-exec):   python3-jmespath python3-olefile
aws_instance.minikube (remote-exec):   python3-pil python3-pygments
aws_instance.minikube (remote-exec):   python3-roman python3-rsa
aws_instance.minikube (remote-exec):   python3-s3transfer python3-wheel
aws_instance.minikube (remote-exec):   python3.10-dev rpcsvc-proto
aws_instance.minikube (remote-exec):   sgml-base x11-common xml-core
aws_instance.minikube (remote-exec):   zlib1g-dev
aws_instance.minikube (remote-exec): Suggested packages:
aws_instance.minikube (remote-exec):   bzip2-doc cpp-doc gcc-11-locales
aws_instance.minikube (remote-exec):   debian-keyring elinks-doc fonts-noto
aws_instance.minikube (remote-exec):   fonts-freefont-otf
aws_instance.minikube (remote-exec):   | fonts-freefont-ttf fonts-texgyre
aws_instance.minikube (remote-exec):   g++-multilib g++-11-multilib
aws_instance.minikube (remote-exec):   gcc-11-doc gcc-multilib autoconf
aws_instance.minikube (remote-exec):   automake libtool flex bison gdb
aws_instance.minikube (remote-exec):   gcc-doc gcc-11-multilib
aws_instance.minikube (remote-exec):   ghostscript-x imagemagick-doc
aws_instance.minikube (remote-exec):   autotrace cups-bsd | lpr | lprng
aws_instance.minikube (remote-exec):   enscript ffmpeg gimp gnuplot grads
aws_instance.minikube (remote-exec):   graphviz hp2xx html2ps libwmf-bin
aws_instance.minikube (remote-exec):   mplayer povray radiance sane-utils
aws_instance.minikube (remote-exec):   texlive-base-bin transfig
aws_instance.minikube (remote-exec):   ufraw-batch xdg-utils apache2
aws_instance.minikube (remote-exec):   | lighttpd | httpd glibc-doc
aws_instance.minikube (remote-exec):   cups-common bzr libfftw3-bin
aws_instance.minikube (remote-exec):   libfftw3-dev libgd-tools
aws_instance.minikube (remote-exec):   liblcms2-utils liblinear-tools
aws_instance.minikube (remote-exec):   liblinear-dev inkscape
aws_instance.minikube (remote-exec):   postgresql-doc-14 libssl-doc
aws_instance.minikube (remote-exec):   libstdc++-11-doc tre-agrep make-doc
aws_instance.minikube (remote-exec):   ncat ndiff zenmap poppler-utils
aws_instance.minikube (remote-exec):   fonts-japanese-mincho
aws_instance.minikube (remote-exec):   | fonts-ipafont-mincho
aws_instance.minikube (remote-exec):   fonts-japanese-gothic
aws_instance.minikube (remote-exec):   | fonts-ipafont-gothic
aws_instance.minikube (remote-exec):   fonts-arphic-ukai fonts-arphic-uming
aws_instance.minikube (remote-exec):   fonts-nanum docutils-doc
aws_instance.minikube (remote-exec):   fonts-linuxlibertine
aws_instance.minikube (remote-exec):   | ttf-linux-libertine
aws_instance.minikube (remote-exec):   texlive-lang-french
aws_instance.minikube (remote-exec):   texlive-latex-base
aws_instance.minikube (remote-exec):   texlive-latex-recommended
aws_instance.minikube (remote-exec):   python-pil-doc python-pygments-doc
aws_instance.minikube (remote-exec):   ttf-bitstream-vera sgml-base-doc
aws_instance.minikube (remote-exec):   debhelper
aws_instance.minikube (remote-exec): The following packages will be REMOVED:
aws_instance.minikube (remote-exec):   iputils-ping ubuntu-minimal
aws_instance.minikube (remote-exec): The following NEW packages will be installed:
aws_instance.minikube (remote-exec):   awscli build-essential bzip2
aws_instance.minikube (remote-exec):   conntrack cpp cpp-11 docutils-common
aws_instance.minikube (remote-exec):   dpkg-dev elinks elinks-data fakeroot
aws_instance.minikube (remote-exec):   fontconfig fontconfig-config
aws_instance.minikube (remote-exec):   fonts-dejavu-core
aws_instance.minikube (remote-exec):   fonts-droid-fallback fonts-noto-mono
aws_instance.minikube (remote-exec):   fonts-urw-base35 g++ g++-11 gcc
aws_instance.minikube (remote-exec):   gcc-11 gcc-11-base ghostscript groff
aws_instance.minikube (remote-exec):   gsfonts hicolor-icon-theme
aws_instance.minikube (remote-exec):   imagemagick imagemagick-6-common
aws_instance.minikube (remote-exec):   imagemagick-6.q16 inetutils-ping
aws_instance.minikube (remote-exec):   inetutils-traceroute
aws_instance.minikube (remote-exec):   javascript-common jq
aws_instance.minikube (remote-exec):   libalgorithm-diff-perl
aws_instance.minikube (remote-exec):   libalgorithm-diff-xs-perl
aws_instance.minikube (remote-exec):   libalgorithm-merge-perl libaom3
aws_instance.minikube (remote-exec):   libasan6 libatomic1 libavahi-client3
aws_instance.minikube (remote-exec):   libavahi-common-data
aws_instance.minikube (remote-exec):   libavahi-common3 libblas3
aws_instance.minikube (remote-exec):   libc-dev-bin libc-devtools libc6-dev
aws_instance.minikube (remote-exec):   libcairo2 libcc1-0 libcrypt-dev
aws_instance.minikube (remote-exec):   libcups2 libdatrie1 libdav1d5
aws_instance.minikube (remote-exec):   libde265-0 libdeflate0
aws_instance.minikube (remote-exec):   libdjvulibre-text libdjvulibre21
aws_instance.minikube (remote-exec):   libdpkg-perl libev4 libexpat1-dev
aws_instance.minikube (remote-exec):   libfakeroot libfftw3-double3
aws_instance.minikube (remote-exec):   libfile-fcntllock-perl
aws_instance.minikube (remote-exec):   libfontconfig1 libfsplib0
aws_instance.minikube (remote-exec):   libgcc-11-dev libgd3 libgomp1
aws_instance.minikube (remote-exec):   libgraphite2-3 libgs9 libgs9-common
aws_instance.minikube (remote-exec):   libharfbuzz0b libheif1 libice6
aws_instance.minikube (remote-exec):   libidn12 libijs-0.35 libilmbase25
aws_instance.minikube (remote-exec):   libimagequant0 libisl23 libitm1
aws_instance.minikube (remote-exec):   libjbig0 libjbig2dec0 libjpeg-turbo8
aws_instance.minikube (remote-exec):   libjpeg8 libjq1 libjs-jquery
aws_instance.minikube (remote-exec):   libjs-sphinxdoc libjs-underscore
aws_instance.minikube (remote-exec):   libjxr-tools libjxr0 liblcms2-2
aws_instance.minikube (remote-exec):   liblinear4 liblqr-1-0 liblsan0
aws_instance.minikube (remote-exec):   libltdl7 liblua5.1-0 liblua5.3-0
aws_instance.minikube (remote-exec):   libmagickcore-6.q16-6
aws_instance.minikube (remote-exec):   libmagickcore-6.q16-6-extra
aws_instance.minikube (remote-exec):   libmagickwand-6.q16-6 libmpc3
aws_instance.minikube (remote-exec):   libnetpbm10 libnsl-dev libonig5
aws_instance.minikube (remote-exec):   libopenexr25 libopenjp2-7
aws_instance.minikube (remote-exec):   libpango-1.0-0 libpangocairo-1.0-0
aws_instance.minikube (remote-exec):   libpangoft2-1.0-0 libpaper-utils
aws_instance.minikube (remote-exec):   libpaper1 libpixman-1-0 libpq-dev
aws_instance.minikube (remote-exec):   libpq5 libpython3-dev
aws_instance.minikube (remote-exec):   libpython3.10-dev libquadmath0
aws_instance.minikube (remote-exec):   libraqm0 libsm6 libssl-dev
aws_instance.minikube (remote-exec):   libstdc++-11-dev libthai-data
aws_instance.minikube (remote-exec):   libthai0 libtiff5 libtirpc-dev
aws_instance.minikube (remote-exec):   libtre5 libtsan0 libubsan1 liburing2
aws_instance.minikube (remote-exec):   libwebp7 libwebpdemux2 libwebpmux3
aws_instance.minikube (remote-exec):   libwmflite-0.2-7 libx265-199 libxaw7
aws_instance.minikube (remote-exec):   libxcb-render0 libxcb-shm0 libxmu6
aws_instance.minikube (remote-exec):   libxpm4 libxrender1 libxt6
aws_instance.minikube (remote-exec):   linux-libc-dev lto-disabled-list
aws_instance.minikube (remote-exec):   lua-lpeg mailcap make manpages-dev
aws_instance.minikube (remote-exec):   mime-support mlocate netpbm nmap
aws_instance.minikube (remote-exec):   nmap-common plocate poppler-data
aws_instance.minikube (remote-exec):   psutils python3-botocore
aws_instance.minikube (remote-exec):   python3-dateutil python3-dev
aws_instance.minikube (remote-exec):   python3-docutils python3-jmespath
aws_instance.minikube (remote-exec):   python3-olefile python3-pil
aws_instance.minikube (remote-exec):   python3-pip python3-pygments
aws_instance.minikube (remote-exec):   python3-roman python3-rsa
aws_instance.minikube (remote-exec):   python3-s3transfer python3-wheel
aws_instance.minikube (remote-exec):   python3.10-dev rpcsvc-proto
aws_instance.minikube (remote-exec):   sgml-base traceroute tree unzip
aws_instance.minikube (remote-exec):   x11-common xclip xml-core zip
aws_instance.minikube (remote-exec):   zlib1g-dev
aws_instance.minikube (remote-exec): 0 upgraded, 178 newly installed, 2 to remove and 6 not upgraded.
aws_instance.minikube (remote-exec): Need to get 127 MB of archives.
aws_instance.minikube (remote-exec): After this operation, 509 MB of additional disk space will be used.
aws_instance.minikube (remote-exec): [33m
aws_instance.minikube (remote-exec): 0% [Working][0m
aws_instance.minikube (remote-exec): Get:1 http://us-east-1.ec2.archive.ubuntu.com/ubuntu jammy/main amd64 fonts-droid-fallback all 1:6.0.1r16-1.1build1 [1805 kB]
aws_instance.minikube (remote-exec): [33m
aws_instance.minikube (remote-exec): 0% [1 fonts-droid-fallback 0 B/1805 kB [0m[33m
aws_instance.minikube (remote-exec): 1% [Working][0m
aws_instance.minikube (remote-exec): Get:2 http://us-east-1.ec2.archive.ubuntu.com/ubuntu jammy/main amd64 libgomp1 amd64 12-20220319-1ubuntu1 [126 kB]
aws_instance.minikube (remote-exec): [33m
aws_instance.minikube (remote-exec): 1% [2 libgomp1 0 B/126 kB 0%][0m[33m
aws_instance.minikube (remote-exec): 1% [Working][0m
aws_instance.minikube (remote-exec): Get:3 http://us-east-1.ec2.archive.ubuntu.com/ubuntu jammy/main amd64 libfftw3-double3 amd64 3.3.8-2ubuntu8 [770 kB]
aws_instance.minikube (remote-exec): [33m
aws_instance.minikube (remote-exec): 1% [3 libfftw3-double3 0 B/770 kB 0%][0m[33m
aws_instance.minikube (remote-exec): 2% [Working][0m
aws_instance.minikube (remote-exec): Get:4 http://us-east-1.ec2.archive.ubuntu.com/ubuntu jammy/main amd64 fonts-dejavu-core all 2.37-2build1 [1041 kB]
aws_instance.minikube (remote-exec): [33m
aws_instance.minikube (remote-exec): 2% [4 fonts-dejavu-core 0 B/1041 kB 0%][0m[33m
aws_instance.minikube (remote-exec): 3% [Working][0m
aws_instance.minikube (remote-exec): Get:5 http://us-east-1.ec2.archive.ubuntu.com/ubuntu jammy/main amd64 fonts-urw-base35 all 20200910-1 [6367 kB]
aws_instance.minikube (remote-exec): [33m
aws_instance.minikube (remote-exec): 3% [5 fonts-urw-base35 0 B/6367 kB 0%][0m[33m
aws_instance.minikube (remote-exec): 7% [Working][0m
aws_instance.minikube (remote-exec): Get:6 http://us-east-1.ec2.archive.ubuntu.com/ubuntu jammy/main amd64 fontconfig-config all 2.13.1-4.2ubuntu5 [29.1 kB]
aws_instance.minikube (remote-exec): [33m
aws_instance.minikube (remote-exec): 7% [6 fontconfig-config 0 B/29.1 kB 0%][0m[33m
aws_instance.minikube (remote-exec): 7% [Working][0m
aws_instance.minikube (remote-exec): Get:7 http://us-east-1.ec2.archive.ubuntu.com/ubuntu jammy/main amd64 libfontconfig1 amd64 2.13.1-4.2ubuntu5 [131 kB]
aws_instance.minikube (remote-exec): [33m
aws_instance.minikube (remote-exec): 7% [7 libfontconfig1 0 B/131 kB 0%][0m[33m
aws_instance.minikube (remote-exec): 7% [Working][0m
aws_instance.minikube (remote-exec): Get:8 http://us-east-1.ec2.archive.ubuntu.com/ubuntu jammy/universe amd64 libaom3 amd64 3.3.0-1 [1748 kB]
aws_instance.minikube (remote-exec): [33m
aws_instance.minikube (remote-exec): 7% [8 libaom3 0 B/1748 kB 0%][0m[33m
aws_instance.minikube (remote-exec): 8% [Working][0m
aws_instance.minikube (remote-exec): Get:9 http://us-east-1.ec2.archive.ubuntu.com/ubuntu jammy/universe amd64 libdav1d5 amd64 0.9.2-1 [463 kB]
aws_instance.minikube (remote-exec): [33m
aws_instance.minikube (remote-exec): 8% [9 libdav1d5 0 B/463 kB 0%][0m[33m
aws_instance.minikube (remote-exec): 9% [Working][0m
aws_instance.minikube (remote-exec): Get:10 http://us-east-1.ec2.archive.ubuntu.com/ubuntu jammy/universe amd64 libde265-0 amd64 1.0.8-1 [243 kB]
aws_instance.minikube (remote-exec): [33m
aws_instance.minikube (remote-exec): 9% [10 libde265-0 0 B/243 kB 0%][0m[33m
aws_instance.minikube (remote-exec): 9% [Working][0m
aws_instance.minikube (remote-exec): Get:11 http://us-east-1.ec2.archive.ubuntu.com/ubuntu jammy/universe amd64 libx265-199 amd64 3.5-2 [1170 kB]
aws_instance.minikube (remote-exec): [33m
aws_instance.minikube (remote-exec): 9% [11 libx265-199 0 B/1170 kB 0%][0m[33m
aws_instance.minikube (remote-exec): 10% [Working][0m
aws_instance.minikube (remote-exec): Get:12 http://us-east-1.ec2.archive.ubuntu.com/ubuntu jammy/universe amd64 libheif1 amd64 1.12.0-2build1 [196 kB]
aws_instance.minikube (remote-exec): [33m
aws_instance.minikube (remote-exec): 10% [12 libheif1 0 B/196 kB 0%][0m[33m
aws_instance.minikube (remote-exec): 10% [Working][0m
aws_instance.minikube (remote-exec): Get:13 http://us-east-1.ec2.archive.ubuntu.com/ubuntu jammy/main amd64 libjbig0 amd64 2.1-3.1build3 [28.9 kB]
aws_instance.minikube (remote-exec): [33m
aws_instance.minikube (remote-exec): 10% [13 libjbig0 0 B/28.9 kB 0%][0m[33m
aws_instance.minikube (remote-exec): 10% [Working][0m
aws_instance.minikube (remote-exec): Get:14 http://us-east-1.ec2.archive.ubuntu.com/ubuntu jammy/main amd64 libjpeg-turbo8 amd64 2.1.2-0ubuntu1 [134 kB]
aws_instance.minikube (remote-exec): [33m
aws_instance.minikube (remote-exec): 10% [14 libjpeg-turbo8 0 B/134 kB 0%][0m[33m
aws_instance.minikube (remote-exec): 11% [Working][0m
aws_instance.minikube (remote-exec): Get:15 http://us-east-1.ec2.archive.ubuntu.com/ubuntu jammy/main amd64 libjpeg8 amd64 8c-2ubuntu10 [2264 B]
aws_instance.minikube (remote-exec): [33m
aws_instance.minikube (remote-exec): 11% [15 libjpeg8 0 B/2264 B 0%][0m[33m
aws_instance.minikube (remote-exec): 11% [Working][0m
aws_instance.minikube (remote-exec): Get:16 http://us-east-1.ec2.archive.ubuntu.com/ubuntu jammy/main amd64 liblcms2-2 amd64 2.12~rc1-2build2 [159 kB]
aws_instance.minikube (remote-exec): [33m
aws_instance.minikube (remote-exec): 11% [16 liblcms2-2 0 B/159 kB 0%][0m[33m
aws_instance.minikube (remote-exec): 11% [Working][0m
aws_instance.minikube (remote-exec): Get:17 http://us-east-1.ec2.archive.ubuntu.com/ubuntu jammy/universe amd64 liblqr-1-0 amd64 0.4.2-2.1 [27.7 kB]
aws_instance.minikube (remote-exec): [33m
aws_instance.minikube (remote-exec): 11% [17 liblqr-1-0 0 B/27.7 kB 0%][0m[33m
aws_instance.minikube (remote-exec): 11% [Working][0m
aws_instance.minikube (remote-exec): Get:18 http://us-east-1.ec2.archive.ubuntu.com/ubuntu jammy/main amd64 libltdl7 amd64 2.4.6-15build2 [39.6 kB]
aws_instance.minikube (remote-exec): [33m
aws_instance.minikube (remote-exec): 11% [18 libltdl7 0 B/39.6 kB 0%][0m[33m
aws_instance.minikube (remote-exec): 11% [Working][0m
aws_instance.minikube (remote-exec): Get:19 http://us-east-1.ec2.archive.ubuntu.com/ubuntu jammy/main amd64 libopenjp2-7 amd64 2.4.0-6 [158 kB]
aws_instance.minikube (remote-exec): [33m
aws_instance.minikube (remote-exec): 11% [19 libopenjp2-7 0 B/158 kB 0%][0m[33m
aws_instance.minikube (remote-exec): 11% [Working][0m
aws_instance.minikube (remote-exec): Get:20 http://us-east-1.ec2.archive.ubuntu.com/ubuntu jammy/main amd64 libdeflate0 amd64 1.10-2 [70.9 kB]
aws_instance.minikube (remote-exec): [33m
aws_instance.minikube (remote-exec): 11% [20 libdeflate0 0 B/70.9 kB 0%][0m[33m
aws_instance.minikube (remote-exec): 11% [Working][0m
aws_instance.minikube (remote-exec): Get:21 http://us-east-1.ec2.archive.ubuntu.com/ubuntu jammy/main amd64 libwebp7 amd64 1.2.2-2 [206 kB]
aws_instance.minikube (remote-exec): [33m
aws_instance.minikube (remote-exec): 11% [21 libwebp7 0 B/206 kB 0%][0m[33m
aws_instance.minikube (remote-exec): 12% [Working][0m
aws_instance.minikube (remote-exec): Get:22 http://us-east-1.ec2.archive.ubuntu.com/ubuntu jammy/main amd64 libtiff5 amd64 4.3.0-6 [183 kB]
aws_instance.minikube (remote-exec): [33m
aws_instance.minikube (remote-exec): 12% [22 libtiff5 0 B/183 kB 0%][0m[33m
aws_instance.minikube (remote-exec): 12% [Working][0m
aws_instance.minikube (remote-exec): Get:23 http://us-east-1.ec2.archive.ubuntu.com/ubuntu jammy/main amd64 libwebpdemux2 amd64 1.2.2-2 [9966 B]
aws_instance.minikube (remote-exec): [33m
aws_instance.minikube (remote-exec): 12% [23 libwebpdemux2 0 B/9966 B 0%][0m[33m
aws_instance.minikube (remote-exec): 12% [Working][0m
aws_instance.minikube (remote-exec): Get:24 http://us-east-1.ec2.archive.ubuntu.com/ubuntu jammy/main amd64 libwebpmux3 amd64 1.2.2-2 [20.5 kB]
aws_instance.minikube (remote-exec): [33m
aws_instance.minikube (remote-exec): 12% [24 libwebpmux3 0 B/20.5 kB 0%][0m[33m
aws_instance.minikube (remote-exec): 12% [Working][0m
aws_instance.minikube (remote-exec): Get:25 http://us-east-1.ec2.archive.ubuntu.com/ubuntu jammy/universe amd64 imagemagick-6-common all 8:6.9.11.60+dfsg-1.3build2 [64.4 kB]
aws_instance.minikube (remote-exec): [33m
aws_instance.minikube (remote-exec): 12% [25 imagemagick-6-common 0 B/64.4 k[0m[33m
aws_instance.minikube (remote-exec): 12% [Working][0m
aws_instance.minikube (remote-exec): Get:26 http://us-east-1.ec2.archive.ubuntu.com/ubuntu jammy/universe amd64 libmagickcore-6.q16-6 amd64 8:6.9.11.60+dfsg-1.3build2 [1792 kB]
aws_instance.minikube (remote-exec): [33m
aws_instance.minikube (remote-exec): 12% [26 libmagickcore-6.q16-6 0 B/1792 [0m[33m
aws_instance.minikube (remote-exec): 14% [Working][0m
aws_instance.minikube (remote-exec): Get:27 http://us-east-1.ec2.archive.ubuntu.com/ubuntu jammy/universe amd64 libmagickwand-6.q16-6 amd64 8:6.9.11.60+dfsg-1.3build2 [328 kB]
aws_instance.minikube (remote-exec): [33m
aws_instance.minikube (remote-exec): 14% [27 libmagickwand-6.q16-6 0 B/328 k[0m[33m
aws_instance.minikube (remote-exec): 14% [Working][0m
aws_instance.minikube (remote-exec): Get:28 http://us-east-1.ec2.archive.ubuntu.com/ubuntu jammy/main amd64 poppler-data all 0.4.11-1 [2171 kB]
aws_instance.minikube (remote-exec): [33m
aws_instance.minikube (remote-exec): 14% [28 poppler-data 0 B/2171 kB 0%][0m[33m
aws_instance.minikube (remote-exec): 15% [Working][0m
aws_instance.minikube (remote-exec): Get:29 http://us-east-1.ec2.archive.ubuntu.com/ubuntu jammy/main amd64 sgml-base all 1.30 [12.5 kB]
aws_instance.minikube (remote-exec): [33m
aws_instance.minikube (remote-exec): 15% [29 sgml-base 0 B/12.5 kB 0%][0m[33m
aws_instance.minikube (remote-exec): 16% [Working][0m
aws_instance.minikube (remote-exec): Get:30 http://us-east-1.ec2.archive.ubuntu.com/ubuntu jammy/main amd64 x11-common all 1:7.7+23ubuntu2 [23.4 kB]
aws_instance.minikube (remote-exec): [33m
aws_instance.minikube (remote-exec): 16% [30 x11-common 0 B/23.4 kB 0%][0m[33m
aws_instance.minikube (remote-exec): 16% [Working][0m
aws_instance.minikube (remote-exec): Get:31 http://us-east-1.ec2.archive.ubuntu.com/ubuntu jammy/main amd64 libice6 amd64 2:1.0.10-1build2 [42.6 kB]
aws_instance.minikube (remote-exec): [33m
aws_instance.minikube (remote-exec): 16% [31 libice6 0 B/42.6 kB 0%][0m[33m
aws_instance.minikube (remote-exec): 16% [Working][0m
aws_instance.minikube (remote-exec): Get:32 http://us-east-1.ec2.archive.ubuntu.com/ubuntu jammy/main amd64 libsm6 amd64 2:1.2.3-1build2 [16.7 kB]
aws_instance.minikube (remote-exec): [33m
aws_instance.minikube (remote-exec): 16% [32 libsm6 0 B/16.7 kB 0%][0m[33m
aws_instance.minikube (remote-exec): 16% [Working][0m
aws_instance.minikube (remote-exec): Get:33 http://us-east-1.ec2.archive.ubuntu.com/ubuntu jammy/main amd64 libxt6 amd64 1:1.2.1-1 [177 kB]
aws_instance.minikube (remote-exec): [33m
aws_instance.minikube (remote-exec): 16% [33 libxt6 0 B/177 kB 0%][0m[33m
aws_instance.minikube (remote-exec): 16% [Working][0m
aws_instance.minikube (remote-exec): Get:34 http://us-east-1.ec2.archive.ubuntu.com/ubuntu jammy/main amd64 libxmu6 amd64 2:1.1.3-3 [49.6 kB]
aws_instance.minikube (remote-exec): [33m
aws_instance.minikube (remote-exec): 16% [34 libxmu6 0 B/49.6 kB 0%][0m[33m
aws_instance.minikube (remote-exec): 16% [Working][0m
aws_instance.minikube (remote-exec): Get:35 http://us-east-1.ec2.archive.ubuntu.com/ubuntu jammy/main amd64 libxpm4 amd64 1:3.5.12-1build2 [36.2 kB]
aws_instance.minikube (remote-exec): [33m
aws_instance.minikube (remote-exec): 16% [35 libxpm4 0 B/36.2 kB 0%][0m[33m
aws_instance.minikube (remote-exec): 16% [Working][0m
aws_instance.minikube (remote-exec): Get:36 http://us-east-1.ec2.archive.ubuntu.com/ubuntu jammy/main amd64 libxaw7 amd64 2:1.0.14-1 [191 kB]
aws_instance.minikube (remote-exec): [33m
aws_instance.minikube (remote-exec): 16% [36 libxaw7 0 B/191 kB 0%][0m[33m
aws_instance.minikube (remote-exec): 17% [Working][0m
aws_instance.minikube (remote-exec): Get:37 http://us-east-1.ec2.archive.ubuntu.com/ubuntu jammy/universe amd64 groff amd64 1.22.4-8build1 [4104 kB]
aws_instance.minikube (remote-exec): [33m
aws_instance.minikube (remote-exec): 17% [37 groff 0 B/4104 kB 0%][0m[33m
aws_instance.minikube (remote-exec): 19% [Working][0m
aws_instance.minikube (remote-exec): Get:38 http://us-east-1.ec2.archive.ubuntu.com/ubuntu jammy/main amd64 python3-dateutil all 2.8.1-6 [78.4 kB]
aws_instance.minikube (remote-exec): [33m
aws_instance.minikube (remote-exec): 19% [38 python3-dateutil 0 B/78.4 kB 0%[0m[33m
aws_instance.minikube (remote-exec): 19% [Working][0m
aws_instance.minikube (remote-exec): Get:39 http://us-east-1.ec2.archive.ubuntu.com/ubuntu jammy/main amd64 python3-jmespath all 0.10.0-1 [21.7 kB]
aws_instance.minikube (remote-exec): [33m
aws_instance.minikube (remote-exec): 19% [39 python3-jmespath 0 B/21.7 kB 0%[0m[33m
aws_instance.minikube (remote-exec): 20% [Working][0m
aws_instance.minikube (remote-exec): Get:40 http://us-east-1.ec2.archive.ubuntu.com/ubuntu jammy/universe amd64 python3-botocore all 1.23.34+repack-1 [4508 kB]
aws_instance.minikube (remote-exec): [33m
aws_instance.minikube (remote-exec): 20% [40 python3-botocore 0 B/4508 kB 0%[0m[33m
aws_instance.minikube (remote-exec): 23% [Working][0m
aws_instance.minikube (remote-exec): Get:41 http://us-east-1.ec2.archive.ubuntu.com/ubuntu jammy/main amd64 xml-core all 0.18+nmu1 [21.6 kB]
aws_instance.minikube (remote-exec): [33m
aws_instance.minikube (remote-exec): 23% [41 xml-core 0 B/21.6 kB 0%][0m[33m
aws_instance.minikube (remote-exec): 23% [Working][0m
aws_instance.minikube (remote-exec): Get:42 http://us-east-1.ec2.archive.ubuntu.com/ubuntu jammy/main amd64 docutils-common all 0.17.1+dfsg-2 [117 kB]
aws_instance.minikube (remote-exec): [33m
aws_instance.minikube (remote-exec): 23% [42 docutils-common 0 B/117 kB 0%][0m[33m
aws_instance.minikube (remote-exec): 23% [Working][0m
aws_instance.minikube (remote-exec): Get:43 http://us-east-1.ec2.archive.ubuntu.com/ubuntu jammy/main amd64 python3-roman all 3.3-1 [10.6 kB]
aws_instance.minikube (remote-exec): [33m
aws_instance.minikube (remote-exec): 23% [43 python3-roman 0 B/10.6 kB 0%][0m[33m
aws_instance.minikube (remote-exec): 23% [Working][0m
aws_instance.minikube (remote-exec): Get:44 http://us-east-1.ec2.archive.ubuntu.com/ubuntu jammy/main amd64 python3-docutils all 0.17.1+dfsg-2 [387 kB]
aws_instance.minikube (remote-exec): [33m
aws_instance.minikube (remote-exec): 23% [44 python3-docutils 0 B/387 kB 0%][0m[33m
aws_instance.minikube (remote-exec): 23% [Working][0m
aws_instance.minikube (remote-exec): Get:45 http://us-east-1.ec2.archive.ubuntu.com/ubuntu jammy/universe amd64 python3-rsa all 4.8-1 [28.4 kB]
aws_instance.minikube (remote-exec): [33m
aws_instance.minikube (remote-exec): 23% [45 python3-rsa 0 B/28.4 kB 0%][0m[33m
aws_instance.minikube (remote-exec): 23% [Working][0m
aws_instance.minikube (remote-exec): Get:46 http://us-east-1.ec2.archive.ubuntu.com/ubuntu jammy/universe amd64 python3-s3transfer all 0.5.0-1 [51.5 kB]
aws_instance.minikube (remote-exec): [33m
aws_instance.minikube (remote-exec): 23% [46 python3-s3transfer 0 B/51.5 kB [0m[33m
aws_instance.minikube (remote-exec): 24% [Working][0m
aws_instance.minikube (remote-exec): Get:47 http://us-east-1.ec2.archive.ubuntu.com/ubuntu jammy/universe amd64 awscli all 1.22.34-1 [1172 kB]
aws_instance.minikube (remote-exec): [33m
aws_instance.minikube (remote-exec): 24% [47 awscli 0 B/1172 kB 0%][0m[33m
aws_instance.minikube (remote-exec): 24% [Working][0m
aws_instance.minikube (remote-exec): Get:48 http://us-east-1.ec2.archive.ubuntu.com/ubuntu jammy/main amd64 libc-dev-bin amd64 2.35-0ubuntu3 [20.3 kB]
aws_instance.minikube (remote-exec): [33m
aws_instance.minikube (remote-exec): 24% [48 libc-dev-bin 0 B/20.3 kB 0%][0m[33m
aws_instance.minikube (remote-exec): 25% [Working][0m
aws_instance.minikube (remote-exec): Get:49 http://us-east-1.ec2.archive.ubuntu.com/ubuntu jammy-updates/main amd64 linux-libc-dev amd64 5.15.0-39.42 [1288 kB]
aws_instance.minikube (remote-exec): [33m
aws_instance.minikube (remote-exec): 25% [49 linux-libc-dev 0 B/1288 kB 0%][0m[33m
aws_instance.minikube (remote-exec): 26% [Working][0m
aws_instance.minikube (remote-exec): Get:50 http://us-east-1.ec2.archive.ubuntu.com/ubuntu jammy/main amd64 libcrypt-dev amd64 1:4.4.27-1 [112 kB]
aws_instance.minikube (remote-exec): [33m
aws_instance.minikube (remote-exec): 26% [50 libcrypt-dev 0 B/112 kB 0%][0m[33m
aws_instance.minikube (remote-exec): 26% [Working][0m
aws_instance.minikube (remote-exec): Get:51 http://us-east-1.ec2.archive.ubuntu.com/ubuntu jammy/main amd64 rpcsvc-proto amd64 1.4.2-0ubuntu6 [68.5 kB]
aws_instance.minikube (remote-exec): [33m
aws_instance.minikube (remote-exec): 26% [51 rpcsvc-proto 0 B/68.5 kB 0%][0m[33m
aws_instance.minikube (remote-exec): 26% [Working][0m
aws_instance.minikube (remote-exec): Get:52 http://us-east-1.ec2.archive.ubuntu.com/ubuntu jammy/main amd64 libtirpc-dev amd64 1.3.2-2build1 [192 kB]
aws_instance.minikube (remote-exec): [33m
aws_instance.minikube (remote-exec): 26% [52 libtirpc-dev 0 B/192 kB 0%][0m[33m
aws_instance.minikube (remote-exec): 26% [Working][0m
aws_instance.minikube (remote-exec): Get:53 http://us-east-1.ec2.archive.ubuntu.com/ubuntu jammy/main amd64 libnsl-dev amd64 1.3.0-2build2 [71.3 kB]
aws_instance.minikube (remote-exec): [33m
aws_instance.minikube (remote-exec): 26% [53 libnsl-dev 0 B/71.3 kB 0%][0m[33m
aws_instance.minikube (remote-exec): 26% [Working][0m
aws_instance.minikube (remote-exec): Get:54 http://us-east-1.ec2.archive.ubuntu.com/ubuntu jammy/main amd64 libc6-dev amd64 2.35-0ubuntu3 [2099 kB]
aws_instance.minikube (remote-exec): [33m
aws_instance.minikube (remote-exec): 26% [54 libc6-dev 0 B/2099 kB 0%][0m[33m
aws_instance.minikube (remote-exec): 28% [Working][0m
aws_instance.minikube (remote-exec): Get:55 http://us-east-1.ec2.archive.ubuntu.com/ubuntu jammy/main amd64 gcc-11-base amd64 11.2.0-19ubuntu1 [20.8 kB]
aws_instance.minikube (remote-exec): [33m
aws_instance.minikube (remote-exec): 28% [55 gcc-11-base 0 B/20.8 kB 0%][0m[33m
aws_instance.minikube (remote-exec): 28% [Working][0m
aws_instance.minikube (remote-exec): Get:56 http://us-east-1.ec2.archive.ubuntu.com/ubuntu jammy/main amd64 libisl23 amd64 0.24-2build1 [727 kB]
aws_instance.minikube (remote-exec): [33m
aws_instance.minikube (remote-exec): 28% [56 libisl23 0 B/727 kB 0%][0m[33m
aws_instance.minikube (remote-exec): 28% [Working][0m
aws_instance.minikube (remote-exec): Get:57 http://us-east-1.ec2.archive.ubuntu.com/ubuntu jammy/main amd64 libmpc3 amd64 1.2.1-2build1 [46.9 kB]
aws_instance.minikube (remote-exec): [33m
aws_instance.minikube (remote-exec): 28% [57 libmpc3 0 B/46.9 kB 0%][0m[33m
aws_instance.minikube (remote-exec): 29% [Working][0m
aws_instance.minikube (remote-exec): Get:58 http://us-east-1.ec2.archive.ubuntu.com/ubuntu jammy/main amd64 cpp-11 amd64 11.2.0-19ubuntu1 [9966 kB]
aws_instance.minikube (remote-exec): [33m
aws_instance.minikube (remote-exec): 29% [58 cpp-11 0 B/9966 kB 0%][0m
aws_instance.minikube (remote-exec): [33m
aws_instance.minikube (remote-exec): 35% [Working][0m
aws_instance.minikube (remote-exec): Get:59 http://us-east-1.ec2.archive.ubuntu.com/ubuntu jammy/main amd64 cpp amd64 4:11.2.0-1ubuntu1 [27.7 kB]
aws_instance.minikube (remote-exec): [33m
aws_instance.minikube (remote-exec): 35% [59 cpp 0 B/27.7 kB 0%][0m[33m
aws_instance.minikube (remote-exec): 35% [Working][0m
aws_instance.minikube (remote-exec): Get:60 http://us-east-1.ec2.archive.ubuntu.com/ubuntu jammy/main amd64 libcc1-0 amd64 12-20220319-1ubuntu1 [47.2 kB]
aws_instance.minikube (remote-exec): [33m
aws_instance.minikube (remote-exec): 35% [60 libcc1-0 0 B/47.2 kB 0%][0m[33m
aws_instance.minikube (remote-exec): 35% [Working][0m
aws_instance.minikube (remote-exec): Get:61 http://us-east-1.ec2.archive.ubuntu.com/ubuntu jammy/main amd64 libitm1 amd64 12-20220319-1ubuntu1 [30.2 kB]
aws_instance.minikube (remote-exec): [33m
aws_instance.minikube (remote-exec): 35% [61 libitm1 0 B/30.2 kB 0%][0m[33m
aws_instance.minikube (remote-exec): 35% [Working][0m
aws_instance.minikube (remote-exec): Get:62 http://us-east-1.ec2.archive.ubuntu.com/ubuntu jammy/main amd64 libatomic1 amd64 12-20220319-1ubuntu1 [10.4 kB]
aws_instance.minikube (remote-exec): [33m
aws_instance.minikube (remote-exec): 35% [62 libatomic1 0 B/10.4 kB 0%][0m[33m
aws_instance.minikube (remote-exec): 35% [Working][0m
aws_instance.minikube (remote-exec): Get:63 http://us-east-1.ec2.archive.ubuntu.com/ubuntu jammy/main amd64 libasan6 amd64 11.2.0-19ubuntu1 [2283 kB]
aws_instance.minikube (remote-exec): [33m
aws_instance.minikube (remote-exec): 35% [63 libasan6 0 B/2283 kB 0%][0m[33m
aws_instance.minikube (remote-exec): 37% [Working][0m
aws_instance.minikube (remote-exec): Get:64 http://us-east-1.ec2.archive.ubuntu.com/ubuntu jammy/main amd64 liblsan0 amd64 12-20220319-1ubuntu1 [1069 kB]
aws_instance.minikube (remote-exec): [33m
aws_instance.minikube (remote-exec): 37% [64 liblsan0 0 B/1069 kB 0%][0m[33m
aws_instance.minikube (remote-exec): 38% [Working][0m
aws_instance.minikube (remote-exec): Get:65 http://us-east-1.ec2.archive.ubuntu.com/ubuntu jammy/main amd64 libtsan0 amd64 11.2.0-19ubuntu1 [2261 kB]
aws_instance.minikube (remote-exec): [33m
aws_instance.minikube (remote-exec): 38% [65 libtsan0 0 B/2261 kB 0%][0m[33m
aws_instance.minikube (remote-exec): 39% [Working][0m
aws_instance.minikube (remote-exec): Get:66 http://us-east-1.ec2.archive.ubuntu.com/ubuntu jammy/main amd64 libubsan1 amd64 12-20220319-1ubuntu1 [976 kB]
aws_instance.minikube (remote-exec): [33m
aws_instance.minikube (remote-exec): 39% [66 libubsan1 0 B/976 kB 0%][0m[33m
aws_instance.minikube (remote-exec): 40% [Working][0m
aws_instance.minikube (remote-exec): Get:67 http://us-east-1.ec2.archive.ubuntu.com/ubuntu jammy/main amd64 libquadmath0 amd64 12-20220319-1ubuntu1 [154 kB]
aws_instance.minikube (remote-exec): [33m
aws_instance.minikube (remote-exec): 40% [67 libquadmath0 0 B/154 kB 0%][0m[33m
aws_instance.minikube (remote-exec): 40% [Working][0m
aws_instance.minikube (remote-exec): Get:68 http://us-east-1.ec2.archive.ubuntu.com/ubuntu jammy/main amd64 libgcc-11-dev amd64 11.2.0-19ubuntu1 [2526 kB]
aws_instance.minikube (remote-exec): [33m
aws_instance.minikube (remote-exec): 40% [68 libgcc-11-dev 0 B/2526 kB 0%][0m[33m
aws_instance.minikube (remote-exec): 42% [Working][0m
aws_instance.minikube (remote-exec): Get:69 http://us-east-1.ec2.archive.ubuntu.com/ubuntu jammy/main amd64 gcc-11 amd64 11.2.0-19ubuntu1 [20.1 MB]
aws_instance.minikube (remote-exec): [33m
aws_instance.minikube (remote-exec): 42% [69 gcc-11 0 B/20.1 MB 0%][0m
aws_instance.minikube (remote-exec): [33m
aws_instance.minikube (remote-exec): 55% [69 gcc-11 20.1 MB/20.1 MB 100%][0m
aws_instance.minikube (remote-exec): [33m
aws_instance.minikube (remote-exec): 55% [Working][0m
aws_instance.minikube (remote-exec): Get:70 http://us-east-1.ec2.archive.ubuntu.com/ubuntu jammy/main amd64 gcc amd64 4:11.2.0-1ubuntu1 [5112 B]
aws_instance.minikube (remote-exec): [33m
aws_instance.minikube (remote-exec): 55% [70 gcc 0 B/5112 B 0%][0m[33m
aws_instance.minikube (remote-exec): 55% [Working][0m
aws_instance.minikube (remote-exec): Get:71 http://us-east-1.ec2.archive.ubuntu.com/ubuntu jammy/main amd64 libstdc++-11-dev amd64 11.2.0-19ubuntu1 [2083 kB]
aws_instance.minikube (remote-exec): [33m
aws_instance.minikube (remote-exec): 55% [71 libstdc++-11-dev 0 B/2083 kB 0%[0m
aws_instance.minikube (remote-exec): [33m
aws_instance.minikube (remote-exec): 56% [Working][0m
aws_instance.minikube (remote-exec): Get:72 http://us-east-1.ec2.archive.ubuntu.com/ubuntu jammy/main amd64 g++-11 amd64 11.2.0-19ubuntu1 [11.4 MB]
aws_instance.minikube (remote-exec): [33m
aws_instance.minikube (remote-exec): 56% [72 g++-11 0 B/11.4 MB 0%][0m
aws_instance.minikube (remote-exec): [33m
aws_instance.minikube (remote-exec): 63% [Working][0m
aws_instance.minikube (remote-exec): Get:73 http://us-east-1.ec2.archive.ubuntu.com/ubuntu jammy/main amd64 g++ amd64 4:11.2.0-1ubuntu1 [1412 B]
aws_instance.minikube (remote-exec): [33m
aws_instance.minikube (remote-exec): 63% [73 g++ 0 B/1412 B 0%][0m[33m
aws_instance.minikube (remote-exec): 64% [Working][0m
aws_instance.minikube (remote-exec): Get:74 http://us-east-1.ec2.archive.ubuntu.com/ubuntu jammy/main amd64 make amd64 4.3-4.1build1 [180 kB]
aws_instance.minikube (remote-exec): [33m
aws_instance.minikube (remote-exec): 64% [74 make 0 B/180 kB 0%][0m[33m
aws_instance.minikube (remote-exec): 64% [Working][0m
aws_instance.minikube (remote-exec): Get:75 http://us-east-1.ec2.archive.ubuntu.com/ubuntu jammy-updates/main amd64 libdpkg-perl all 1.21.1ubuntu2.1 [237 kB]
aws_instance.minikube (remote-exec): [33m
aws_instance.minikube (remote-exec): 64% [75 libdpkg-perl 0 B/237 kB 0%][0m[33m
aws_instance.minikube (remote-exec): 64% [Working][0m
aws_instance.minikube (remote-exec): Get:76 http://us-east-1.ec2.archive.ubuntu.com/ubuntu jammy/main amd64 bzip2 amd64 1.0.8-5build1 [34.8 kB]
aws_instance.minikube (remote-exec): [33m
aws_instance.minikube (remote-exec): 64% [76 bzip2 0 B/34.8 kB 0%][0m[33m
aws_instance.minikube (remote-exec): 64% [Working][0m
aws_instance.minikube (remote-exec): Get:77 http://us-east-1.ec2.archive.ubuntu.com/ubuntu jammy/main amd64 lto-disabled-list all 24 [12.5 kB]
aws_instance.minikube (remote-exec): [33m
aws_instance.minikube (remote-exec): 64% [77 lto-disabled-list 0 B/12.5 kB 0[0m[33m
aws_instance.minikube (remote-exec): 64% [Working][0m
aws_instance.minikube (remote-exec): Get:78 http://us-east-1.ec2.archive.ubuntu.com/ubuntu jammy-updates/main amd64 dpkg-dev all 1.21.1ubuntu2.1 [922 kB]
aws_instance.minikube (remote-exec): [33m
aws_instance.minikube (remote-exec): 64% [78 dpkg-dev 0 B/922 kB 0%][0m[33m
aws_instance.minikube (remote-exec): 65% [Working][0m
aws_instance.minikube (remote-exec): Get:79 http://us-east-1.ec2.archive.ubuntu.com/ubuntu jammy/main amd64 build-essential amd64 12.9ubuntu3 [4744 B]
aws_instance.minikube (remote-exec): [33m
aws_instance.minikube (remote-exec): 65% [79 build-essential 0 B/4744 B 0%][0m[33m
aws_instance.minikube (remote-exec): 65% [Working][0m
aws_instance.minikube (remote-exec): Get:80 http://us-east-1.ec2.archive.ubuntu.com/ubuntu jammy/main amd64 conntrack amd64 1:1.4.6-2build2 [33.5 kB]
aws_instance.minikube (remote-exec): [33m
aws_instance.minikube (remote-exec): 65% [80 conntrack 0 B/33.5 kB 0%][0m[33m
aws_instance.minikube (remote-exec): 65% [Working][0m
aws_instance.minikube (remote-exec): Get:81 http://us-east-1.ec2.archive.ubuntu.com/ubuntu jammy/universe amd64 libev4 amd64 1:4.33-1 [29.4 kB]
aws_instance.minikube (remote-exec): [33m
aws_instance.minikube (remote-exec): 65% [81 libev4 0 B/29.4 kB 0%][0m[33m
aws_instance.minikube (remote-exec): 65% [Working][0m
aws_instance.minikube (remote-exec): Get:82 http://us-east-1.ec2.archive.ubuntu.com/ubuntu jammy/universe amd64 libfsplib0 amd64 0.14-5 [12.9 kB]
aws_instance.minikube (remote-exec): [33m
aws_instance.minikube (remote-exec): 65% [82 libfsplib0 0 B/12.9 kB 0%][0m[33m
aws_instance.minikube (remote-exec): 65% [Working][0m
aws_instance.minikube (remote-exec): Get:83 http://us-east-1.ec2.archive.ubuntu.com/ubuntu jammy/main amd64 libidn12 amd64 1.38-4build1 [60.6 kB]
aws_instance.minikube (remote-exec): [33m
aws_instance.minikube (remote-exec): 65% [83 libidn12 0 B/60.6 kB 0%][0m[33m
aws_instance.minikube (remote-exec): 66% [Working][0m
aws_instance.minikube (remote-exec): Get:84 http://us-east-1.ec2.archive.ubuntu.com/ubuntu jammy/universe amd64 liblua5.1-0 amd64 5.1.5-8.1build4 [99.9 kB]
aws_instance.minikube (remote-exec): [33m
aws_instance.minikube (remote-exec): 66% [84 liblua5.1-0 0 B/99.9 kB 0%][0m[33m
aws_instance.minikube (remote-exec): 66% [Working][0m
aws_instance.minikube (remote-exec): Get:85 http://us-east-1.ec2.archive.ubuntu.com/ubuntu jammy/universe amd64 libtre5 amd64 0.8.0-6 [47.5 kB]
aws_instance.minikube (remote-exec): [33m
aws_instance.minikube (remote-exec): 66% [85 libtre5 0 B/47.5 kB 0%][0m[33m
aws_instance.minikube (remote-exec): 66% [Working][0m
aws_instance.minikube (remote-exec): Get:86 http://us-east-1.ec2.archive.ubuntu.com/ubuntu jammy/universe amd64 elinks-data all 0.13.2-1build3 [427 kB]
aws_instance.minikube (remote-exec): [33m
aws_instance.minikube (remote-exec): 66% [86 elinks-data 0 B/427 kB 0%][0m[33m
aws_instance.minikube (remote-exec): 66% [Working][0m
aws_instance.minikube (remote-exec): Get:87 http://us-east-1.ec2.archive.ubuntu.com/ubuntu jammy/universe amd64 elinks amd64 0.13.2-1build3 [663 kB]
aws_instance.minikube (remote-exec): [33m
aws_instance.minikube (remote-exec): 66% [87 elinks 0 B/663 kB 0%][0m[33m
aws_instance.minikube (remote-exec): 67% [Working][0m
aws_instance.minikube (remote-exec): Get:88 http://us-east-1.ec2.archive.ubuntu.com/ubuntu jammy/main amd64 libfakeroot amd64 1.28-1ubuntu1 [31.5 kB]
aws_instance.minikube (remote-exec): [33m
aws_instance.minikube (remote-exec): 67% [88 libfakeroot 0 B/31.5 kB 0%][0m[33m
aws_instance.minikube (remote-exec): 67% [Working][0m
aws_instance.minikube (remote-exec): Get:89 http://us-east-1.ec2.archive.ubuntu.com/ubuntu jammy/main amd64 fakeroot amd64 1.28-1ubuntu1 [60.4 kB]
aws_instance.minikube (remote-exec): [33m
aws_instance.minikube (remote-exec): 67% [89 fakeroot 0 B/60.4 kB 0%][0m[33m
aws_instance.minikube (remote-exec): 67% [Working][0m
aws_instance.minikube (remote-exec): Get:90 http://us-east-1.ec2.archive.ubuntu.com/ubuntu jammy/main amd64 fontconfig amd64 2.13.1-4.2ubuntu5 [177 kB]
aws_instance.minikube (remote-exec): [33m
aws_instance.minikube (remote-exec): 67% [90 fontconfig 0 B/177 kB 0%][0m[33m
aws_instance.minikube (remote-exec): 67% [Working][0m
aws_instance.minikube (remote-exec): Get:91 http://us-east-1.ec2.archive.ubuntu.com/ubuntu jammy/main amd64 fonts-noto-mono all 20201225-1build1 [397 kB]
aws_instance.minikube (remote-exec): [33m
aws_instance.minikube (remote-exec): 67% [91 fonts-noto-mono 0 B/397 kB 0%][0m[33m
aws_instance.minikube (remote-exec): 68% [Working][0m
aws_instance.minikube (remote-exec): Get:92 http://us-east-1.ec2.archive.ubuntu.com/ubuntu jammy/main amd64 libgs9-common all 9.55.0~dfsg1-0ubuntu5 [752 kB]
aws_instance.minikube (remote-exec): [33m
aws_instance.minikube (remote-exec): 68% [92 libgs9-common 0 B/752 kB 0%][0m[33m
aws_instance.minikube (remote-exec): 68% [Working][0m
aws_instance.minikube (remote-exec): Get:93 http://us-east-1.ec2.archive.ubuntu.com/ubuntu jammy/main amd64 libavahi-common-data amd64 0.8-5ubuntu5 [23.9 kB]
aws_instance.minikube (remote-exec): [33m
aws_instance.minikube (remote-exec): 68% [93 libavahi-common-data 0 B/23.9 k[0m[33m
aws_instance.minikube (remote-exec): 68% [Working][0m
aws_instance.minikube (remote-exec): Get:94 http://us-east-1.ec2.archive.ubuntu.com/ubuntu jammy/main amd64 libavahi-common3 amd64 0.8-5ubuntu5 [23.7 kB]
aws_instance.minikube (remote-exec): [33m
aws_instance.minikube (remote-exec): 68% [94 libavahi-common3 0 B/23.7 kB 0%[0m[33m
aws_instance.minikube (remote-exec): 69% [Working][0m
aws_instance.minikube (remote-exec): Get:95 http://us-east-1.ec2.archive.ubuntu.com/ubuntu jammy/main amd64 libavahi-client3 amd64 0.8-5ubuntu5 [28.1 kB]
aws_instance.minikube (remote-exec): [33m
aws_instance.minikube (remote-exec): 69% [95 libavahi-client3 0 B/28.1 kB 0%[0m[33m
aws_instance.minikube (remote-exec): 69% [Working][0m
aws_instance.minikube (remote-exec): Get:96 http://us-east-1.ec2.archive.ubuntu.com/ubuntu jammy-updates/main amd64 libcups2 amd64 2.4.1op1-1ubuntu4.1 [264 kB]
aws_instance.minikube (remote-exec): [33m
aws_instance.minikube (remote-exec): 69% [96 libcups2 0 B/264 kB 0%][0m[33m
aws_instance.minikube (remote-exec): 69% [Working][0m
aws_instance.minikube (remote-exec): Get:97 http://us-east-1.ec2.archive.ubuntu.com/ubuntu jammy/main amd64 libijs-0.35 amd64 0.35-15build2 [16.5 kB]
aws_instance.minikube (remote-exec): [33m
aws_instance.minikube (remote-exec): 69% [97 libijs-0.35 0 B/16.5 kB 0%][0m[33m
aws_instance.minikube (remote-exec): 69% [Working][0m
aws_instance.minikube (remote-exec): Get:98 http://us-east-1.ec2.archive.ubuntu.com/ubuntu jammy/main amd64 libjbig2dec0 amd64 0.19-3build2 [64.7 kB]
aws_instance.minikube (remote-exec): [33m
aws_instance.minikube (remote-exec): 69% [98 libjbig2dec0 0 B/64.7 kB 0%][0m[33m
aws_instance.minikube (remote-exec): 69% [Working][0m
aws_instance.minikube (remote-exec): Get:99 http://us-east-1.ec2.archive.ubuntu.com/ubuntu jammy/main amd64 libpaper1 amd64 1.1.28build2 [13.8 kB]
aws_instance.minikube (remote-exec): [33m
aws_instance.minikube (remote-exec): 69% [99 libpaper1 0 B/13.8 kB 0%][0m[33m
aws_instance.minikube (remote-exec): 69% [Working][0m
aws_instance.minikube (remote-exec): Get:100 http://us-east-1.ec2.archive.ubuntu.com/ubuntu jammy/main amd64 libgs9 amd64 9.55.0~dfsg1-0ubuntu5 [5037 kB]
aws_instance.minikube (remote-exec): [33m
aws_instance.minikube (remote-exec): 69% [100 libgs9 0 B/5037 kB 0%][0m
aws_instance.minikube (remote-exec): [33m
aws_instance.minikube (remote-exec): 73% [Working][0m
aws_instance.minikube (remote-exec): Get:101 http://us-east-1.ec2.archive.ubuntu.com/ubuntu jammy/main amd64 ghostscript amd64 9.55.0~dfsg1-0ubuntu5 [49.4 kB]
aws_instance.minikube (remote-exec): [33m
aws_instance.minikube (remote-exec): 73% [101 ghostscript 0 B/49.4 kB 0%][0m[33m
aws_instance.minikube (remote-exec): 73% [Working][0m
aws_instance.minikube (remote-exec): Get:102 http://us-east-1.ec2.archive.ubuntu.com/ubuntu jammy/universe amd64 gsfonts all 1:8.11+urwcyr1.0.7~pre44-4.5 [3120 kB]
aws_instance.minikube (remote-exec): [33m
aws_instance.minikube (remote-exec): 73% [102 gsfonts 0 B/3120 kB 0%][0m[33m
aws_instance.minikube (remote-exec): 75% [Working][0m
aws_instance.minikube (remote-exec): Get:103 http://us-east-1.ec2.archive.ubuntu.com/ubuntu jammy/main amd64 hicolor-icon-theme all 0.17-2 [9976 B]
aws_instance.minikube (remote-exec): [33m
aws_instance.minikube (remote-exec): 75% [103 hicolor-icon-theme 0 B/9976 B [0m[33m
aws_instance.minikube (remote-exec): 75% [Working][0m
aws_instance.minikube (remote-exec): Get:104 http://us-east-1.ec2.archive.ubuntu.com/ubuntu jammy/universe amd64 imagemagick-6.q16 amd64 8:6.9.11.60+dfsg-1.3build2 [224 kB]
aws_instance.minikube (remote-exec): [33m
aws_instance.minikube (remote-exec): 75% [104 imagemagick-6.q16 0 B/224 kB 0[0m[33m
aws_instance.minikube (remote-exec): 75% [Working][0m
aws_instance.minikube (remote-exec): Get:105 http://us-east-1.ec2.archive.ubuntu.com/ubuntu jammy/universe amd64 imagemagick amd64 8:6.9.11.60+dfsg-1.3build2 [14.6 kB]
aws_instance.minikube (remote-exec): [33m
aws_instance.minikube (remote-exec): 75% [105 imagemagick 0 B/14.6 kB 0%][0m[33m
aws_instance.minikube (remote-exec): 75% [Working][0m
aws_instance.minikube (remote-exec): Get:106 http://us-east-1.ec2.archive.ubuntu.com/ubuntu jammy/universe amd64 inetutils-ping amd64 2:2.2-2 [63.7 kB]
aws_instance.minikube (remote-exec): [33m
aws_instance.minikube (remote-exec): 75% [106 inetutils-ping 0 B/63.7 kB 0%][0m[33m
aws_instance.minikube (remote-exec): 76% [Working][0m
aws_instance.minikube (remote-exec): Get:107 http://us-east-1.ec2.archive.ubuntu.com/ubuntu jammy/main amd64 javascript-common all 11+nmu1 [5936 B]
aws_instance.minikube (remote-exec): [33m
aws_instance.minikube (remote-exec): 76% [107 javascript-common 0 B/5936 B 0[0m[33m
aws_instance.minikube (remote-exec): 76% [Working][0m
aws_instance.minikube (remote-exec): Get:108 http://us-east-1.ec2.archive.ubuntu.com/ubuntu jammy/main amd64 libonig5 amd64 6.9.7.1-2build1 [172 kB]
aws_instance.minikube (remote-exec): [33m
aws_instance.minikube (remote-exec): 76% [108 libonig5 0 B/172 kB 0%][0m[33m
aws_instance.minikube (remote-exec): 76% [Working][0m
aws_instance.minikube (remote-exec): Get:109 http://us-east-1.ec2.archive.ubuntu.com/ubuntu jammy/main amd64 libjq1 amd64 1.6-2.1ubuntu3 [133 kB]
aws_instance.minikube (remote-exec): [33m
aws_instance.minikube (remote-exec): 76% [109 libjq1 0 B/133 kB 0%][0m[33m
aws_instance.minikube (remote-exec): 76% [Working][0m
aws_instance.minikube (remote-exec): Get:110 http://us-east-1.ec2.archive.ubuntu.com/ubuntu jammy/main amd64 jq amd64 1.6-2.1ubuntu3 [52.5 kB]
aws_instance.minikube (remote-exec): [33m
aws_instance.minikube (remote-exec): 76% [110 jq 0 B/52.5 kB 0%][0m[33m
aws_instance.minikube (remote-exec): 76% [Working][0m
aws_instance.minikube (remote-exec): Get:111 http://us-east-1.ec2.archive.ubuntu.com/ubuntu jammy/main amd64 libalgorithm-diff-perl all 1.201-1 [41.8 kB]
aws_instance.minikube (remote-exec): [33m
aws_instance.minikube (remote-exec): 76% [111 libalgorithm-diff-perl 0 B/41.[0m[33m
aws_instance.minikube (remote-exec): 76% [Working][0m
aws_instance.minikube (remote-exec): Get:112 http://us-east-1.ec2.archive.ubuntu.com/ubuntu jammy/main amd64 libalgorithm-diff-xs-perl amd64 0.04-6build3 [11.9 kB]
aws_instance.minikube (remote-exec): [33m
aws_instance.minikube (remote-exec): 76% [112 libalgorithm-diff-xs-perl 0 B/[0m[33m
aws_instance.minikube (remote-exec): 76% [Working][0m
aws_instance.minikube (remote-exec): Get:113 http://us-east-1.ec2.archive.ubuntu.com/ubuntu jammy/main amd64 libalgorithm-merge-perl all 0.08-3 [12.0 kB]
aws_instance.minikube (remote-exec): [33m
aws_instance.minikube (remote-exec): 76% [113 libalgorithm-merge-perl 0 B/12[0m[33m
aws_instance.minikube (remote-exec): 77% [Working][0m
aws_instance.minikube (remote-exec): Get:114 http://us-east-1.ec2.archive.ubuntu.com/ubuntu jammy/main amd64 libblas3 amd64 3.10.0-2ubuntu1 [228 kB]
aws_instance.minikube (remote-exec): [33m
aws_instance.minikube (remote-exec): 77% [114 libblas3 0 B/228 kB 0%][0m[33m
aws_instance.minikube (remote-exec): 77% [Working][0m
aws_instance.minikube (remote-exec): Get:115 http://us-east-1.ec2.archive.ubuntu.com/ubuntu jammy/main amd64 libgd3 amd64 2.3.0-2ubuntu2 [129 kB]
aws_instance.minikube (remote-exec): [33m
aws_instance.minikube (remote-exec): 77% [115 libgd3 0 B/129 kB 0%][0m[33m
aws_instance.minikube (remote-exec): 77% [Working][0m
aws_instance.minikube (remote-exec): Get:116 http://us-east-1.ec2.archive.ubuntu.com/ubuntu jammy/main amd64 libc-devtools amd64 2.35-0ubuntu3 [28.9 kB]
aws_instance.minikube (remote-exec): [33m
aws_instance.minikube (remote-exec): 77% [116 libc-devtools 0 B/28.9 kB 0%][0m[33m
aws_instance.minikube (remote-exec): 77% [Working][0m
aws_instance.minikube (remote-exec): Get:117 http://us-east-1.ec2.archive.ubuntu.com/ubuntu jammy/main amd64 libpixman-1-0 amd64 0.40.0-1build4 [264 kB]
aws_instance.minikube (remote-exec): [33m
aws_instance.minikube (remote-exec): 77% [117 libpixman-1-0 0 B/264 kB 0%][0m[33m
aws_instance.minikube (remote-exec): 77% [Working][0m
aws_instance.minikube (remote-exec): Get:118 http://us-east-1.ec2.archive.ubuntu.com/ubuntu jammy/main amd64 libxcb-render0 amd64 1.14-3ubuntu3 [16.4 kB]
aws_instance.minikube (remote-exec): [33m
aws_instance.minikube (remote-exec): 77% [118 libxcb-render0 0 B/16.4 kB 0%][0m[33m
aws_instance.minikube (remote-exec): 78% [Working][0m
aws_instance.minikube (remote-exec): Get:119 http://us-east-1.ec2.archive.ubuntu.com/ubuntu jammy/main amd64 libxcb-shm0 amd64 1.14-3ubuntu3 [5780 B]
aws_instance.minikube (remote-exec): [33m
aws_instance.minikube (remote-exec): 78% [119 libxcb-shm0 0 B/5780 B 0%][0m[33m
aws_instance.minikube (remote-exec): 78% [Working][0m
aws_instance.minikube (remote-exec): Get:120 http://us-east-1.ec2.archive.ubuntu.com/ubuntu jammy/main amd64 libxrender1 amd64 1:0.9.10-1build4 [19.7 kB]
aws_instance.minikube (remote-exec): [33m
aws_instance.minikube (remote-exec): 78% [120 libxrender1 0 B/19.7 kB 0%][0m[33m
aws_instance.minikube (remote-exec): 78% [Working][0m
aws_instance.minikube (remote-exec): Get:121 http://us-east-1.ec2.archive.ubuntu.com/ubuntu jammy/main amd64 libcairo2 amd64 1.16.0-5ubuntu2 [628 kB]
aws_instance.minikube (remote-exec): [33m
aws_instance.minikube (remote-exec): 78% [121 libcairo2 0 B/628 kB 0%][0m[33m
aws_instance.minikube (remote-exec): 78% [Working][0m
aws_instance.minikube (remote-exec): Get:122 http://us-east-1.ec2.archive.ubuntu.com/ubuntu jammy/main amd64 libdatrie1 amd64 0.2.13-2 [19.9 kB]
aws_instance.minikube (remote-exec): [33m
aws_instance.minikube (remote-exec): 78% [122 libdatrie1 0 B/19.9 kB 0%][0m[33m
aws_instance.minikube (remote-exec): 78% [Working][0m
aws_instance.minikube (remote-exec): Get:123 http://us-east-1.ec2.archive.ubuntu.com/ubuntu jammy/main amd64 libdjvulibre-text all 3.5.28-2build2 [50.9 kB]
aws_instance.minikube (remote-exec): [33m
aws_instance.minikube (remote-exec): 78% [123 libdjvulibre-text 0 B/50.9 kB [0m[33m
aws_instance.minikube (remote-exec): 79% [Working][0m
aws_instance.minikube (remote-exec): Get:124 http://us-east-1.ec2.archive.ubuntu.com/ubuntu jammy/main amd64 libdjvulibre21 amd64 3.5.28-2build2 [624 kB]
aws_instance.minikube (remote-exec): [33m
aws_instance.minikube (remote-exec): 79% [124 libdjvulibre21 0 B/624 kB 0%][0m[33m
aws_instance.minikube (remote-exec): 79% [Working][0m
aws_instance.minikube (remote-exec): Get:125 http://us-east-1.ec2.archive.ubuntu.com/ubuntu jammy/main amd64 libexpat1-dev amd64 2.4.7-1 [147 kB]
aws_instance.minikube (remote-exec): [33m
aws_instance.minikube (remote-exec): 79% [125 libexpat1-dev 0 B/147 kB 0%][0m[33m
aws_instance.minikube (remote-exec): 79% [Working][0m
aws_instance.minikube (remote-exec): Get:126 http://us-east-1.ec2.archive.ubuntu.com/ubuntu jammy/main amd64 libfile-fcntllock-perl amd64 0.22-3build7 [33.9 kB]
aws_instance.minikube (remote-exec): [33m
aws_instance.minikube (remote-exec): 79% [126 libfile-fcntllock-perl 0 B/33.[0m[33m
aws_instance.minikube (remote-exec): 79% [Working][0m
aws_instance.minikube (remote-exec): Get:127 http://us-east-1.ec2.archive.ubuntu.com/ubuntu jammy/main amd64 libgraphite2-3 amd64 1.3.14-1build2 [71.3 kB]
aws_instance.minikube (remote-exec): [33m
aws_instance.minikube (remote-exec): 79% [127 libgraphite2-3 0 B/71.3 kB 0%][0m[33m
aws_instance.minikube (remote-exec): 80% [Working][0m
aws_instance.minikube (remote-exec): Get:128 http://us-east-1.ec2.archive.ubuntu.com/ubuntu jammy/main amd64 libharfbuzz0b amd64 2.7.4-1ubuntu3 [352 kB]
aws_instance.minikube (remote-exec): [33m
aws_instance.minikube (remote-exec): 80% [128 libharfbuzz0b 0 B/352 kB 0%][0m[33m
aws_instance.minikube (remote-exec): 80% [Working][0m
aws_instance.minikube (remote-exec): Get:129 http://us-east-1.ec2.archive.ubuntu.com/ubuntu jammy/universe amd64 libilmbase25 amd64 2.5.7-2 [175 kB]
aws_instance.minikube (remote-exec): [33m
aws_instance.minikube (remote-exec): 80% [129 libilmbase25 0 B/175 kB 0%][0m[33m
aws_instance.minikube (remote-exec): 80% [Working][0m
aws_instance.minikube (remote-exec): Get:130 http://us-east-1.ec2.archive.ubuntu.com/ubuntu jammy/main amd64 libimagequant0 amd64 2.17.0-1 [34.6 kB]
aws_instance.minikube (remote-exec): [33m
aws_instance.minikube (remote-exec): 80% [130 libimagequant0 0 B/34.6 kB 0%][0m[33m
aws_instance.minikube (remote-exec): 80% [Working][0m
aws_instance.minikube (remote-exec): Get:131 http://us-east-1.ec2.archive.ubuntu.com/ubuntu jammy/main amd64 libjs-jquery all 3.6.0+dfsg+~3.5.13-1 [321 kB]
aws_instance.minikube (remote-exec): [33m
aws_instance.minikube (remote-exec): 80% [131 libjs-jquery 0 B/321 kB 0%][0m[33m
aws_instance.minikube (remote-exec): 81% [Working][0m
aws_instance.minikube (remote-exec): Get:132 http://us-east-1.ec2.archive.ubuntu.com/ubuntu jammy/main amd64 libjs-underscore all 1.13.2~dfsg-2 [118 kB]
aws_instance.minikube (remote-exec): [33m
aws_instance.minikube (remote-exec): 81% [132 libjs-underscore 0 B/118 kB 0%[0m[33m
aws_instance.minikube (remote-exec): 81% [Working][0m
aws_instance.minikube (remote-exec): Get:133 http://us-east-1.ec2.archive.ubuntu.com/ubuntu jammy/main amd64 libjs-sphinxdoc all 4.3.2-1 [139 kB]
aws_instance.minikube (remote-exec): [33m
aws_instance.minikube (remote-exec): 81% [133 libjs-sphinxdoc 0 B/139 kB 0%][0m[33m
aws_instance.minikube (remote-exec): 81% [Working][0m
aws_instance.minikube (remote-exec): Get:134 http://us-east-1.ec2.archive.ubuntu.com/ubuntu jammy/universe amd64 libjxr0 amd64 1.2~git20170615.f752187-5 [174 kB]
aws_instance.minikube (remote-exec): [33m
aws_instance.minikube (remote-exec): 81% [134 libjxr0 0 B/174 kB 0%][0m[33m
aws_instance.minikube (remote-exec): 81% [Working][0m
aws_instance.minikube (remote-exec): Get:135 http://us-east-1.ec2.archive.ubuntu.com/ubuntu jammy/universe amd64 libjxr-tools amd64 1.2~git20170615.f752187-5 [16.0 kB]
aws_instance.minikube (remote-exec): [33m
aws_instance.minikube (remote-exec): 81% [135 libjxr-tools 0 B/16.0 kB 0%][0m[33m
aws_instance.minikube (remote-exec): 81% [Working][0m
aws_instance.minikube (remote-exec): Get:136 http://us-east-1.ec2.archive.ubuntu.com/ubuntu jammy/universe amd64 liblinear4 amd64 2.3.0+dfsg-5 [41.4 kB]
aws_instance.minikube (remote-exec): [33m
aws_instance.minikube (remote-exec): 81% [136 liblinear4 0 B/41.4 kB 0%][0m[33m
aws_instance.minikube (remote-exec): 81% [Working][0m
aws_instance.minikube (remote-exec): Get:137 http://us-east-1.ec2.archive.ubuntu.com/ubuntu jammy/main amd64 liblua5.3-0 amd64 5.3.6-1build1 [140 kB]
aws_instance.minikube (remote-exec): [33m
aws_instance.minikube (remote-exec): 81% [137 liblua5.3-0 0 B/140 kB 0%][0m[33m
aws_instance.minikube (remote-exec): 82% [Working][0m
aws_instance.minikube (remote-exec): Get:138 http://us-east-1.ec2.archive.ubuntu.com/ubuntu jammy/universe amd64 libopenexr25 amd64 2.5.7-1 [780 kB]
aws_instance.minikube (remote-exec): [33m
aws_instance.minikube (remote-exec): 82% [138 libopenexr25 0 B/780 kB 0%][0m[33m
aws_instance.minikube (remote-exec): 82% [Working][0m
aws_instance.minikube (remote-exec): Get:139 http://us-east-1.ec2.archive.ubuntu.com/ubuntu jammy/main amd64 libthai-data all 0.1.29-1build1 [162 kB]
aws_instance.minikube (remote-exec): [33m
aws_instance.minikube (remote-exec): 82% [139 libthai-data 0 B/162 kB 0%][0m[33m
aws_instance.minikube (remote-exec): 82% [Working][0m
aws_instance.minikube (remote-exec): Get:140 http://us-east-1.ec2.archive.ubuntu.com/ubuntu jammy/main amd64 libthai0 amd64 0.1.29-1build1 [19.2 kB]
aws_instance.minikube (remote-exec): [33m
aws_instance.minikube (remote-exec): 82% [140 libthai0 0 B/19.2 kB 0%][0m[33m
aws_instance.minikube (remote-exec): 83% [Working][0m
aws_instance.minikube (remote-exec): Get:141 http://us-east-1.ec2.archive.ubuntu.com/ubuntu jammy/main amd64 libpango-1.0-0 amd64 1.50.6+ds-2 [230 kB]
aws_instance.minikube (remote-exec): [33m
aws_instance.minikube (remote-exec): 83% [141 libpango-1.0-0 0 B/230 kB 0%][0m[33m
aws_instance.minikube (remote-exec): 83% [Working][0m
aws_instance.minikube (remote-exec): Get:142 http://us-east-1.ec2.archive.ubuntu.com/ubuntu jammy/main amd64 libpangoft2-1.0-0 amd64 1.50.6+ds-2 [53.9 kB]
aws_instance.minikube (remote-exec): [33m
aws_instance.minikube (remote-exec): 83% [142 libpangoft2-1.0-0 0 B/53.9 kB [0m[33m
aws_instance.minikube (remote-exec): 83% [Working][0m
aws_instance.minikube (remote-exec): Get:143 http://us-east-1.ec2.archive.ubuntu.com/ubuntu jammy/main amd64 libpangocairo-1.0-0 amd64 1.50.6+ds-2 [39.8 kB]
aws_instance.minikube (remote-exec): [33m
aws_instance.minikube (remote-exec): 83% [143 libpangocairo-1.0-0 0 B/39.8 k[0m[33m
aws_instance.minikube (remote-exec): 83% [Working][0m
aws_instance.minikube (remote-exec): Get:144 http://us-east-1.ec2.archive.ubuntu.com/ubuntu jammy/main amd64 libwmflite-0.2-7 amd64 0.2.12-5ubuntu1 [68.9 kB]
aws_instance.minikube (remote-exec): [33m
aws_instance.minikube (remote-exec): 83% [144 libwmflite-0.2-7 0 B/68.9 kB 0[0m[33m
aws_instance.minikube (remote-exec): 83% [Working][0m
aws_instance.minikube (remote-exec): Get:145 http://us-east-1.ec2.archive.ubuntu.com/ubuntu jammy/universe amd64 libmagickcore-6.q16-6-extra amd64 8:6.9.11.60+dfsg-1.3build2 [70.3 kB]
aws_instance.minikube (remote-exec): [33m
aws_instance.minikube (remote-exec): 83% [145 libmagickcore-6.q16-6-extra 0 [0m[33m
aws_instance.minikube (remote-exec): 83% [Working][0m
aws_instance.minikube (remote-exec): Get:146 http://us-east-1.ec2.archive.ubuntu.com/ubuntu jammy/universe amd64 libnetpbm10 amd64 2:10.0-15.4 [59.1 kB]
aws_instance.minikube (remote-exec): [33m
aws_instance.minikube (remote-exec): 83% [146 libnetpbm10 0 B/59.1 kB 0%][0m[33m
aws_instance.minikube (remote-exec): 84% [Working][0m
aws_instance.minikube (remote-exec): Get:147 http://us-east-1.ec2.archive.ubuntu.com/ubuntu jammy/main amd64 libpaper-utils amd64 1.1.28build2 [8674 B]
aws_instance.minikube (remote-exec): [33m
aws_instance.minikube (remote-exec): 84% [147 libpaper-utils 0 B/8674 B 0%][0m[33m
aws_instance.minikube (remote-exec): 84% [Working][0m
aws_instance.minikube (remote-exec): Get:148 http://us-east-1.ec2.archive.ubuntu.com/ubuntu jammy-updates/main amd64 libpq5 amd64 14.3-0ubuntu0.22.04.1 [140 kB]
aws_instance.minikube (remote-exec): [33m
aws_instance.minikube (remote-exec): 84% [148 libpq5 0 B/140 kB 0%][0m[33m
aws_instance.minikube (remote-exec): 84% [Working][0m
aws_instance.minikube (remote-exec): Get:149 http://us-east-1.ec2.archive.ubuntu.com/ubuntu jammy-updates/main amd64 libssl-dev amd64 3.0.2-0ubuntu1.2 [2372 kB]
aws_instance.minikube (remote-exec): [33m
aws_instance.minikube (remote-exec): 84% [149 libssl-dev 0 B/2372 kB 0%][0m[33m
aws_instance.minikube (remote-exec): 85% [Working][0m
aws_instance.minikube (remote-exec): Get:150 http://us-east-1.ec2.archive.ubuntu.com/ubuntu jammy-updates/main amd64 libpq-dev amd64 14.3-0ubuntu0.22.04.1 [146 kB]
aws_instance.minikube (remote-exec): [33m
aws_instance.minikube (remote-exec): 85% [150 libpq-dev 0 B/146 kB 0%][0m[33m
aws_instance.minikube (remote-exec): 86% [Working][0m
aws_instance.minikube (remote-exec): Get:151 http://us-east-1.ec2.archive.ubuntu.com/ubuntu jammy/main amd64 zlib1g-dev amd64 1:1.2.11.dfsg-2ubuntu9 [164 kB]
aws_instance.minikube (remote-exec): [33m
aws_instance.minikube (remote-exec): 86% [151 zlib1g-dev 0 B/164 kB 0%][0m[33m
aws_instance.minikube (remote-exec): 86% [Working][0m
aws_instance.minikube (remote-exec): Get:152 http://us-east-1.ec2.archive.ubuntu.com/ubuntu jammy/main amd64 libpython3.10-dev amd64 3.10.4-3 [4758 kB]
aws_instance.minikube (remote-exec): [33m
aws_instance.minikube (remote-exec): 86% [152 libpython3.10-dev 0 B/4758 kB [0m[33m
aws_instance.minikube (remote-exec): 89% [Working][0m
aws_instance.minikube (remote-exec): Get:153 http://us-east-1.ec2.archive.ubuntu.com/ubuntu jammy/main amd64 libpython3-dev amd64 3.10.4-0ubuntu2 [7242 B]
aws_instance.minikube (remote-exec): [33m
aws_instance.minikube (remote-exec): 89% [153 libpython3-dev 0 B/7242 B 0%][0m[33m
aws_instance.minikube (remote-exec): 89% [Working][0m
aws_instance.minikube (remote-exec): Get:154 http://us-east-1.ec2.archive.ubuntu.com/ubuntu jammy/main amd64 libraqm0 amd64 0.7.0-4ubuntu1 [11.7 kB]
aws_instance.minikube (remote-exec): [33m
aws_instance.minikube (remote-exec): 89% [154 libraqm0 0 B/11.7 kB 0%][0m[33m
aws_instance.minikube (remote-exec): 89% [Working][0m
aws_instance.minikube (remote-exec): Get:155 http://us-east-1.ec2.archive.ubuntu.com/ubuntu jammy/main amd64 liburing2 amd64 2.1-2build1 [10.3 kB]
aws_instance.minikube (remote-exec): [33m
aws_instance.minikube (remote-exec): 89% [155 liburing2 0 B/10.3 kB 0%][0m[33m
aws_instance.minikube (remote-exec): 89% [Working][0m
aws_instance.minikube (remote-exec): Get:156 http://us-east-1.ec2.archive.ubuntu.com/ubuntu jammy/universe amd64 lua-lpeg amd64 1.0.2-1 [31.4 kB]
aws_instance.minikube (remote-exec): [33m
aws_instance.minikube (remote-exec): 89% [156 lua-lpeg 0 B/31.4 kB 0%][0m[33m
aws_instance.minikube (remote-exec): 90% [Working][0m
aws_instance.minikube (remote-exec): Get:157 http://us-east-1.ec2.archive.ubuntu.com/ubuntu jammy/main amd64 mailcap all 3.70+nmu1ubuntu1 [23.8 kB]
aws_instance.minikube (remote-exec): [33m
aws_instance.minikube (remote-exec): 90% [157 mailcap 0 B/23.8 kB 0%][0m[33m
aws_instance.minikube (remote-exec): 90% [Working][0m
aws_instance.minikube (remote-exec): Get:158 http://us-east-1.ec2.archive.ubuntu.com/ubuntu jammy/main amd64 manpages-dev all 5.10-1ubuntu1 [2309 kB]
aws_instance.minikube (remote-exec): [33m
aws_instance.minikube (remote-exec): 90% [158 manpages-dev 0 B/2309 kB 0%][0m[33m
aws_instance.minikube (remote-exec): 91% [Working][0m
aws_instance.minikube (remote-exec): Get:159 http://us-east-1.ec2.archive.ubuntu.com/ubuntu jammy/main amd64 mime-support all 3.66 [3696 B]
aws_instance.minikube (remote-exec): [33m
aws_instance.minikube (remote-exec): 91% [159 mime-support 0 B/3696 B 0%][0m[33m
aws_instance.minikube (remote-exec): 91% [Working][0m
aws_instance.minikube (remote-exec): Get:160 http://us-east-1.ec2.archive.ubuntu.com/ubuntu jammy/main amd64 plocate amd64 1.1.15-1ubuntu2 [129 kB]
aws_instance.minikube (remote-exec): [33m
aws_instance.minikube (remote-exec): 91% [160 plocate 0 B/129 kB 0%][0m[33m
aws_instance.minikube (remote-exec): 91% [Working][0m
aws_instance.minikube (remote-exec): Get:161 http://us-east-1.ec2.archive.ubuntu.com/ubuntu jammy/main amd64 mlocate all 1.1.15-1ubuntu2 [1670 B]
aws_instance.minikube (remote-exec): [33m
aws_instance.minikube (remote-exec): 91% [161 mlocate 0 B/1670 B 0%][0m[33m
aws_instance.minikube (remote-exec): 92% [Working][0m
aws_instance.minikube (remote-exec): Get:162 http://us-east-1.ec2.archive.ubuntu.com/ubuntu jammy/universe amd64 netpbm amd64 2:10.0-15.4 [1007 kB]
aws_instance.minikube (remote-exec): [33m
aws_instance.minikube (remote-exec): 92% [162 netpbm 0 B/1007 kB 0%][0m[33m
aws_instance.minikube (remote-exec): 92% [Working][0m
aws_instance.minikube (remote-exec): Get:163 http://us-east-1.ec2.archive.ubuntu.com/ubuntu jammy/universe amd64 nmap-common all 7.91+dfsg1+really7.80+dfsg1-2build1 [3940 kB]
aws_instance.minikube (remote-exec): [33m
aws_instance.minikube (remote-exec): 92% [163 nmap-common 0 B/3940 kB 0%][0m[33m
aws_instance.minikube (remote-exec): 95% [Working][0m
aws_instance.minikube (remote-exec): Get:164 http://us-east-1.ec2.archive.ubuntu.com/ubuntu jammy/universe amd64 psutils amd64 1.17.dfsg-4 [56.2 kB]
aws_instance.minikube (remote-exec): [33m
aws_instance.minikube (remote-exec): 95% [164 psutils 0 B/56.2 kB 0%][0m[33m
aws_instance.minikube (remote-exec): 95% [Working][0m
aws_instance.minikube (remote-exec): Get:165 http://us-east-1.ec2.archive.ubuntu.com/ubuntu jammy/main amd64 python3.10-dev amd64 3.10.4-3 [507 kB]
aws_instance.minikube (remote-exec): [33m
aws_instance.minikube (remote-exec): 95% [165 python3.10-dev 0 B/507 kB 0%][0m[33m
aws_instance.minikube (remote-exec): 96% [Working][0m
aws_instance.minikube (remote-exec): Get:166 http://us-east-1.ec2.archive.ubuntu.com/ubuntu jammy/main amd64 python3-dev amd64 3.10.4-0ubuntu2 [26.0 kB]
aws_instance.minikube (remote-exec): [33m
aws_instance.minikube (remote-exec): 96% [166 python3-dev 0 B/26.0 kB 0%][0m[33m
aws_instance.minikube (remote-exec): 96% [Working][0m
aws_instance.minikube (remote-exec): Get:167 http://us-east-1.ec2.archive.ubuntu.com/ubuntu jammy/main amd64 python3-olefile all 0.46-3 [33.8 kB]
aws_instance.minikube (remote-exec): [33m
aws_instance.minikube (remote-exec): 96% [167 python3-olefile 0 B/33.8 kB 0%[0m[33m
aws_instance.minikube (remote-exec): 96% [Working][0m
aws_instance.minikube (remote-exec): Get:168 http://us-east-1.ec2.archive.ubuntu.com/ubuntu jammy/main amd64 python3-pil amd64 9.0.1-1build1 [419 kB]
aws_instance.minikube (remote-exec): [33m
aws_instance.minikube (remote-exec): 96% [168 python3-pil 0 B/419 kB 0%][0m[33m
aws_instance.minikube (remote-exec): 96% [Working][0m
aws_instance.minikube (remote-exec): Get:169 http://us-east-1.ec2.archive.ubuntu.com/ubuntu jammy/universe amd64 python3-wheel all 0.37.1-2 [31.9 kB]
aws_instance.minikube (remote-exec): [33m
aws_instance.minikube (remote-exec): 96% [169 python3-wheel 0 B/31.9 kB 0%][0m[33m
aws_instance.minikube (remote-exec): 96% [Working][0m
aws_instance.minikube (remote-exec): Get:170 http://us-east-1.ec2.archive.ubuntu.com/ubuntu jammy/universe amd64 python3-pip all 22.0.2+dfsg-1 [1306 kB]
aws_instance.minikube (remote-exec): [33m
aws_instance.minikube (remote-exec): 96% [170 python3-pip 0 B/1306 kB 0%][0m[33m
aws_instance.minikube (remote-exec): 97% [Working][0m
aws_instance.minikube (remote-exec): Get:171 http://us-east-1.ec2.archive.ubuntu.com/ubuntu jammy/main amd64 python3-pygments all 2.11.2+dfsg-2 [750 kB]
aws_instance.minikube (remote-exec): [33m
aws_instance.minikube (remote-exec): 97% [171 python3-pygments 0 B/750 kB 0%[0m
aws_instance.minikube (remote-exec): [33m
aws_instance.minikube (remote-exec): 98% [Working][0m
aws_instance.minikube (remote-exec): Get:172 http://us-east-1.ec2.archive.ubuntu.com/ubuntu jammy/universe amd64 traceroute amd64 1:2.1.0-2 [45.4 kB]
aws_instance.minikube (remote-exec): [33m
aws_instance.minikube (remote-exec): 98% [172 traceroute 0 B/45.4 kB 0%][0m[33m
aws_instance.minikube (remote-exec): 98% [Working][0m
aws_instance.minikube (remote-exec): Get:173 http://us-east-1.ec2.archive.ubuntu.com/ubuntu jammy/universe amd64 tree amd64 2.0.2-1 [47.9 kB]
aws_instance.minikube (remote-exec): [33m
aws_instance.minikube (remote-exec): 98% [173 tree 0 B/47.9 kB 0%][0m[33m
aws_instance.minikube (remote-exec): 98% [Working][0m
aws_instance.minikube (remote-exec): Get:174 http://us-east-1.ec2.archive.ubuntu.com/ubuntu jammy/main amd64 unzip amd64 6.0-26ubuntu3 [174 kB]
aws_instance.minikube (remote-exec): [33m
aws_instance.minikube (remote-exec): 98% [174 unzip 0 B/174 kB 0%][0m[33m
aws_instance.minikube (remote-exec): 98% [Working][0m
aws_instance.minikube (remote-exec): Get:175 http://us-east-1.ec2.archive.ubuntu.com/ubuntu jammy/universe amd64 xclip amd64 0.13-2 [18.3 kB]
aws_instance.minikube (remote-exec): [33m
aws_instance.minikube (remote-exec): 98% [175 xclip 0 B/18.3 kB 0%][0m[33m
aws_instance.minikube (remote-exec): 98% [Working][0m
aws_instance.minikube (remote-exec): Get:176 http://us-east-1.ec2.archive.ubuntu.com/ubuntu jammy/main amd64 zip amd64 3.0-12build2 [176 kB]
aws_instance.minikube (remote-exec): [33m
aws_instance.minikube (remote-exec): 98% [176 zip 0 B/176 kB 0%][0m[33m
aws_instance.minikube (remote-exec): 99% [Working][0m
aws_instance.minikube (remote-exec): Get:177 http://us-east-1.ec2.archive.ubuntu.com/ubuntu jammy/universe amd64 inetutils-traceroute amd64 2:2.2-2 [43.0 kB]
aws_instance.minikube (remote-exec): [33m
aws_instance.minikube (remote-exec): 99% [177 inetutils-traceroute 0 B/43.0 [0m[33m
aws_instance.minikube (remote-exec): 99% [Working][0m
aws_instance.minikube (remote-exec): Get:178 http://us-east-1.ec2.archive.ubuntu.com/ubuntu jammy/universe amd64 nmap amd64 7.91+dfsg1+really7.80+dfsg1-2build1 [1731 kB]
aws_instance.minikube (remote-exec): [33m
aws_instance.minikube (remote-exec): 99% [178 nmap 0 B/1731 kB 0%][0m[33m
aws_instance.minikube (remote-exec): 100% [Working][0m
aws_instance.minikube (remote-exec): Fetched 127 MB in 4s (35.8 MB/s)
aws_instance.minikube (remote-exec): Extracting templates from packages: 16%
aws_instance.minikube (remote-exec): Extracting templates from packages: 33%
aws_instance.minikube (remote-exec): Extracting templates from packages: 50%
aws_instance.minikube (remote-exec): Extracting templates from packages: 67%
aws_instance.minikube (remote-exec): Extracting templates from packages: 84%
aws_instance.minikube (remote-exec): Extracting templates from packages: 100%
aws_instance.minikube (remote-exec): Preconfiguring packages ...

aws_instance.minikube (remote-exec): 7[0;79r8[1A(Reading database ...
aws_instance.minikube (remote-exec): (Reading database ... 5%
aws_instance.minikube (remote-exec): (Reading database ... 10%
aws_instance.minikube (remote-exec): (Reading database ... 15%
aws_instance.minikube (remote-exec): (Reading database ... 20%
aws_instance.minikube (remote-exec): (Reading database ... 25%
aws_instance.minikube (remote-exec): (Reading database ... 30%
aws_instance.minikube (remote-exec): (Reading database ... 35%
aws_instance.minikube (remote-exec): (Reading database ... 40%
aws_instance.minikube (remote-exec): (Reading database ... 45%
aws_instance.minikube (remote-exec): (Reading database ... 50%
aws_instance.minikube (remote-exec): (Reading database ... 55%
aws_instance.minikube (remote-exec): (Reading database ... 60%
aws_instance.minikube (remote-exec): (Reading database ... 65%
aws_instance.minikube (remote-exec): (Reading database ... 70%
aws_instance.minikube (remote-exec): (Reading database ... 75%
aws_instance.minikube (remote-exec): (Reading database ... 80%
aws_instance.minikube (remote-exec): (Reading database ... 85%
aws_instance.minikube (remote-exec): (Reading database ... 90%
aws_instance.minikube (remote-exec): (Reading database ... 95%
aws_instance.minikube (remote-exec): (Reading database ... 100%
aws_instance.minikube (remote-exec): (Reading database ... 63611 files and directories currently installed.)
aws_instance.minikube (remote-exec): Removing ubuntu-minimal (1.481) ...
aws_instance.minikube (remote-exec): 7[80;0f[42m[30mProgress: [  0%][49m[39m [..................] 8Removing iputils-ping (3:20211215-1) ...
aws_instance.minikube (remote-exec): Selecting previously unselected package fonts-droid-fallback.
aws_instance.minikube (remote-exec): (Reading database ...
aws_instance.minikube (remote-exec): (Reading database ... 5%
aws_instance.minikube (remote-exec): (Reading database ... 10%
aws_instance.minikube (remote-exec): (Reading database ... 15%
aws_instance.minikube (remote-exec): (Reading database ... 20%
aws_instance.minikube (remote-exec): (Reading database ... 25%
aws_instance.minikube (remote-exec): (Reading database ... 30%
aws_instance.minikube (remote-exec): (Reading database ... 35%
aws_instance.minikube (remote-exec): (Reading database ... 40%
aws_instance.minikube (remote-exec): (Reading database ... 45%
aws_instance.minikube (remote-exec): (Reading database ... 50%
aws_instance.minikube (remote-exec): (Reading database ... 55%
aws_instance.minikube (remote-exec): (Reading database ... 60%
aws_instance.minikube (remote-exec): (Reading database ... 65%
aws_instance.minikube (remote-exec): (Reading database ... 70%
aws_instance.minikube (remote-exec): (Reading database ... 75%
aws_instance.minikube (remote-exec): (Reading database ... 80%
aws_instance.minikube (remote-exec): (Reading database ... 85%
aws_instance.minikube (remote-exec): (Reading database ... 90%
aws_instance.minikube (remote-exec): (Reading database ... 95%
aws_instance.minikube (remote-exec): (Reading database ... 100%
aws_instance.minikube (remote-exec): (Reading database ... 63599 files and directories currently installed.)
aws_instance.minikube (remote-exec): Preparing to unpack .../000-fonts-droid-fallback_1%3a6.0.1r16-1.1build1_all.deb ...
aws_instance.minikube (remote-exec): Unpacking fonts-droid-fallback (1:6.0.1r16-1.1build1) ...
aws_instance.minikube (remote-exec): Selecting previously unselected package libgomp1:amd64.
aws_instance.minikube (remote-exec): Preparing to unpack .../001-libgomp1_12-20220319-1ubuntu1_amd64.deb ...
aws_instance.minikube (remote-exec): Unpacking libgomp1:amd64 (12-20220319-1ubuntu1) ...
aws_instance.minikube (remote-exec): 7[80;0f[42m[30mProgress: [  1%][49m[39m [..................] 8Selecting previously unselected package libfftw3-double3:amd64.
aws_instance.minikube (remote-exec): Preparing to unpack .../002-libfftw3-double3_3.3.8-2ubuntu8_amd64.deb ...
aws_instance.minikube (remote-exec): Unpacking libfftw3-double3:amd64 (3.3.8-2ubuntu8) ...
aws_instance.minikube (remote-exec): Selecting previously unselected package fonts-dejavu-core.
aws_instance.minikube (remote-exec): Preparing to unpack .../003-fonts-dejavu-core_2.37-2build1_all.deb ...
aws_instance.minikube (remote-exec): Unpacking fonts-dejavu-core (2.37-2build1) ...
aws_instance.minikube (remote-exec): Selecting previously unselected package fonts-urw-base35.
aws_instance.minikube (remote-exec): Preparing to unpack .../004-fonts-urw-base35_20200910-1_all.deb ...
aws_instance.minikube (remote-exec): Unpacking fonts-urw-base35 (20200910-1) ...
aws_instance.minikube (remote-exec): Selecting previously unselected package fontconfig-config.
aws_instance.minikube (remote-exec): Preparing to unpack .../005-fontconfig-config_2.13.1-4.2ubuntu5_all.deb ...
aws_instance.minikube (remote-exec): 7[80;0f[42m[30mProgress: [  2%][49m[39m [..................] 8Unpacking fontconfig-config (2.13.1-4.2ubuntu5) ...
aws_instance.minikube (remote-exec): Selecting previously unselected package libfontconfig1:amd64.
aws_instance.minikube (remote-exec): Preparing to unpack .../006-libfontconfig1_2.13.1-4.2ubuntu5_amd64.deb ...
aws_instance.minikube (remote-exec): Unpacking libfontconfig1:amd64 (2.13.1-4.2ubuntu5) ...
aws_instance.minikube (remote-exec): Selecting previously unselected package libaom3:amd64.
aws_instance.minikube (remote-exec): Preparing to unpack .../007-libaom3_3.3.0-1_amd64.deb ...
aws_instance.minikube (remote-exec): Unpacking libaom3:amd64 (3.3.0-1) ...
aws_instance.minikube (remote-exec): Selecting previously unselected package libdav1d5:amd64.
aws_instance.minikube (remote-exec): Preparing to unpack .../008-libdav1d5_0.9.2-1_amd64.deb ...
aws_instance.minikube (remote-exec): Unpacking libdav1d5:amd64 (0.9.2-1) ...
aws_instance.minikube (remote-exec): 7[80;0f[42m[30mProgress: [  3%][49m[39m [..................] 8Selecting previously unselected package libde265-0:amd64.
aws_instance.minikube (remote-exec): Preparing to unpack .../009-libde265-0_1.0.8-1_amd64.deb ...
aws_instance.minikube (remote-exec): Unpacking libde265-0:amd64 (1.0.8-1) ...
aws_instance.minikube (remote-exec): Selecting previously unselected package libx265-199:amd64.
aws_instance.minikube (remote-exec): Preparing to unpack .../010-libx265-199_3.5-2_amd64.deb ...
aws_instance.minikube (remote-exec): Unpacking libx265-199:amd64 (3.5-2) ...
aws_instance.minikube (remote-exec): Selecting previously unselected package libheif1:amd64.
aws_instance.minikube (remote-exec): Preparing to unpack .../011-libheif1_1.12.0-2build1_amd64.deb ...
aws_instance.minikube (remote-exec): Unpacking libheif1:amd64 (1.12.0-2build1) ...
aws_instance.minikube (remote-exec): Selecting previously unselected package libjbig0:amd64.
aws_instance.minikube (remote-exec): Preparing to unpack .../012-libjbig0_2.1-3.1build3_amd64.deb ...
aws_instance.minikube (remote-exec): 7[80;0f[42m[30mProgress: [  4%][49m[39m [..................] 8Unpacking libjbig0:amd64 (2.1-3.1build3) ...
aws_instance.minikube (remote-exec): Selecting previously unselected package libjpeg-turbo8:amd64.
aws_instance.minikube (remote-exec): Preparing to unpack .../013-libjpeg-turbo8_2.1.2-0ubuntu1_amd64.deb ...
aws_instance.minikube (remote-exec): Unpacking libjpeg-turbo8:amd64 (2.1.2-0ubuntu1) ...
aws_instance.minikube (remote-exec): Selecting previously unselected package libjpeg8:amd64.
aws_instance.minikube (remote-exec): Preparing to unpack .../014-libjpeg8_8c-2ubuntu10_amd64.deb ...
aws_instance.minikube (remote-exec): Unpacking libjpeg8:amd64 (8c-2ubuntu10) ...
aws_instance.minikube (remote-exec): Selecting previously unselected package liblcms2-2:amd64.
aws_instance.minikube (remote-exec): Preparing to unpack .../015-liblcms2-2_2.12~rc1-2build2_amd64.deb ...
aws_instance.minikube (remote-exec): Unpacking liblcms2-2:amd64 (2.12~rc1-2build2) ...
aws_instance.minikube (remote-exec): 7[80;0f[42m[30mProgress: [  5%][49m[39m [..................] 8Selecting previously unselected package liblqr-1-0:amd64.
aws_instance.minikube (remote-exec): Preparing to unpack .../016-liblqr-1-0_0.4.2-2.1_amd64.deb ...
aws_instance.minikube (remote-exec): Unpacking liblqr-1-0:amd64 (0.4.2-2.1) ...
aws_instance.minikube (remote-exec): Selecting previously unselected package libltdl7:amd64.
aws_instance.minikube (remote-exec): Preparing to unpack .../017-libltdl7_2.4.6-15build2_amd64.deb ...
aws_instance.minikube (remote-exec): Unpacking libltdl7:amd64 (2.4.6-15build2) ...
aws_instance.minikube (remote-exec): Selecting previously unselected package libopenjp2-7:amd64.
aws_instance.minikube (remote-exec): Preparing to unpack .../018-libopenjp2-7_2.4.0-6_amd64.deb ...
aws_instance.minikube (remote-exec): Unpacking libopenjp2-7:amd64 (2.4.0-6) ...
aws_instance.minikube (remote-exec): Selecting previously unselected package libdeflate0:amd64.
aws_instance.minikube (remote-exec): Preparing to unpack .../019-libdeflate0_1.10-2_amd64.deb ...
aws_instance.minikube (remote-exec): Unpacking libdeflate0:amd64 (1.10-2) ...
aws_instance.minikube (remote-exec): 7[80;0f[42m[30mProgress: [  6%][49m[39m [#.................] 8Selecting previously unselected package libwebp7:amd64.
aws_instance.minikube (remote-exec): Preparing to unpack .../020-libwebp7_1.2.2-2_amd64.deb ...
aws_instance.minikube (remote-exec): Unpacking libwebp7:amd64 (1.2.2-2) ...
aws_instance.minikube (remote-exec): Selecting previously unselected package libtiff5:amd64.
aws_instance.minikube (remote-exec): Preparing to unpack .../021-libtiff5_4.3.0-6_amd64.deb ...
aws_instance.minikube (remote-exec): Unpacking libtiff5:amd64 (4.3.0-6) ...
aws_instance.minikube (remote-exec): Selecting previously unselected package libwebpdemux2:amd64.
aws_instance.minikube (remote-exec): Preparing to unpack .../022-libwebpdemux2_1.2.2-2_amd64.deb ...
aws_instance.minikube (remote-exec): Unpacking libwebpdemux2:amd64 (1.2.2-2) ...
aws_instance.minikube (remote-exec): Selecting previously unselected package libwebpmux3:amd64.
aws_instance.minikube (remote-exec): Preparing to unpack .../023-libwebpmux3_1.2.2-2_amd64.deb ...
aws_instance.minikube (remote-exec): 7[80;0f[42m[30mProgress: [  7%][49m[39m [#.................] 8Unpacking libwebpmux3:amd64 (1.2.2-2) ...
aws_instance.minikube (remote-exec): Selecting previously unselected package imagemagick-6-common.
aws_instance.minikube (remote-exec): Preparing to unpack .../024-imagemagick-6-common_8%3a6.9.11.60+dfsg-1.3build2_all.deb ...
aws_instance.minikube (remote-exec): Unpacking imagemagick-6-common (8:6.9.11.60+dfsg-1.3build2) ...
aws_instance.minikube (remote-exec): Selecting previously unselected package libmagickcore-6.q16-6:amd64.
aws_instance.minikube (remote-exec): Preparing to unpack .../025-libmagickcore-6.q16-6_8%3a6.9.11.60+dfsg-1.3build2_amd64.deb ...
aws_instance.minikube (remote-exec): Unpacking libmagickcore-6.q16-6:amd64 (8:6.9.11.60+dfsg-1.3build2) ...
aws_instance.minikube (remote-exec): Selecting previously unselected package libmagickwand-6.q16-6:amd64.
aws_instance.minikube (remote-exec): Preparing to unpack .../026-libmagickwand-6.q16-6_8%3a6.9.11.60+dfsg-1.3build2_amd64.deb ...
aws_instance.minikube (remote-exec): Unpacking libmagickwand-6.q16-6:amd64 (8:6.9.11.60+dfsg-1.3build2) ...
aws_instance.minikube (remote-exec): 7[80;0f[42m[30mProgress: [  8%][49m[39m [#.................] 8Selecting previously unselected package poppler-data.
aws_instance.minikube (remote-exec): Preparing to unpack .../027-poppler-data_0.4.11-1_all.deb ...
aws_instance.minikube (remote-exec): Unpacking poppler-data (0.4.11-1) ...
aws_instance.minikube (remote-exec): Selecting previously unselected package sgml-base.
aws_instance.minikube (remote-exec): Preparing to unpack .../028-sgml-base_1.30_all.deb ...
aws_instance.minikube (remote-exec): Unpacking sgml-base (1.30) ...
aws_instance.minikube: Still creating... [1m10s elapsed]
aws_instance.minikube (remote-exec): Selecting previously unselected package x11-common.
aws_instance.minikube (remote-exec): Preparing to unpack .../029-x11-common_1%3a7.7+23ubuntu2_all.deb ...
aws_instance.minikube (remote-exec): Unpacking x11-common (1:7.7+23ubuntu2) ...
aws_instance.minikube (remote-exec): Selecting previously unselected package libice6:amd64.
aws_instance.minikube (remote-exec): Preparing to unpack .../030-libice6_2%3a1.0.10-1build2_amd64.deb ...
aws_instance.minikube (remote-exec): 7[80;0f[42m[30mProgress: [  9%][49m[39m [#.................] 8Unpacking libice6:amd64 (2:1.0.10-1build2) ...
aws_instance.minikube (remote-exec): Selecting previously unselected package libsm6:amd64.
aws_instance.minikube (remote-exec): Preparing to unpack .../031-libsm6_2%3a1.2.3-1build2_amd64.deb ...
aws_instance.minikube (remote-exec): Unpacking libsm6:amd64 (2:1.2.3-1build2) ...
aws_instance.minikube (remote-exec): Selecting previously unselected package libxt6:amd64.
aws_instance.minikube (remote-exec): Preparing to unpack .../032-libxt6_1%3a1.2.1-1_amd64.deb ...
aws_instance.minikube (remote-exec): Unpacking libxt6:amd64 (1:1.2.1-1) ...
aws_instance.minikube (remote-exec): Selecting previously unselected package libxmu6:amd64.
aws_instance.minikube (remote-exec): Preparing to unpack .../033-libxmu6_2%3a1.1.3-3_amd64.deb ...
aws_instance.minikube (remote-exec): Unpacking libxmu6:amd64 (2:1.1.3-3) ...
aws_instance.minikube (remote-exec): 7[80;0f[42m[30mProgress: [ 10%][49m[39m [#.................] 8Selecting previously unselected package libxpm4:amd64.
aws_instance.minikube (remote-exec): Preparing to unpack .../034-libxpm4_1%3a3.5.12-1build2_amd64.deb ...
aws_instance.minikube (remote-exec): Unpacking libxpm4:amd64 (1:3.5.12-1build2) ...
aws_instance.minikube (remote-exec): Selecting previously unselected package libxaw7:amd64.
aws_instance.minikube (remote-exec): Preparing to unpack .../035-libxaw7_2%3a1.0.14-1_amd64.deb ...
aws_instance.minikube (remote-exec): Unpacking libxaw7:amd64 (2:1.0.14-1) ...
aws_instance.minikube (remote-exec): Selecting previously unselected package groff.
aws_instance.minikube (remote-exec): Preparing to unpack .../036-groff_1.22.4-8build1_amd64.deb ...
aws_instance.minikube (remote-exec): Unpacking groff (1.22.4-8build1) ...
aws_instance.minikube (remote-exec): Selecting previously unselected package python3-dateutil.
aws_instance.minikube (remote-exec): Preparing to unpack .../037-python3-dateutil_2.8.1-6_all.deb ...
aws_instance.minikube (remote-exec): 7[80;0f[42m[30mProgress: [ 11%][49m[39m [#.................] 8Unpacking python3-dateutil (2.8.1-6) ...
aws_instance.minikube (remote-exec): Selecting previously unselected package python3-jmespath.
aws_instance.minikube (remote-exec): Preparing to unpack .../038-python3-jmespath_0.10.0-1_all.deb ...
aws_instance.minikube (remote-exec): Unpacking python3-jmespath (0.10.0-1) ...
aws_instance.minikube (remote-exec): Selecting previously unselected package python3-botocore.
aws_instance.minikube (remote-exec): Preparing to unpack .../039-python3-botocore_1.23.34+repack-1_all.deb ...
aws_instance.minikube (remote-exec): Unpacking python3-botocore (1.23.34+repack-1) ...
aws_instance.minikube (remote-exec): Selecting previously unselected package xml-core.
aws_instance.minikube (remote-exec): Preparing to unpack .../040-xml-core_0.18+nmu1_all.deb ...
aws_instance.minikube (remote-exec): Unpacking xml-core (0.18+nmu1) ...
aws_instance.minikube (remote-exec): Selecting previously unselected package docutils-common.
aws_instance.minikube (remote-exec): Preparing to unpack .../041-docutils-common_0.17.1+dfsg-2_all.deb ...
aws_instance.minikube (remote-exec): 7[80;0f[42m[30mProgress: [ 12%][49m[39m [##................] 8Unpacking docutils-common (0.17.1+dfsg-2) ...
aws_instance.minikube (remote-exec): Selecting previously unselected package python3-roman.
aws_instance.minikube (remote-exec): Preparing to unpack .../042-python3-roman_3.3-1_all.deb ...
aws_instance.minikube (remote-exec): Unpacking python3-roman (3.3-1) ...
aws_instance.minikube (remote-exec): Selecting previously unselected package python3-docutils.
aws_instance.minikube (remote-exec): Preparing to unpack .../043-python3-docutils_0.17.1+dfsg-2_all.deb ...
aws_instance.minikube (remote-exec): Unpacking python3-docutils (0.17.1+dfsg-2) ...
aws_instance.minikube (remote-exec): Selecting previously unselected package python3-rsa.
aws_instance.minikube (remote-exec): Preparing to unpack .../044-python3-rsa_4.8-1_all.deb ...
aws_instance.minikube (remote-exec): Unpacking python3-rsa (4.8-1) ...
aws_instance.minikube (remote-exec): 7[80;0f[42m[30mProgress: [ 13%][49m[39m [##................] 8Selecting previously unselected package python3-s3transfer.
aws_instance.minikube (remote-exec): Preparing to unpack .../045-python3-s3transfer_0.5.0-1_all.deb ...
aws_instance.minikube (remote-exec): Unpacking python3-s3transfer (0.5.0-1) ...
aws_instance.minikube (remote-exec): Selecting previously unselected package awscli.
aws_instance.minikube (remote-exec): Preparing to unpack .../046-awscli_1.22.34-1_all.deb ...
aws_instance.minikube (remote-exec): Unpacking awscli (1.22.34-1) ...
aws_instance.minikube (remote-exec): Selecting previously unselected package libc-dev-bin.
aws_instance.minikube (remote-exec): Preparing to unpack .../047-libc-dev-bin_2.35-0ubuntu3_amd64.deb ...
aws_instance.minikube (remote-exec): Unpacking libc-dev-bin (2.35-0ubuntu3) ...
aws_instance.minikube (remote-exec): Selecting previously unselected package linux-libc-dev:amd64.
aws_instance.minikube (remote-exec): Preparing to unpack .../048-linux-libc-dev_5.15.0-39.42_amd64.deb ...
aws_instance.minikube (remote-exec): 7[80;0f[42m[30mProgress: [ 14%][49m[39m [##................] 8Unpacking linux-libc-dev:amd64 (5.15.0-39.42) ...
aws_instance.minikube (remote-exec): Selecting previously unselected package libcrypt-dev:amd64.
aws_instance.minikube (remote-exec): Preparing to unpack .../049-libcrypt-dev_1%3a4.4.27-1_amd64.deb ...
aws_instance.minikube (remote-exec): Unpacking libcrypt-dev:amd64 (1:4.4.27-1) ...
aws_instance.minikube (remote-exec): Selecting previously unselected package rpcsvc-proto.
aws_instance.minikube (remote-exec): Preparing to unpack .../050-rpcsvc-proto_1.4.2-0ubuntu6_amd64.deb ...
aws_instance.minikube (remote-exec): Unpacking rpcsvc-proto (1.4.2-0ubuntu6) ...
aws_instance.minikube (remote-exec): Selecting previously unselected package libtirpc-dev:amd64.
aws_instance.minikube (remote-exec): Preparing to unpack .../051-libtirpc-dev_1.3.2-2build1_amd64.deb ...
aws_instance.minikube (remote-exec): Unpacking libtirpc-dev:amd64 (1.3.2-2build1) ...
aws_instance.minikube (remote-exec): 7[80;0f[42m[30mProgress: [ 15%][49m[39m [##................] 8Selecting previously unselected package libnsl-dev:amd64.
aws_instance.minikube (remote-exec): Preparing to unpack .../052-libnsl-dev_1.3.0-2build2_amd64.deb ...
aws_instance.minikube (remote-exec): Unpacking libnsl-dev:amd64 (1.3.0-2build2) ...
aws_instance.minikube (remote-exec): Selecting previously unselected package libc6-dev:amd64.
aws_instance.minikube (remote-exec): Preparing to unpack .../053-libc6-dev_2.35-0ubuntu3_amd64.deb ...
aws_instance.minikube (remote-exec): Unpacking libc6-dev:amd64 (2.35-0ubuntu3) ...
aws_instance.minikube (remote-exec): Selecting previously unselected package gcc-11-base:amd64.
aws_instance.minikube (remote-exec): Preparing to unpack .../054-gcc-11-base_11.2.0-19ubuntu1_amd64.deb ...
aws_instance.minikube (remote-exec): Unpacking gcc-11-base:amd64 (11.2.0-19ubuntu1) ...
aws_instance.minikube (remote-exec): Selecting previously unselected package libisl23:amd64.
aws_instance.minikube (remote-exec): Preparing to unpack .../055-libisl23_0.24-2build1_amd64.deb ...
aws_instance.minikube (remote-exec): 7[80;0f[42m[30mProgress: [ 16%][49m[39m [##................] 8Unpacking libisl23:amd64 (0.24-2build1) ...
aws_instance.minikube (remote-exec): Selecting previously unselected package libmpc3:amd64.
aws_instance.minikube (remote-exec): Preparing to unpack .../056-libmpc3_1.2.1-2build1_amd64.deb ...
aws_instance.minikube (remote-exec): Unpacking libmpc3:amd64 (1.2.1-2build1) ...
aws_instance.minikube (remote-exec): Selecting previously unselected package cpp-11.
aws_instance.minikube (remote-exec): Preparing to unpack .../057-cpp-11_11.2.0-19ubuntu1_amd64.deb ...
aws_instance.minikube (remote-exec): Unpacking cpp-11 (11.2.0-19ubuntu1) ...
aws_instance.minikube (remote-exec): Selecting previously unselected package cpp.
aws_instance.minikube (remote-exec): Preparing to unpack .../058-cpp_4%3a11.2.0-1ubuntu1_amd64.deb ...
aws_instance.minikube (remote-exec): Unpacking cpp (4:11.2.0-1ubuntu1) ...
aws_instance.minikube (remote-exec): 7[80;0f[42m[30mProgress: [ 17%][49m[39m [###...............] 8Selecting previously unselected package libcc1-0:amd64.
aws_instance.minikube (remote-exec): Preparing to unpack .../059-libcc1-0_12-20220319-1ubuntu1_amd64.deb ...
aws_instance.minikube (remote-exec): Unpacking libcc1-0:amd64 (12-20220319-1ubuntu1) ...
aws_instance.minikube (remote-exec): Selecting previously unselected package libitm1:amd64.
aws_instance.minikube (remote-exec): Preparing to unpack .../060-libitm1_12-20220319-1ubuntu1_amd64.deb ...
aws_instance.minikube (remote-exec): Unpacking libitm1:amd64 (12-20220319-1ubuntu1) ...
aws_instance.minikube (remote-exec): Selecting previously unselected package libatomic1:amd64.
aws_instance.minikube (remote-exec): Preparing to unpack .../061-libatomic1_12-20220319-1ubuntu1_amd64.deb ...
aws_instance.minikube (remote-exec): Unpacking libatomic1:amd64 (12-20220319-1ubuntu1) ...
aws_instance.minikube (remote-exec): Selecting previously unselected package libasan6:amd64.
aws_instance.minikube (remote-exec): Preparing to unpack .../062-libasan6_11.2.0-19ubuntu1_amd64.deb ...
aws_instance.minikube (remote-exec): Unpacking libasan6:amd64 (11.2.0-19ubuntu1) ...
aws_instance.minikube (remote-exec): 7[80;0f[42m[30mProgress: [ 18%][49m[39m [###...............] 8Selecting previously unselected package liblsan0:amd64.
aws_instance.minikube (remote-exec): Preparing to unpack .../063-liblsan0_12-20220319-1ubuntu1_amd64.deb ...
aws_instance.minikube (remote-exec): Unpacking liblsan0:amd64 (12-20220319-1ubuntu1) ...
aws_instance.minikube (remote-exec): Selecting previously unselected package libtsan0:amd64.
aws_instance.minikube (remote-exec): Preparing to unpack .../064-libtsan0_11.2.0-19ubuntu1_amd64.deb ...
aws_instance.minikube (remote-exec): Unpacking libtsan0:amd64 (11.2.0-19ubuntu1) ...
aws_instance.minikube (remote-exec): Selecting previously unselected package libubsan1:amd64.
aws_instance.minikube (remote-exec): Preparing to unpack .../065-libubsan1_12-20220319-1ubuntu1_amd64.deb ...
aws_instance.minikube (remote-exec): Unpacking libubsan1:amd64 (12-20220319-1ubuntu1) ...
aws_instance.minikube (remote-exec): Selecting previously unselected package libquadmath0:amd64.
aws_instance.minikube (remote-exec): Preparing to unpack .../066-libquadmath0_12-20220319-1ubuntu1_amd64.deb ...
aws_instance.minikube (remote-exec): 7[80;0f[42m[30mProgress: [ 19%][49m[39m [###...............] 8Unpacking libquadmath0:amd64 (12-20220319-1ubuntu1) ...
aws_instance.minikube (remote-exec): Selecting previously unselected package libgcc-11-dev:amd64.
aws_instance.minikube (remote-exec): Preparing to unpack .../067-libgcc-11-dev_11.2.0-19ubuntu1_amd64.deb ...
aws_instance.minikube (remote-exec): Unpacking libgcc-11-dev:amd64 (11.2.0-19ubuntu1) ...
aws_instance.minikube (remote-exec): Selecting previously unselected package gcc-11.
aws_instance.minikube (remote-exec): Preparing to unpack .../068-gcc-11_11.2.0-19ubuntu1_amd64.deb ...
aws_instance.minikube (remote-exec): Unpacking gcc-11 (11.2.0-19ubuntu1) ...
aws_instance.minikube (remote-exec): Selecting previously unselected package gcc.
aws_instance.minikube (remote-exec): Preparing to unpack .../069-gcc_4%3a11.2.0-1ubuntu1_amd64.deb ...
aws_instance.minikube (remote-exec): Unpacking gcc (4:11.2.0-1ubuntu1) ...
aws_instance.minikube (remote-exec): 7[80;0f[42m[30mProgress: [ 20%][49m[39m [###...............] 8Selecting previously unselected package libstdc++-11-dev:amd64.
aws_instance.minikube (remote-exec): Preparing to unpack .../070-libstdc++-11-dev_11.2.0-19ubuntu1_amd64.deb ...
aws_instance.minikube (remote-exec): Unpacking libstdc++-11-dev:amd64 (11.2.0-19ubuntu1) ...
aws_instance.minikube (remote-exec): Selecting previously unselected package g++-11.
aws_instance.minikube (remote-exec): Preparing to unpack .../071-g++-11_11.2.0-19ubuntu1_amd64.deb ...
aws_instance.minikube (remote-exec): Unpacking g++-11 (11.2.0-19ubuntu1) ...
aws_instance.minikube (remote-exec): Selecting previously unselected package g++.
aws_instance.minikube (remote-exec): Preparing to unpack .../072-g++_4%3a11.2.0-1ubuntu1_amd64.deb ...
aws_instance.minikube (remote-exec): Unpacking g++ (4:11.2.0-1ubuntu1) ...
aws_instance.minikube (remote-exec): Selecting previously unselected package make.
aws_instance.minikube (remote-exec): Preparing to unpack .../073-make_4.3-4.1build1_amd64.deb ...
aws_instance.minikube (remote-exec): 7[80;0f[42m[30mProgress: [ 21%][49m[39m [###...............] 8Unpacking make (4.3-4.1build1) ...
aws_instance.minikube (remote-exec): Selecting previously unselected package libdpkg-perl.
aws_instance.minikube (remote-exec): Preparing to unpack .../074-libdpkg-perl_1.21.1ubuntu2.1_all.deb ...
aws_instance.minikube (remote-exec): Unpacking libdpkg-perl (1.21.1ubuntu2.1) ...
aws_instance.minikube (remote-exec): Selecting previously unselected package bzip2.
aws_instance.minikube (remote-exec): Preparing to unpack .../075-bzip2_1.0.8-5build1_amd64.deb ...
aws_instance.minikube (remote-exec): Unpacking bzip2 (1.0.8-5build1) ...
aws_instance.minikube (remote-exec): Selecting previously unselected package lto-disabled-list.
aws_instance.minikube (remote-exec): Preparing to unpack .../076-lto-disabled-list_24_all.deb ...
aws_instance.minikube (remote-exec): Unpacking lto-disabled-list (24) ...
aws_instance.minikube (remote-exec): 7[80;0f[42m[30mProgress: [ 22%][49m[39m [###...............] 8Selecting previously unselected package dpkg-dev.
aws_instance.minikube (remote-exec): Preparing to unpack .../077-dpkg-dev_1.21.1ubuntu2.1_all.deb ...
aws_instance.minikube (remote-exec): Unpacking dpkg-dev (1.21.1ubuntu2.1) ...
aws_instance.minikube (remote-exec): Selecting previously unselected package build-essential.
aws_instance.minikube (remote-exec): Preparing to unpack .../078-build-essential_12.9ubuntu3_amd64.deb ...
aws_instance.minikube (remote-exec): Unpacking build-essential (12.9ubuntu3) ...
aws_instance.minikube (remote-exec): Selecting previously unselected package conntrack.
aws_instance.minikube (remote-exec): Preparing to unpack .../079-conntrack_1%3a1.4.6-2build2_amd64.deb ...
aws_instance.minikube (remote-exec): Unpacking conntrack (1:1.4.6-2build2) ...
aws_instance.minikube (remote-exec): Selecting previously unselected package libev4:amd64.
aws_instance.minikube (remote-exec): Preparing to unpack .../080-libev4_1%3a4.33-1_amd64.deb ...
aws_instance.minikube (remote-exec): 7[80;0f[42m[30mProgress: [ 23%][49m[39m [####..............] 8Unpacking libev4:amd64 (1:4.33-1) ...
aws_instance.minikube (remote-exec): Selecting previously unselected package libfsplib0.
aws_instance.minikube (remote-exec): Preparing to unpack .../081-libfsplib0_0.14-5_amd64.deb ...
aws_instance.minikube (remote-exec): Unpacking libfsplib0 (0.14-5) ...
aws_instance.minikube (remote-exec): Selecting previously unselected package libidn12:amd64.
aws_instance.minikube (remote-exec): Preparing to unpack .../082-libidn12_1.38-4build1_amd64.deb ...
aws_instance.minikube (remote-exec): Unpacking libidn12:amd64 (1.38-4build1) ...
aws_instance.minikube (remote-exec): Selecting previously unselected package liblua5.1-0:amd64.
aws_instance.minikube (remote-exec): Preparing to unpack .../083-liblua5.1-0_5.1.5-8.1build4_amd64.deb ...
aws_instance.minikube (remote-exec): Unpacking liblua5.1-0:amd64 (5.1.5-8.1build4) ...
aws_instance.minikube (remote-exec): Selecting previously unselected package libtre5:amd64.
aws_instance.minikube (remote-exec): Preparing to unpack .../084-libtre5_0.8.0-6_amd64.deb ...
aws_instance.minikube (remote-exec): 7[80;0f[42m[30mProgress: [ 24%][49m[39m [####..............] 8Unpacking libtre5:amd64 (0.8.0-6) ...
aws_instance.minikube (remote-exec): Selecting previously unselected package elinks-data.
aws_instance.minikube (remote-exec): Preparing to unpack .../085-elinks-data_0.13.2-1build3_all.deb ...
aws_instance.minikube (remote-exec): Unpacking elinks-data (0.13.2-1build3) ...
aws_instance.minikube (remote-exec): Selecting previously unselected package elinks.
aws_instance.minikube (remote-exec): Preparing to unpack .../086-elinks_0.13.2-1build3_amd64.deb ...
aws_instance.minikube (remote-exec): Unpacking elinks (0.13.2-1build3) ...
aws_instance.minikube (remote-exec): Selecting previously unselected package libfakeroot:amd64.
aws_instance.minikube (remote-exec): Preparing to unpack .../087-libfakeroot_1.28-1ubuntu1_amd64.deb ...
aws_instance.minikube (remote-exec): Unpacking libfakeroot:amd64 (1.28-1ubuntu1) ...
aws_instance.minikube (remote-exec): 7[80;0f[42m[30mProgress: [ 25%][49m[39m [####..............] 8Selecting previously unselected package fakeroot.
aws_instance.minikube (remote-exec): Preparing to unpack .../088-fakeroot_1.28-1ubuntu1_amd64.deb ...
aws_instance.minikube (remote-exec): Unpacking fakeroot (1.28-1ubuntu1) ...
aws_instance.minikube (remote-exec): Selecting previously unselected package fontconfig.
aws_instance.minikube (remote-exec): Preparing to unpack .../089-fontconfig_2.13.1-4.2ubuntu5_amd64.deb ...
aws_instance.minikube (remote-exec): Unpacking fontconfig (2.13.1-4.2ubuntu5) ...
aws_instance.minikube (remote-exec): Selecting previously unselected package fonts-noto-mono.
aws_instance.minikube (remote-exec): Preparing to unpack .../090-fonts-noto-mono_20201225-1build1_all.deb ...
aws_instance.minikube (remote-exec): Unpacking fonts-noto-mono (20201225-1build1) ...
aws_instance.minikube (remote-exec): Selecting previously unselected package libgs9-common.
aws_instance.minikube (remote-exec): Preparing to unpack .../091-libgs9-common_9.55.0~dfsg1-0ubuntu5_all.deb ...
aws_instance.minikube (remote-exec): 7[80;0f[42m[30mProgress: [ 26%][49m[39m [####..............] 8Unpacking libgs9-common (9.55.0~dfsg1-0ubuntu5) ...
aws_instance.minikube (remote-exec): Selecting previously unselected package libavahi-common-data:amd64.
aws_instance.minikube (remote-exec): Preparing to unpack .../092-libavahi-common-data_0.8-5ubuntu5_amd64.deb ...
aws_instance.minikube (remote-exec): Unpacking libavahi-common-data:amd64 (0.8-5ubuntu5) ...
aws_instance.minikube (remote-exec): Selecting previously unselected package libavahi-common3:amd64.
aws_instance.minikube (remote-exec): Preparing to unpack .../093-libavahi-common3_0.8-5ubuntu5_amd64.deb ...
aws_instance.minikube (remote-exec): Unpacking libavahi-common3:amd64 (0.8-5ubuntu5) ...
aws_instance.minikube (remote-exec): Selecting previously unselected package libavahi-client3:amd64.
aws_instance.minikube (remote-exec): Preparing to unpack .../094-libavahi-client3_0.8-5ubuntu5_amd64.deb ...
aws_instance.minikube (remote-exec): Unpacking libavahi-client3:amd64 (0.8-5ubuntu5) ...
aws_instance.minikube (remote-exec): 7[80;0f[42m[30mProgress: [ 27%][49m[39m [####..............] 8Selecting previously unselected package libcups2:amd64.
aws_instance.minikube (remote-exec): Preparing to unpack .../095-libcups2_2.4.1op1-1ubuntu4.1_amd64.deb ...
aws_instance.minikube (remote-exec): Unpacking libcups2:amd64 (2.4.1op1-1ubuntu4.1) ...
aws_instance.minikube (remote-exec): Selecting previously unselected package libijs-0.35:amd64.
aws_instance.minikube (remote-exec): Preparing to unpack .../096-libijs-0.35_0.35-15build2_amd64.deb ...
aws_instance.minikube (remote-exec): Unpacking libijs-0.35:amd64 (0.35-15build2) ...
aws_instance.minikube (remote-exec): Selecting previously unselected package libjbig2dec0:amd64.
aws_instance.minikube (remote-exec): Preparing to unpack .../097-libjbig2dec0_0.19-3build2_amd64.deb ...
aws_instance.minikube (remote-exec): Unpacking libjbig2dec0:amd64 (0.19-3build2) ...
aws_instance.minikube (remote-exec): Selecting previously unselected package libpaper1:amd64.
aws_instance.minikube (remote-exec): Preparing to unpack .../098-libpaper1_1.1.28build2_amd64.deb ...
aws_instance.minikube (remote-exec): 7[80;0f[42m[30mProgress: [ 28%][49m[39m [#####.............] 8Unpacking libpaper1:amd64 (1.1.28build2) ...
aws_instance.minikube (remote-exec): Selecting previously unselected package libgs9:amd64.
aws_instance.minikube (remote-exec): Preparing to unpack .../099-libgs9_9.55.0~dfsg1-0ubuntu5_amd64.deb ...
aws_instance.minikube (remote-exec): Unpacking libgs9:amd64 (9.55.0~dfsg1-0ubuntu5) ...
aws_instance.minikube (remote-exec): Selecting previously unselected package ghostscript.
aws_instance.minikube (remote-exec): Preparing to unpack .../100-ghostscript_9.55.0~dfsg1-0ubuntu5_amd64.deb ...
aws_instance.minikube (remote-exec): Unpacking ghostscript (9.55.0~dfsg1-0ubuntu5) ...
aws_instance.minikube (remote-exec): Selecting previously unselected package gsfonts.
aws_instance.minikube (remote-exec): Preparing to unpack .../101-gsfonts_1%3a8.11+urwcyr1.0.7~pre44-4.5_all.deb ...
aws_instance.minikube (remote-exec): Unpacking gsfonts (1:8.11+urwcyr1.0.7~pre44-4.5) ...
aws_instance.minikube: Still creating... [1m20s elapsed]
aws_instance.minikube (remote-exec): 7[80;0f[42m[30mProgress: [ 29%][49m[39m [#####.............] 8Selecting previously unselected package hicolor-icon-theme.
aws_instance.minikube (remote-exec): Preparing to unpack .../102-hicolor-icon-theme_0.17-2_all.deb ...
aws_instance.minikube (remote-exec): Unpacking hicolor-icon-theme (0.17-2) ...
aws_instance.minikube (remote-exec): Selecting previously unselected package imagemagick-6.q16.
aws_instance.minikube (remote-exec): Preparing to unpack .../103-imagemagick-6.q16_8%3a6.9.11.60+dfsg-1.3build2_amd64.deb ...
aws_instance.minikube (remote-exec): Unpacking imagemagick-6.q16 (8:6.9.11.60+dfsg-1.3build2) ...
aws_instance.minikube (remote-exec): Selecting previously unselected package imagemagick.
aws_instance.minikube (remote-exec): Preparing to unpack .../104-imagemagick_8%3a6.9.11.60+dfsg-1.3build2_amd64.deb ...
aws_instance.minikube (remote-exec): Unpacking imagemagick (8:6.9.11.60+dfsg-1.3build2) ...
aws_instance.minikube (remote-exec): Selecting previously unselected package inetutils-ping.
aws_instance.minikube (remote-exec): Preparing to unpack .../105-inetutils-ping_2%3a2.2-2_amd64.deb ...
aws_instance.minikube (remote-exec): Unpacking inetutils-ping (2:2.2-2) ...
aws_instance.minikube (remote-exec): 7[80;0f[42m[30mProgress: [ 30%][49m[39m [#####.............] 8Selecting previously unselected package javascript-common.
aws_instance.minikube (remote-exec): Preparing to unpack .../106-javascript-common_11+nmu1_all.deb ...
aws_instance.minikube (remote-exec): Unpacking javascript-common (11+nmu1) ...
aws_instance.minikube (remote-exec): Selecting previously unselected package libonig5:amd64.
aws_instance.minikube (remote-exec): Preparing to unpack .../107-libonig5_6.9.7.1-2build1_amd64.deb ...
aws_instance.minikube (remote-exec): Unpacking libonig5:amd64 (6.9.7.1-2build1) ...
aws_instance.minikube (remote-exec): Selecting previously unselected package libjq1:amd64.
aws_instance.minikube (remote-exec): Preparing to unpack .../108-libjq1_1.6-2.1ubuntu3_amd64.deb ...
aws_instance.minikube (remote-exec): Unpacking libjq1:amd64 (1.6-2.1ubuntu3) ...
aws_instance.minikube (remote-exec): Selecting previously unselected package jq.
aws_instance.minikube (remote-exec): Preparing to unpack .../109-jq_1.6-2.1ubuntu3_amd64.deb ...
aws_instance.minikube (remote-exec): 7[80;0f[42m[30mProgress: [ 31%][49m[39m [#####.............] 8Unpacking jq (1.6-2.1ubuntu3) ...
aws_instance.minikube (remote-exec): Selecting previously unselected package libalgorithm-diff-perl.
aws_instance.minikube (remote-exec): Preparing to unpack .../110-libalgorithm-diff-perl_1.201-1_all.deb ...
aws_instance.minikube (remote-exec): Unpacking libalgorithm-diff-perl (1.201-1) ...
aws_instance.minikube (remote-exec): Selecting previously unselected package libalgorithm-diff-xs-perl.
aws_instance.minikube (remote-exec): Preparing to unpack .../111-libalgorithm-diff-xs-perl_0.04-6build3_amd64.deb ...
aws_instance.minikube (remote-exec): Unpacking libalgorithm-diff-xs-perl (0.04-6build3) ...
aws_instance.minikube (remote-exec): Selecting previously unselected package libalgorithm-merge-perl.
aws_instance.minikube (remote-exec): Preparing to unpack .../112-libalgorithm-merge-perl_0.08-3_all.deb ...
aws_instance.minikube (remote-exec): Unpacking libalgorithm-merge-perl (0.08-3) ...
aws_instance.minikube (remote-exec): 7[80;0f[42m[30mProgress: [ 32%][49m[39m [#####.............] 8Selecting previously unselected package libblas3:amd64.
aws_instance.minikube (remote-exec): Preparing to unpack .../113-libblas3_3.10.0-2ubuntu1_amd64.deb ...
aws_instance.minikube (remote-exec): Unpacking libblas3:amd64 (3.10.0-2ubuntu1) ...
aws_instance.minikube (remote-exec): Selecting previously unselected package libgd3:amd64.
aws_instance.minikube (remote-exec): Preparing to unpack .../114-libgd3_2.3.0-2ubuntu2_amd64.deb ...
aws_instance.minikube (remote-exec): Unpacking libgd3:amd64 (2.3.0-2ubuntu2) ...
aws_instance.minikube (remote-exec): Selecting previously unselected package libc-devtools.
aws_instance.minikube (remote-exec): Preparing to unpack .../115-libc-devtools_2.35-0ubuntu3_amd64.deb ...
aws_instance.minikube (remote-exec): Unpacking libc-devtools (2.35-0ubuntu3) ...
aws_instance.minikube (remote-exec): Selecting previously unselected package libpixman-1-0:amd64.
aws_instance.minikube (remote-exec): Preparing to unpack .../116-libpixman-1-0_0.40.0-1build4_amd64.deb ...
aws_instance.minikube (remote-exec): 7[80;0f[42m[30mProgress: [ 33%][49m[39m [#####.............] 8Unpacking libpixman-1-0:amd64 (0.40.0-1build4) ...
aws_instance.minikube (remote-exec): Selecting previously unselected package libxcb-render0:amd64.
aws_instance.minikube (remote-exec): Preparing to unpack .../117-libxcb-render0_1.14-3ubuntu3_amd64.deb ...
aws_instance.minikube (remote-exec): Unpacking libxcb-render0:amd64 (1.14-3ubuntu3) ...
aws_instance.minikube (remote-exec): Selecting previously unselected package libxcb-shm0:amd64.
aws_instance.minikube (remote-exec): Preparing to unpack .../118-libxcb-shm0_1.14-3ubuntu3_amd64.deb ...
aws_instance.minikube (remote-exec): Unpacking libxcb-shm0:amd64 (1.14-3ubuntu3) ...
aws_instance.minikube (remote-exec): Selecting previously unselected package libxrender1:amd64.
aws_instance.minikube (remote-exec): Preparing to unpack .../119-libxrender1_1%3a0.9.10-1build4_amd64.deb ...
aws_instance.minikube (remote-exec): Unpacking libxrender1:amd64 (1:0.9.10-1build4) ...
aws_instance.minikube (remote-exec): 7[80;0f[42m[30mProgress: [ 34%][49m[39m [######............] 8Selecting previously unselected package libcairo2:amd64.
aws_instance.minikube (remote-exec): Preparing to unpack .../120-libcairo2_1.16.0-5ubuntu2_amd64.deb ...
aws_instance.minikube (remote-exec): Unpacking libcairo2:amd64 (1.16.0-5ubuntu2) ...
aws_instance.minikube (remote-exec): Selecting previously unselected package libdatrie1:amd64.
aws_instance.minikube (remote-exec): Preparing to unpack .../121-libdatrie1_0.2.13-2_amd64.deb ...
aws_instance.minikube (remote-exec): Unpacking libdatrie1:amd64 (0.2.13-2) ...
aws_instance.minikube (remote-exec): Selecting previously unselected package libdjvulibre-text.
aws_instance.minikube (remote-exec): Preparing to unpack .../122-libdjvulibre-text_3.5.28-2build2_all.deb ...
aws_instance.minikube (remote-exec): Unpacking libdjvulibre-text (3.5.28-2build2) ...
aws_instance.minikube (remote-exec): Selecting previously unselected package libdjvulibre21:amd64.
aws_instance.minikube (remote-exec): Preparing to unpack .../123-libdjvulibre21_3.5.28-2build2_amd64.deb ...
aws_instance.minikube (remote-exec): 7[80;0f[42m[30mProgress: [ 35%][49m[39m [######............] 8Unpacking libdjvulibre21:amd64 (3.5.28-2build2) ...
aws_instance.minikube (remote-exec): Selecting previously unselected package libexpat1-dev:amd64.
aws_instance.minikube (remote-exec): Preparing to unpack .../124-libexpat1-dev_2.4.7-1_amd64.deb ...
aws_instance.minikube (remote-exec): Unpacking libexpat1-dev:amd64 (2.4.7-1) ...
aws_instance.minikube (remote-exec): Selecting previously unselected package libfile-fcntllock-perl.
aws_instance.minikube (remote-exec): Preparing to unpack .../125-libfile-fcntllock-perl_0.22-3build7_amd64.deb ...
aws_instance.minikube (remote-exec): Unpacking libfile-fcntllock-perl (0.22-3build7) ...
aws_instance.minikube (remote-exec): Selecting previously unselected package libgraphite2-3:amd64.
aws_instance.minikube (remote-exec): Preparing to unpack .../126-libgraphite2-3_1.3.14-1build2_amd64.deb ...
aws_instance.minikube (remote-exec): Unpacking libgraphite2-3:amd64 (1.3.14-1build2) ...
aws_instance.minikube (remote-exec): Selecting previously unselected package libharfbuzz0b:amd64.
aws_instance.minikube (remote-exec): Preparing to unpack .../127-libharfbuzz0b_2.7.4-1ubuntu3_amd64.deb ...
aws_instance.minikube (remote-exec): 7[80;0f[42m[30mProgress: [ 36%][49m[39m [######............] 8Unpacking libharfbuzz0b:amd64 (2.7.4-1ubuntu3) ...
aws_instance.minikube (remote-exec): Selecting previously unselected package libilmbase25:amd64.
aws_instance.minikube (remote-exec): Preparing to unpack .../128-libilmbase25_2.5.7-2_amd64.deb ...
aws_instance.minikube (remote-exec): Unpacking libilmbase25:amd64 (2.5.7-2) ...
aws_instance.minikube (remote-exec): Selecting previously unselected package libimagequant0:amd64.
aws_instance.minikube (remote-exec): Preparing to unpack .../129-libimagequant0_2.17.0-1_amd64.deb ...
aws_instance.minikube (remote-exec): Unpacking libimagequant0:amd64 (2.17.0-1) ...
aws_instance.minikube (remote-exec): Selecting previously unselected package libjs-jquery.
aws_instance.minikube (remote-exec): Preparing to unpack .../130-libjs-jquery_3.6.0+dfsg+~3.5.13-1_all.deb ...
aws_instance.minikube (remote-exec): Unpacking libjs-jquery (3.6.0+dfsg+~3.5.13-1) ...
aws_instance.minikube (remote-exec): 7[80;0f[42m[30mProgress: [ 37%][49m[39m [######............] 8Selecting previously unselected package libjs-underscore.
aws_instance.minikube (remote-exec): Preparing to unpack .../131-libjs-underscore_1.13.2~dfsg-2_all.deb ...
aws_instance.minikube (remote-exec): Unpacking libjs-underscore (1.13.2~dfsg-2) ...
aws_instance.minikube (remote-exec): Selecting previously unselected package libjs-sphinxdoc.
aws_instance.minikube (remote-exec): Preparing to unpack .../132-libjs-sphinxdoc_4.3.2-1_all.deb ...
aws_instance.minikube (remote-exec): Unpacking libjs-sphinxdoc (4.3.2-1) ...
aws_instance.minikube (remote-exec): Selecting previously unselected package libjxr0:amd64.
aws_instance.minikube (remote-exec): Preparing to unpack .../133-libjxr0_1.2~git20170615.f752187-5_amd64.deb ...
aws_instance.minikube (remote-exec): Unpacking libjxr0:amd64 (1.2~git20170615.f752187-5) ...
aws_instance.minikube (remote-exec): Selecting previously unselected package libjxr-tools.
aws_instance.minikube (remote-exec): Preparing to unpack .../134-libjxr-tools_1.2~git20170615.f752187-5_amd64.deb ...
aws_instance.minikube (remote-exec): 7[80;0f[42m[30mProgress: [ 38%][49m[39m [######............] 8Unpacking libjxr-tools (1.2~git20170615.f752187-5) ...
aws_instance.minikube (remote-exec): Selecting previously unselected package liblinear4:amd64.
aws_instance.minikube (remote-exec): Preparing to unpack .../135-liblinear4_2.3.0+dfsg-5_amd64.deb ...
aws_instance.minikube (remote-exec): Unpacking liblinear4:amd64 (2.3.0+dfsg-5) ...
aws_instance.minikube (remote-exec): Selecting previously unselected package liblua5.3-0:amd64.
aws_instance.minikube (remote-exec): Preparing to unpack .../136-liblua5.3-0_5.3.6-1build1_amd64.deb ...
aws_instance.minikube (remote-exec): Unpacking liblua5.3-0:amd64 (5.3.6-1build1) ...
aws_instance.minikube (remote-exec): Selecting previously unselected package libopenexr25:amd64.
aws_instance.minikube (remote-exec): Preparing to unpack .../137-libopenexr25_2.5.7-1_amd64.deb ...
aws_instance.minikube (remote-exec): Unpacking libopenexr25:amd64 (2.5.7-1) ...
aws_instance.minikube (remote-exec): 7[80;0f[42m[30mProgress: [ 39%][49m[39m [#######...........] 8Selecting previously unselected package libthai-data.
aws_instance.minikube (remote-exec): Preparing to unpack .../138-libthai-data_0.1.29-1build1_all.deb ...
aws_instance.minikube (remote-exec): Unpacking libthai-data (0.1.29-1build1) ...
aws_instance.minikube (remote-exec): Selecting previously unselected package libthai0:amd64.
aws_instance.minikube (remote-exec): Preparing to unpack .../139-libthai0_0.1.29-1build1_amd64.deb ...
aws_instance.minikube (remote-exec): Unpacking libthai0:amd64 (0.1.29-1build1) ...
aws_instance.minikube (remote-exec): Selecting previously unselected package libpango-1.0-0:amd64.
aws_instance.minikube (remote-exec): Preparing to unpack .../140-libpango-1.0-0_1.50.6+ds-2_amd64.deb ...
aws_instance.minikube (remote-exec): Unpacking libpango-1.0-0:amd64 (1.50.6+ds-2) ...
aws_instance.minikube (remote-exec): Selecting previously unselected package libpangoft2-1.0-0:amd64.
aws_instance.minikube (remote-exec): Preparing to unpack .../141-libpangoft2-1.0-0_1.50.6+ds-2_amd64.deb ...
aws_instance.minikube (remote-exec): 7[80;0f[42m[30mProgress: [ 40%][49m[39m [#######...........] 8Unpacking libpangoft2-1.0-0:amd64 (1.50.6+ds-2) ...
aws_instance.minikube (remote-exec): Selecting previously unselected package libpangocairo-1.0-0:amd64.
aws_instance.minikube (remote-exec): Preparing to unpack .../142-libpangocairo-1.0-0_1.50.6+ds-2_amd64.deb ...
aws_instance.minikube (remote-exec): Unpacking libpangocairo-1.0-0:amd64 (1.50.6+ds-2) ...
aws_instance.minikube (remote-exec): Selecting previously unselected package libwmflite-0.2-7:amd64.
aws_instance.minikube (remote-exec): Preparing to unpack .../143-libwmflite-0.2-7_0.2.12-5ubuntu1_amd64.deb ...
aws_instance.minikube (remote-exec): Unpacking libwmflite-0.2-7:amd64 (0.2.12-5ubuntu1) ...
aws_instance.minikube (remote-exec): Selecting previously unselected package libmagickcore-6.q16-6-extra:amd64.
aws_instance.minikube (remote-exec): Preparing to unpack .../144-libmagickcore-6.q16-6-extra_8%3a6.9.11.60+dfsg-1.3build2_amd64.deb ...
aws_instance.minikube (remote-exec): Unpacking libmagickcore-6.q16-6-extra:amd64 (8:6.9.11.60+dfsg-1.3build2) ...
aws_instance.minikube (remote-exec): 7[80;0f[42m[30mProgress: [ 41%][49m[39m [#######...........] 8Selecting previously unselected package libnetpbm10.
aws_instance.minikube (remote-exec): Preparing to unpack .../145-libnetpbm10_2%3a10.0-15.4_amd64.deb ...
aws_instance.minikube (remote-exec): Unpacking libnetpbm10 (2:10.0-15.4) ...
aws_instance.minikube (remote-exec): Selecting previously unselected package libpaper-utils.
aws_instance.minikube (remote-exec): Preparing to unpack .../146-libpaper-utils_1.1.28build2_amd64.deb ...
aws_instance.minikube (remote-exec): Unpacking libpaper-utils (1.1.28build2) ...
aws_instance.minikube (remote-exec): Selecting previously unselected package libpq5:amd64.
aws_instance.minikube (remote-exec): Preparing to unpack .../147-libpq5_14.3-0ubuntu0.22.04.1_amd64.deb ...
aws_instance.minikube (remote-exec): Unpacking libpq5:amd64 (14.3-0ubuntu0.22.04.1) ...
aws_instance.minikube (remote-exec): Selecting previously unselected package libssl-dev:amd64.
aws_instance.minikube (remote-exec): Preparing to unpack .../148-libssl-dev_3.0.2-0ubuntu1.2_amd64.deb ...
aws_instance.minikube (remote-exec): Unpacking libssl-dev:amd64 (3.0.2-0ubuntu1.2) ...
aws_instance.minikube (remote-exec): 7[80;0f[42m[30mProgress: [ 42%][49m[39m [#######...........] 8Selecting previously unselected package libpq-dev.
aws_instance.minikube (remote-exec): Preparing to unpack .../149-libpq-dev_14.3-0ubuntu0.22.04.1_amd64.deb ...
aws_instance.minikube (remote-exec): Unpacking libpq-dev (14.3-0ubuntu0.22.04.1) ...
aws_instance.minikube (remote-exec): Selecting previously unselected package zlib1g-dev:amd64.
aws_instance.minikube (remote-exec): Preparing to unpack .../150-zlib1g-dev_1%3a1.2.11.dfsg-2ubuntu9_amd64.deb ...
aws_instance.minikube (remote-exec): Unpacking zlib1g-dev:amd64 (1:1.2.11.dfsg-2ubuntu9) ...
aws_instance.minikube (remote-exec): Selecting previously unselected package libpython3.10-dev:amd64.
aws_instance.minikube (remote-exec): Preparing to unpack .../151-libpython3.10-dev_3.10.4-3_amd64.deb ...
aws_instance.minikube (remote-exec): Unpacking libpython3.10-dev:amd64 (3.10.4-3) ...
aws_instance.minikube (remote-exec): Selecting previously unselected package libpython3-dev:amd64.
aws_instance.minikube (remote-exec): Preparing to unpack .../152-libpython3-dev_3.10.4-0ubuntu2_amd64.deb ...
aws_instance.minikube (remote-exec): 7[80;0f[42m[30mProgress: [ 43%][49m[39m [#######...........] 8Unpacking libpython3-dev:amd64 (3.10.4-0ubuntu2) ...
aws_instance.minikube (remote-exec): Selecting previously unselected package libraqm0:amd64.
aws_instance.minikube (remote-exec): Preparing to unpack .../153-libraqm0_0.7.0-4ubuntu1_amd64.deb ...
aws_instance.minikube (remote-exec): Unpacking libraqm0:amd64 (0.7.0-4ubuntu1) ...
aws_instance.minikube (remote-exec): Selecting previously unselected package liburing2:amd64.
aws_instance.minikube (remote-exec): Preparing to unpack .../154-liburing2_2.1-2build1_amd64.deb ...
aws_instance.minikube (remote-exec): Unpacking liburing2:amd64 (2.1-2build1) ...
aws_instance.minikube (remote-exec): Selecting previously unselected package lua-lpeg:amd64.
aws_instance.minikube (remote-exec): Preparing to unpack .../155-lua-lpeg_1.0.2-1_amd64.deb ...
aws_instance.minikube (remote-exec): Unpacking lua-lpeg:amd64 (1.0.2-1) ...
aws_instance.minikube (remote-exec): 7[80;0f[42m[30mProgress: [ 44%][49m[39m [#######...........] 8Selecting previously unselected package mailcap.
aws_instance.minikube (remote-exec): Preparing to unpack .../156-mailcap_3.70+nmu1ubuntu1_all.deb ...
aws_instance.minikube (remote-exec): Unpacking mailcap (3.70+nmu1ubuntu1) ...
aws_instance.minikube (remote-exec): Selecting previously unselected package manpages-dev.
aws_instance.minikube (remote-exec): Preparing to unpack .../157-manpages-dev_5.10-1ubuntu1_all.deb ...
aws_instance.minikube (remote-exec): Unpacking manpages-dev (5.10-1ubuntu1) ...
aws_instance.minikube (remote-exec): Selecting previously unselected package mime-support.
aws_instance.minikube (remote-exec): Preparing to unpack .../158-mime-support_3.66_all.deb ...
aws_instance.minikube (remote-exec): Unpacking mime-support (3.66) ...
aws_instance.minikube (remote-exec): Selecting previously unselected package plocate.
aws_instance.minikube (remote-exec): Preparing to unpack .../159-plocate_1.1.15-1ubuntu2_amd64.deb ...
aws_instance.minikube (remote-exec): 7[80;0f[42m[30mProgress: [ 45%][49m[39m [########..........] 8Unpacking plocate (1.1.15-1ubuntu2) ...
aws_instance.minikube (remote-exec): Selecting previously unselected package mlocate.
aws_instance.minikube (remote-exec): Preparing to unpack .../160-mlocate_1.1.15-1ubuntu2_all.deb ...
aws_instance.minikube (remote-exec): Unpacking mlocate (1.1.15-1ubuntu2) ...
aws_instance.minikube (remote-exec): Selecting previously unselected package netpbm.
aws_instance.minikube (remote-exec): Preparing to unpack .../161-netpbm_2%3a10.0-15.4_amd64.deb ...
aws_instance.minikube (remote-exec): Unpacking netpbm (2:10.0-15.4) ...
aws_instance.minikube (remote-exec): Selecting previously unselected package nmap-common.
aws_instance.minikube (remote-exec): Preparing to unpack .../162-nmap-common_7.91+dfsg1+really7.80+dfsg1-2build1_all.deb ...
aws_instance.minikube (remote-exec): Unpacking nmap-common (7.91+dfsg1+really7.80+dfsg1-2build1) ...
aws_instance.minikube (remote-exec): 7[80;0f[42m[30mProgress: [ 46%][49m[39m [########..........] 8Selecting previously unselected package psutils.
aws_instance.minikube (remote-exec): Preparing to unpack .../163-psutils_1.17.dfsg-4_amd64.deb ...
aws_instance.minikube (remote-exec): Unpacking psutils (1.17.dfsg-4) ...
aws_instance.minikube (remote-exec): Selecting previously unselected package python3.10-dev.
aws_instance.minikube (remote-exec): Preparing to unpack .../164-python3.10-dev_3.10.4-3_amd64.deb ...
aws_instance.minikube (remote-exec): Unpacking python3.10-dev (3.10.4-3) ...
aws_instance.minikube (remote-exec): Selecting previously unselected package python3-dev.
aws_instance.minikube (remote-exec): Preparing to unpack .../165-python3-dev_3.10.4-0ubuntu2_amd64.deb ...
aws_instance.minikube (remote-exec): Unpacking python3-dev (3.10.4-0ubuntu2) ...
aws_instance.minikube (remote-exec): Selecting previously unselected package python3-olefile.
aws_instance.minikube (remote-exec): Preparing to unpack .../166-python3-olefile_0.46-3_all.deb ...
aws_instance.minikube (remote-exec): 7[80;0f[42m[30mProgress: [ 47%][49m[39m [########..........] 8Unpacking python3-olefile (0.46-3) ...
aws_instance.minikube (remote-exec): Selecting previously unselected package python3-pil:amd64.
aws_instance.minikube (remote-exec): Preparing to unpack .../167-python3-pil_9.0.1-1build1_amd64.deb ...
aws_instance.minikube (remote-exec): Unpacking python3-pil:amd64 (9.0.1-1build1) ...
aws_instance.minikube (remote-exec): Selecting previously unselected package python3-wheel.
aws_instance.minikube (remote-exec): Preparing to unpack .../168-python3-wheel_0.37.1-2_all.deb ...
aws_instance.minikube (remote-exec): Unpacking python3-wheel (0.37.1-2) ...
aws_instance.minikube (remote-exec): Selecting previously unselected package python3-pip.
aws_instance.minikube (remote-exec): Preparing to unpack .../169-python3-pip_22.0.2+dfsg-1_all.deb ...
aws_instance.minikube (remote-exec): Unpacking python3-pip (22.0.2+dfsg-1) ...
aws_instance.minikube (remote-exec): Selecting previously unselected package python3-pygments.
aws_instance.minikube (remote-exec): Preparing to unpack .../170-python3-pygments_2.11.2+dfsg-2_all.deb ...
aws_instance.minikube (remote-exec): 7[80;0f[42m[30mProgress: [ 48%][49m[39m [########..........] 8Unpacking python3-pygments (2.11.2+dfsg-2) ...
aws_instance.minikube (remote-exec): Selecting previously unselected package traceroute.
aws_instance.minikube (remote-exec): Preparing to unpack .../171-traceroute_1%3a2.1.0-2_amd64.deb ...
aws_instance.minikube (remote-exec): Unpacking traceroute (1:2.1.0-2) ...
aws_instance.minikube (remote-exec): Selecting previously unselected package tree.
aws_instance.minikube (remote-exec): Preparing to unpack .../172-tree_2.0.2-1_amd64.deb ...
aws_instance.minikube (remote-exec): Unpacking tree (2.0.2-1) ...
aws_instance.minikube (remote-exec): Selecting previously unselected package unzip.
aws_instance.minikube (remote-exec): Preparing to unpack .../173-unzip_6.0-26ubuntu3_amd64.deb ...
aws_instance.minikube (remote-exec): Unpacking unzip (6.0-26ubuntu3) ...
aws_instance.minikube (remote-exec): 7[80;0f[42m[30mProgress: [ 49%][49m[39m [########..........] 8Selecting previously unselected package xclip.
aws_instance.minikube (remote-exec): Preparing to unpack .../174-xclip_0.13-2_amd64.deb ...
aws_instance.minikube (remote-exec): Unpacking xclip (0.13-2) ...
aws_instance.minikube (remote-exec): Selecting previously unselected package zip.
aws_instance.minikube (remote-exec): Preparing to unpack .../175-zip_3.0-12build2_amd64.deb ...
aws_instance.minikube (remote-exec): Unpacking zip (3.0-12build2) ...
aws_instance.minikube (remote-exec): Selecting previously unselected package inetutils-traceroute.
aws_instance.minikube (remote-exec): Preparing to unpack .../176-inetutils-traceroute_2%3a2.2-2_amd64.deb ...
aws_instance.minikube (remote-exec): Unpacking inetutils-traceroute (2:2.2-2) ...
aws_instance.minikube (remote-exec): Selecting previously unselected package nmap.
aws_instance.minikube (remote-exec): Preparing to unpack .../177-nmap_7.91+dfsg1+really7.80+dfsg1-2build1_amd64.deb ...
aws_instance.minikube (remote-exec): 7[80;0f[42m[30mProgress: [ 50%][49m[39m [#########.........] 8Unpacking nmap (7.91+dfsg1+really7.80+dfsg1-2build1) ...
aws_instance.minikube (remote-exec): Setting up javascript-common (11+nmu1) ...
aws_instance.minikube (remote-exec): Setting up libgraphite2-3:amd64 (1.3.14-1build2) ...
aws_instance.minikube (remote-exec): Setting up liblcms2-2:amd64 (2.12~rc1-2build2) ...
aws_instance.minikube (remote-exec): 7[80;0f[42m[30mProgress: [ 51%][49m[39m [#########.........] 8Setting up libpixman-1-0:amd64 (0.40.0-1build4) ...
aws_instance.minikube (remote-exec): Setting up gcc-11-base:amd64 (11.2.0-19ubuntu1) ...
aws_instance.minikube (remote-exec): Setting up libpaper1:amd64 (1.1.28build2) ...

aws_instance.minikube (remote-exec): Creating config file /etc/papersize with new version
aws_instance.minikube (remote-exec): Setting up libaom3:amd64 (3.3.0-1) ...
aws_instance.minikube (remote-exec): 7[80;0f[42m[30mProgress: [ 52%][49m[39m [#########.........] 8Setting up manpages-dev (5.10-1ubuntu1) ...
aws_instance.minikube (remote-exec): Setting up imagemagick-6-common (8:6.9.11.60+dfsg-1.3build2) ...
aws_instance.minikube (remote-exec): Setting up lua-lpeg:amd64 (1.0.2-1) ...
aws_instance.minikube (remote-exec): Setting up lto-disabled-list (24) ...
aws_instance.minikube (remote-exec): 7[80;0f[42m[30mProgress: [ 53%][49m[39m [#########.........] 8Setting up libtre5:amd64 (0.8.0-6) ...
aws_instance.minikube (remote-exec): Setting up elinks-data (0.13.2-1build3) ...
aws_instance.minikube (remote-exec): Setting up fonts-noto-mono (20201225-1build1) ...
aws_instance.minikube (remote-exec): 7[80;0f[42m[30mProgress: [ 54%][49m[39m [#########.........] 8Setting up libxpm4:amd64 (1:3.5.12-1build2) ...
aws_instance.minikube (remote-exec): Setting up hicolor-icon-theme (0.17-2) ...
aws_instance.minikube (remote-exec): Setting up libwmflite-0.2-7:amd64 (0.2.12-5ubuntu1) ...
aws_instance.minikube (remote-exec): Setting up libxrender1:amd64 (1:0.9.10-1build4) ...
aws_instance.minikube (remote-exec): 7[80;0f[42m[30mProgress: [ 55%][49m[39m [#########.........] 8Setting up libdatrie1:amd64 (0.2.13-2) ...
aws_instance.minikube (remote-exec): Setting up traceroute (1:2.1.0-2) ...
aws_instance.minikube (remote-exec): update-alternatives: using /usr/bin/traceroute.db to provide /usr/bin/traceroute (traceroute) in auto mode
aws_instance.minikube (remote-exec): update-alternatives: using /usr/bin/traceroute6.db to provide /usr/bin/traceroute6 (traceroute6) in auto mode
aws_instance.minikube (remote-exec): update-alternatives: using /usr/bin/lft.db to provide /usr/bin/lft (lft) in auto mode
aws_instance.minikube (remote-exec): update-alternatives: using /usr/bin/traceproto.db to provide /usr/bin/traceproto (traceproto) in auto mode
aws_instance.minikube (remote-exec): update-alternatives: using /usr/sbin/tcptraceroute.db to provide /usr/sbin/tcptraceroute (tcptraceroute) in auto mode
aws_instance.minikube (remote-exec): Setting up libfile-fcntllock-perl (0.22-3build7) ...
aws_instance.minikube (remote-exec): 7[80;0f[42m[30mProgress: [ 56%][49m[39m [##########........] 8Setting up libxcb-render0:amd64 (1.14-3ubuntu3) ...
aws_instance.minikube (remote-exec): Setting up libalgorithm-diff-perl (1.201-1) ...
aws_instance.minikube (remote-exec): Setting up libev4:amd64 (1:4.33-1) ...
aws_instance.minikube (remote-exec): Setting up libijs-0.35:amd64 (0.35-15build2) ...
aws_instance.minikube (remote-exec): 7[80;0f[42m[30mProgress: [ 57%][49m[39m [##########........] 8Setting up python3-olefile (0.46-3) ...
aws_instance.minikube (remote-exec): Setting up libjxr0:amd64 (1.2~git20170615.f752187-5) ...
aws_instance.minikube (remote-exec): Setting up unzip (6.0-26ubuntu3) ...
aws_instance.minikube (remote-exec): 7[80;0f[42m[30mProgress: [ 58%][49m[39m [##########........] 8Setting up x11-common (1:7.7+23ubuntu2) ...
aws_instance.minikube (remote-exec): Setting up libpq5:amd64 (14.3-0ubuntu0.22.04.1) ...
aws_instance.minikube (remote-exec): Setting up libdeflate0:amd64 (1.10-2) ...
aws_instance.minikube (remote-exec): Setting up linux-libc-dev:amd64 (5.15.0-39.42) ...
aws_instance.minikube (remote-exec): 7[80;0f[42m[30mProgress: [ 59%][49m[39m [##########........] 8Setting up libilmbase25:amd64 (2.5.7-2) ...
aws_instance.minikube (remote-exec): Setting up libxcb-shm0:amd64 (1.14-3ubuntu3) ...
aws_instance.minikube (remote-exec): Setting up libpaper-utils (1.1.28build2) ...
aws_instance.minikube (remote-exec): Setting up libnetpbm10 (2:10.0-15.4) ...
aws_instance.minikube (remote-exec): 7[80;0f[42m[30mProgress: [ 60%][49m[39m [##########........] 8Setting up fonts-urw-base35 (20200910-1) ...
aws_instance.minikube (remote-exec): Setting up libfsplib0 (0.14-5) ...
aws_instance.minikube (remote-exec): Setting up libgomp1:amd64 (12-20220319-1ubuntu1) ...
aws_instance.minikube (remote-exec): 7[80;0f[42m[30mProgress: [ 61%][49m[39m [##########........] 8Setting up bzip2 (1.0.8-5build1) ...
aws_instance.minikube (remote-exec): Setting up conntrack (1:1.4.6-2build2) ...
aws_instance.minikube (remote-exec): Setting up python3-wheel (0.37.1-2) ...
aws_instance.minikube (remote-exec): Setting up libjbig0:amd64 (2.1-3.1build3) ...
aws_instance.minikube (remote-exec): 7[80;0f[42m[30mProgress: [ 62%][49m[39m [###########.......] 8Setting up inetutils-traceroute (2:2.2-2) ...
aws_instance.minikube (remote-exec): Setting up libfakeroot:amd64 (1.28-1ubuntu1) ...
aws_instance.minikube (remote-exec): Setting up libasan6:amd64 (11.2.0-19ubuntu1) ...
aws_instance.minikube (remote-exec): 7[80;0f[42m[30mProgress: [ 63%][49m[39m [###########.......] 8Setting up poppler-data (0.4.11-1) ...
aws_instance.minikube (remote-exec): Setting up libopenexr25:amd64 (2.5.7-1) ...
aws_instance.minikube (remote-exec): Setting up fakeroot (1.28-1ubuntu1) ...
aws_instance.minikube (remote-exec): update-alternatives: using /usr/bin/fakeroot-sysv to provide /usr/bin/fakeroot (fakeroot) in auto mode
aws_instance.minikube (remote-exec): Setting up python3-roman (3.3-1) ...
aws_instance.minikube (remote-exec): 7[80;0f[42m[30mProgress: [ 64%][49m[39m [###########.......] 8
aws_instance.minikube (remote-exec): Setting up zip (3.0-12build2) ...
aws_instance.minikube (remote-exec): Setting up python3-pygments (2.11.2+dfsg-2) ...
aws_instance.minikube: Still creating... [1m30s elapsed]
aws_instance.minikube (remote-exec): Setting up libblas3:amd64 (3.10.0-2ubuntu1) ...
aws_instance.minikube (remote-exec): update-alternatives: using /usr/lib/x86_64-linux-gnu/blas/libblas.so.3 to provide /usr/lib/x86_64-linux-gnu/libblas.so.3 (libblas.so.3-x86_64-linux-gnu) in auto mode
aws_instance.minikube (remote-exec): Setting up libtirpc-dev:amd64 (1.3.2-2build1) ...
aws_instance.minikube (remote-exec): 7[80;0f[42m[30mProgress: [ 65%][49m[39m [###########.......] 8Setting up rpcsvc-proto (1.4.2-0ubuntu6) ...
aws_instance.minikube (remote-exec): Setting up make (4.3-4.1build1) ...
aws_instance.minikube (remote-exec): Setting up libjbig2dec0:amd64 (0.19-3build2) ...
aws_instance.minikube (remote-exec): 7[80;0f[42m[30mProgress: [ 66%][49m[39m [###########.......] 8Setting up python3-jmespath (0.10.0-1) ...
aws_instance.minikube (remote-exec): Setting up gsfonts (1:8.11+urwcyr1.0.7~pre44-4.5) ...
aws_instance.minikube (remote-exec): Setting up libavahi-common-data:amd64 (0.8-5ubuntu5) ...
aws_instance.minikube (remote-exec): Setting up libquadmath0:amd64 (12-20220319-1ubuntu1) ...
aws_instance.minikube (remote-exec): 7[80;0f[42m[30mProgress: [ 67%][49m[39m [############......] 8Setting up libimagequant0:amd64 (2.17.0-1) ...
aws_instance.minikube (remote-exec): Setting up libssl-dev:amd64 (3.0.2-0ubuntu1.2) ...
aws_instance.minikube (remote-exec): Setting up tree (2.0.2-1) ...
aws_instance.minikube (remote-exec): 7[80;0f[42m[30mProgress: [ 68%][49m[39m [############......] 8Setting up libmpc3:amd64 (1.2.1-2build1) ...
aws_instance.minikube (remote-exec): Setting up libatomic1:amd64 (12-20220319-1ubuntu1) ...
aws_instance.minikube (remote-exec): Setting up libidn12:amd64 (1.38-4build1) ...
aws_instance.minikube (remote-exec): Setting up fonts-dejavu-core (2.37-2build1) ...
aws_instance.minikube (remote-exec): 7[80;0f[42m[30mProgress: [ 69%][49m[39m [############......] 8Setting up python3-pip (22.0.2+dfsg-1) ...
aws_instance.minikube (remote-exec): Setting up libjpeg-turbo8:amd64 (2.1.2-0ubuntu1) ...
aws_instance.minikube (remote-exec): Setting up libltdl7:amd64 (2.4.6-15build2) ...
aws_instance.minikube (remote-exec): 7[80;0f[42m[30mProgress: [ 70%][49m[39m [############......] 8Setting up libfftw3-double3:amd64 (3.3.8-2ubuntu8) ...
aws_instance.minikube (remote-exec): Setting up libdpkg-perl (1.21.1ubuntu2.1) ...
aws_instance.minikube (remote-exec): Setting up libx265-199:amd64 (3.5-2) ...
aws_instance.minikube (remote-exec): Setting up libwebp7:amd64 (1.2.2-2) ...
aws_instance.minikube (remote-exec): 7[80;0f[42m[30mProgress: [ 71%][49m[39m [############......] 8Setting up inetutils-ping (2:2.2-2) ...
aws_instance.minikube (remote-exec): Setting up libubsan1:amd64 (12-20220319-1ubuntu1) ...
aws_instance.minikube (remote-exec): Setting up nmap-common (7.91+dfsg1+really7.80+dfsg1-2build1) ...
aws_instance.minikube (remote-exec): Setting up liblqr-1-0:amd64 (0.4.2-2.1) ...
aws_instance.minikube (remote-exec): 7[80;0f[42m[30mProgress: [ 72%][49m[39m [############......] 8Setting up libnsl-dev:amd64 (1.3.0-2build2) ...
aws_instance.minikube (remote-exec): Setting up libcrypt-dev:amd64 (1:4.4.27-1) ...
aws_instance.minikube (remote-exec): Setting up liblua5.3-0:amd64 (5.3.6-1build1) ...
aws_instance.minikube (remote-exec): 7[80;0f[42m[30mProgress: [ 73%][49m[39m [#############.....] 8Setting up liblua5.1-0:amd64 (5.1.5-8.1build4) ...
aws_instance.minikube (remote-exec): Setting up python3-rsa (4.8-1) ...
aws_instance.minikube (remote-exec): Setting up libopenjp2-7:amd64 (2.4.0-6) ...
aws_instance.minikube (remote-exec): Setting up libharfbuzz0b:amd64 (2.7.4-1ubuntu3) ...
aws_instance.minikube (remote-exec): 7[80;0f[42m[30mProgress: [ 74%][49m[39m [#############.....] 8Setting up libthai-data (0.1.29-1build1) ...
aws_instance.minikube (remote-exec): Setting up python3-dateutil (2.8.1-6) ...
aws_instance.minikube (remote-exec): Setting up sgml-base (1.30) ...
aws_instance.minikube (remote-exec): 7[80;0f[42m[30mProgress: [ 75%][49m[39m [#############.....] 8Setting up fonts-droid-fallback (1:6.0.1r16-1.1build1) ...
aws_instance.minikube (remote-exec): Setting up libdjvulibre-text (3.5.28-2build2) ...
aws_instance.minikube (remote-exec): Setting up libjs-jquery (3.6.0+dfsg+~3.5.13-1) ...
aws_instance.minikube (remote-exec): Setting up liburing2:amd64 (2.1-2build1) ...
aws_instance.minikube (remote-exec): 7[80;0f[42m[30mProgress: [ 76%][49m[39m [#############.....] 8Setting up libdav1d5:amd64 (0.9.2-1) ...
aws_instance.minikube (remote-exec): Setting up libisl23:amd64 (0.24-2build1) ...
aws_instance.minikube (remote-exec): Setting up libde265-0:amd64 (1.0.8-1) ...
aws_instance.minikube (remote-exec): Setting up libc-dev-bin (2.35-0ubuntu3) ...
aws_instance.minikube (remote-exec): 7[80;0f[42m[30mProgress: [ 77%][49m[39m [#############.....] 8Setting up libwebpmux3:amd64 (1.2.2-2) ...
aws_instance.minikube (remote-exec): Setting up mailcap (3.70+nmu1ubuntu1) ...
aws_instance.minikube (remote-exec): Setting up psutils (1.17.dfsg-4) ...
aws_instance.minikube (remote-exec): 7[80;0f[42m[30mProgress: [ 78%][49m[39m [##############....] 8Setting up libalgorithm-diff-xs-perl (0.04-6build3) ...
aws_instance.minikube (remote-exec): Setting up libcc1-0:amd64 (12-20220319-1ubuntu1) ...
aws_instance.minikube (remote-exec): Setting up libonig5:amd64 (6.9.7.1-2build1) ...
aws_instance.minikube (remote-exec): Setting up liblsan0:amd64 (12-20220319-1ubuntu1) ...
aws_instance.minikube (remote-exec): 7[80;0f[42m[30mProgress: [ 79%][49m[39m [##############....] 8Setting up libitm1:amd64 (12-20220319-1ubuntu1) ...
aws_instance.minikube (remote-exec): Setting up libjs-underscore (1.13.2~dfsg-2) ...
aws_instance.minikube (remote-exec): Setting up libalgorithm-merge-perl (0.08-3) ...
aws_instance.minikube (remote-exec): 7[80;0f[42m[30mProgress: [ 80%][49m[39m [##############....] 8Setting up libtsan0:amd64 (11.2.0-19ubuntu1) ...
aws_instance.minikube (remote-exec): Setting up libjpeg8:amd64 (8c-2ubuntu10) ...
aws_instance.minikube (remote-exec): Setting up libgs9-common (9.55.0~dfsg1-0ubuntu5) ...
aws_instance.minikube (remote-exec): Setting up cpp-11 (11.2.0-19ubuntu1) ...
aws_instance.minikube (remote-exec): 7[80;0f[42m[30mProgress: [ 81%][49m[39m [##############....] 8Setting up libice6:amd64 (2:1.0.10-1build2) ...
aws_instance.minikube (remote-exec): Setting up mime-support (3.66) ...
aws_instance.minikube (remote-exec): Setting up libjxr-tools (1.2~git20170615.f752187-5) ...
aws_instance.minikube (remote-exec): 7[80;0f[42m[30mProgress: [ 82%][49m[39m [##############....] 8Setting up libjq1:amd64 (1.6-2.1ubuntu3) ...
aws_instance.minikube (remote-exec): Setting up fontconfig-config (2.13.1-4.2ubuntu5) ...
aws_instance.minikube (remote-exec): Setting up libwebpdemux2:amd64 (1.2.2-2) ...
aws_instance.minikube (remote-exec): Setting up libheif1:amd64 (1.12.0-2build1) ...
aws_instance.minikube (remote-exec): 7[80;0f[42m[30mProgress: [ 83%][49m[39m [##############....] 8Setting up libdjvulibre21:amd64 (3.5.28-2build2) ...
aws_instance.minikube (remote-exec): Setting up libavahi-common3:amd64 (0.8-5ubuntu5) ...
aws_instance.minikube (remote-exec): Setting up libpq-dev (14.3-0ubuntu0.22.04.1) ...
aws_instance.minikube (remote-exec): Setting up liblinear4:amd64 (2.3.0+dfsg-5) ...
aws_instance.minikube (remote-exec): 7[80;0f[42m[30mProgress: [ 84%][49m[39m [###############...] 8Setting up dpkg-dev (1.21.1ubuntu2.1) ...
aws_instance.minikube (remote-exec): Setting up elinks (0.13.2-1build3) ...
aws_instance.minikube (remote-exec): Setting up libthai0:amd64 (0.1.29-1build1) ...
aws_instance.minikube (remote-exec): 7[80;0f[42m[30mProgress: [ 85%][49m[39m [###############...] 8Setting up libraqm0:amd64 (0.7.0-4ubuntu1) ...
aws_instance.minikube (remote-exec): Setting up python3-botocore (1.23.34+repack-1) ...
aws_instance.minikube (remote-exec): Setting up plocate (1.1.15-1ubuntu2) ...
aws_instance.minikube (remote-exec): update-alternatives: using /usr/bin/plocate to provide /usr/bin/locate (locate) in auto mode
aws_instance.minikube (remote-exec): Adding group `plocate' (GID 121) ...
aws_instance.minikube (remote-exec): Done.
aws_instance.minikube (remote-exec): Initializing plocate database; this may take some time...
aws_instance.minikube: Still creating... [1m40s elapsed]
aws_instance.minikube (remote-exec): done
aws_instance.minikube (remote-exec): Created symlink /etc/systemd/system/timers.target.wants/plocate-updatedb.timer → /lib/systemd/system/plocate-updatedb.timer.
aws_instance.minikube (remote-exec): Setting up libjs-sphinxdoc (4.3.2-1) ...
aws_instance.minikube (remote-exec): 7[80;0f[42m[30mProgress: [ 86%][49m[39m [###############...] 8Setting up libgcc-11-dev:amd64 (11.2.0-19ubuntu1) ...
aws_instance.minikube (remote-exec): Setting up gcc-11 (11.2.0-19ubuntu1) ...
aws_instance.minikube (remote-exec): Setting up cpp (4:11.2.0-1ubuntu1) ...
aws_instance.minikube (remote-exec): 7[80;0f[42m[30mProgress: [ 87%][49m[39m [###############...] 8Setting up xml-core (0.18+nmu1) ...
aws_instance.minikube (remote-exec): Setting up jq (1.6-2.1ubuntu3) ...
aws_instance.minikube (remote-exec): Setting up libc6-dev:amd64 (2.35-0ubuntu3) ...
aws_instance.minikube (remote-exec): Setting up mlocate (1.1.15-1ubuntu2) ...
aws_instance.minikube (remote-exec): [1mdpkg-statoverride:[0m [1;33mwarning:[0m no override present
aws_instance.minikube (remote-exec): Setting up libtiff5:amd64 (4.3.0-6) ...
aws_instance.minikube (remote-exec): 7[80;0f[42m[30mProgress: [ 88%][49m[39m [###############...] 8Setting up libfontconfig1:amd64 (2.13.1-4.2ubuntu5) ...
aws_instance.minikube (remote-exec): Setting up libsm6:amd64 (2:1.2.3-1build2) ...
aws_instance.minikube (remote-exec): Setting up libavahi-client3:amd64 (0.8-5ubuntu5) ...
aws_instance.minikube (remote-exec): Setting up fontconfig (2.13.1-4.2ubuntu5) ...
aws_instance.minikube (remote-exec): 7[80;0f[42m[30mProgress: [ 89%][49m[39m [################..] 8Regenerating fonts cache...
aws_instance.minikube (remote-exec): done.
aws_instance.minikube (remote-exec): Setting up libpango-1.0-0:amd64 (1.50.6+ds-2) ...
aws_instance.minikube (remote-exec): Setting up python3-s3transfer (0.5.0-1) ...
aws_instance.minikube (remote-exec): Setting up nmap (7.91+dfsg1+really7.80+dfsg1-2build1) ...
aws_instance.minikube (remote-exec): Setting up libcairo2:amd64 (1.16.0-5ubuntu2) ...
aws_instance.minikube (remote-exec): 7[80;0f[42m[30mProgress: [ 90%][49m[39m [################..] 8Setting up gcc (4:11.2.0-1ubuntu1) ...
aws_instance.minikube (remote-exec): Setting up python3-pil:amd64 (9.0.1-1build1) ...
aws_instance.minikube (remote-exec): Setting up libmagickcore-6.q16-6:amd64 (8:6.9.11.60+dfsg-1.3build2) ...
aws_instance.minikube (remote-exec): 7[80;0f[42m[30mProgress: [ 91%][49m[39m [################..] 8Setting up libexpat1-dev:amd64 (2.4.7-1) ...
aws_instance.minikube (remote-exec): Setting up libgd3:amd64 (2.3.0-2ubuntu2) ...
aws_instance.minikube (remote-exec): Setting up netpbm (2:10.0-15.4) ...
aws_instance.minikube (remote-exec): Setting up libxt6:amd64 (1:1.2.1-1) ...
aws_instance.minikube (remote-exec): 7[80;0f[42m[30mProgress: [ 92%][49m[39m [################..] 8Setting up libstdc++-11-dev:amd64 (11.2.0-19ubuntu1) ...
aws_instance.minikube (remote-exec): Setting up libcups2:amd64 (2.4.1op1-1ubuntu4.1) ...
aws_instance.minikube (remote-exec): Setting up zlib1g-dev:amd64 (1:1.2.11.dfsg-2ubuntu9) ...
aws_instance.minikube (remote-exec): 7[80;0f[42m[30mProgress: [ 93%][49m[39m [################..] 8Setting up libmagickwand-6.q16-6:amd64 (8:6.9.11.60+dfsg-1.3build2) ...
aws_instance.minikube (remote-exec): Setting up libpangoft2-1.0-0:amd64 (1.50.6+ds-2) ...
aws_instance.minikube (remote-exec): Setting up libpangocairo-1.0-0:amd64 (1.50.6+ds-2) ...
aws_instance.minikube (remote-exec): Setting up libc-devtools (2.35-0ubuntu3) ...
aws_instance.minikube (remote-exec): 7[80;0f[42m[30mProgress: [ 94%][49m[39m [################..] 8Setting up libxmu6:amd64 (2:1.1.3-3) ...
aws_instance.minikube (remote-exec): Setting up libgs9:amd64 (9.55.0~dfsg1-0ubuntu5) ...
aws_instance.minikube (remote-exec): Setting up libmagickcore-6.q16-6-extra:amd64 (8:6.9.11.60+dfsg-1.3build2) ...
aws_instance.minikube (remote-exec): Setting up g++-11 (11.2.0-19ubuntu1) ...
aws_instance.minikube (remote-exec): 7[80;0f[42m[30mProgress: [ 95%][49m[39m [#################.] 8Setting up libxaw7:amd64 (2:1.0.14-1) ...
aws_instance.minikube (remote-exec): Setting up ghostscript (9.55.0~dfsg1-0ubuntu5) ...
aws_instance.minikube (remote-exec): Setting up groff (1.22.4-8build1) ...
aws_instance.minikube (remote-exec): 7[80;0f[42m[30mProgress: [ 96%][49m[39m [#################.] 8Setting up xclip (0.13-2) ...
aws_instance.minikube (remote-exec): Setting up libpython3.10-dev:amd64 (3.10.4-3) ...
aws_instance.minikube (remote-exec): Setting up imagemagick-6.q16 (8:6.9.11.60+dfsg-1.3build2) ...
aws_instance.minikube (remote-exec): update-alternatives: using /usr/bin/compare-im6.q16 to provide /usr/bin/compare (compare) in auto mode
aws_instance.minikube (remote-exec): update-alternatives: using /usr/bin/compare-im6.q16 to provide /usr/bin/compare-im6 (compare-im6) in auto mode
aws_instance.minikube (remote-exec): update-alternatives: using /usr/bin/animate-im6.q16 to provide /usr/bin/animate (animate) in auto mode
aws_instance.minikube (remote-exec): update-alternatives: using /usr/bin/animate-im6.q16 to provide /usr/bin/animate-im6 (animate-im6) in auto mode
aws_instance.minikube (remote-exec): update-alternatives: using /usr/bin/convert-im6.q16 to provide /usr/bin/convert (convert) in auto mode
aws_instance.minikube (remote-exec): update-alternatives: using /usr/bin/convert-im6.q16 to provide /usr/bin/convert-im6 (convert-im6) in auto mode
aws_instance.minikube (remote-exec): update-alternatives: using /usr/bin/composite-im6.q16 to provide /usr/bin/composite (composite) in auto mode
aws_instance.minikube (remote-exec): update-alternatives: using /usr/bin/composite-im6.q16 to provide /usr/bin/composite-im6 (composite-im6) in auto mode
aws_instance.minikube (remote-exec): update-alternatives: using /usr/bin/conjure-im6.q16 to provide /usr/bin/conjure (conjure) in auto mode
aws_instance.minikube (remote-exec): update-alternatives: using /usr/bin/conjure-im6.q16 to provide /usr/bin/conjure-im6 (conjure-im6) in auto mode
aws_instance.minikube (remote-exec): update-alternatives: using /usr/bin/import-im6.q16 to provide /usr/bin/import (import) in auto mode
aws_instance.minikube (remote-exec): update-alternatives: using /usr/bin/import-im6.q16 to provide /usr/bin/import-im6 (import-im6) in auto mode
aws_instance.minikube (remote-exec): update-alternatives: using /usr/bin/identify-im6.q16 to provide /usr/bin/identify (identify) in auto mode
aws_instance.minikube (remote-exec): update-alternatives: using /usr/bin/identify-im6.q16 to provide /usr/bin/identify-im6 (identify-im6) in auto mode
aws_instance.minikube (remote-exec): update-alternatives: using /usr/bin/stream-im6.q16 to provide /usr/bin/stream (stream) in auto mode
aws_instance.minikube (remote-exec): update-alternatives: using /usr/bin/stream-im6.q16 to provide /usr/bin/stream-im6 (stream-im6) in auto mode
aws_instance.minikube (remote-exec): update-alternatives: using /usr/bin/display-im6.q16 to provide /usr/bin/display (display) in auto mode
aws_instance.minikube (remote-exec): update-alternatives: using /usr/bin/display-im6.q16 to provide /usr/bin/display-im6 (display-im6) in auto mode
aws_instance.minikube (remote-exec): update-alternatives: using /usr/bin/montage-im6.q16 to provide /usr/bin/montage (montage) in auto mode
aws_instance.minikube (remote-exec): update-alternatives: using /usr/bin/montage-im6.q16 to provide /usr/bin/montage-im6 (montage-im6) in auto mode
aws_instance.minikube (remote-exec): update-alternatives: using /usr/bin/mogrify-im6.q16 to provide /usr/bin/mogrify (mogrify) in auto mode
aws_instance.minikube (remote-exec): update-alternatives: using /usr/bin/mogrify-im6.q16 to provide /usr/bin/mogrify-im6 (mogrify-im6) in auto mode
aws_instance.minikube (remote-exec): Setting up python3.10-dev (3.10.4-3) ...
aws_instance.minikube (remote-exec): 7[80;0f[42m[30mProgress: [ 97%][49m[39m [#################.] 8Setting up g++ (4:11.2.0-1ubuntu1) ...
aws_instance.minikube (remote-exec): update-alternatives: using /usr/bin/g++ to provide /usr/bin/c++ (c++) in auto mode
aws_instance.minikube (remote-exec): Setting up build-essential (12.9ubuntu3) ...
aws_instance.minikube (remote-exec): Setting up libpython3-dev:amd64 (3.10.4-0ubuntu2) ...
aws_instance.minikube (remote-exec): 7[80;0f[42m[30mProgress: [ 98%][49m[39m [#################.] 8Setting up python3-dev (3.10.4-0ubuntu2) ...
aws_instance.minikube (remote-exec): Setting up imagemagick (8:6.9.11.60+dfsg-1.3build2) ...
aws_instance.minikube (remote-exec): Processing triggers for install-info (6.8-4build1) ...
aws_instance.minikube (remote-exec): Processing triggers for libc-bin (2.35-0ubuntu3) ...
aws_instance.minikube (remote-exec): Processing triggers for man-db (2.10.2-1) ...
aws_instance.minikube (remote-exec): Processing triggers for shared-mime-info (2.1-2) ...
aws_instance.minikube (remote-exec): Processing triggers for sgml-base (1.30) ...
aws_instance.minikube (remote-exec): 7[80;0f[42m[30mProgress: [ 99%][49m[39m [#################.] 8Setting up docutils-common (0.17.1+dfsg-2) ...
aws_instance.minikube (remote-exec): Processing triggers for sgml-base (1.30) ...
aws_instance.minikube (remote-exec): Setting up python3-docutils (0.17.1+dfsg-2) ...
aws_instance.minikube (remote-exec): Setting up awscli (1.22.34-1) ...
aws_instance.minikube: Still creating... [1m50s elapsed]

aws_instance.minikube (remote-exec): 7[0;80r8[1A[J
aws_instance.minikube (remote-exec): Scanning processes... [                ]
aws_instance.minikube (remote-exec): Scanning processes... [                ]
aws_instance.minikube (remote-exec): Scanning processes... [                ]
aws_instance.minikube (remote-exec): Scanning processes... [                ]
aws_instance.minikube (remote-exec): Scanning processes... [                ]
aws_instance.minikube (remote-exec): Scanning processes... [                ]
aws_instance.minikube (remote-exec): Scanning processes... [                ]
aws_instance.minikube (remote-exec): Scanning processes... [=               ]
aws_instance.minikube (remote-exec): Scanning processes... [=               ]
aws_instance.minikube (remote-exec): Scanning processes... [=               ]
aws_instance.minikube (remote-exec): Scanning processes... [=               ]
aws_instance.minikube (remote-exec): Scanning processes... [=               ]
aws_instance.minikube (remote-exec): Scanning processes... [=               ]
aws_instance.minikube (remote-exec): Scanning processes... [=               ]
aws_instance.minikube (remote-exec): Scanning processes... [==              ]
aws_instance.minikube (remote-exec): Scanning processes... [==              ]
aws_instance.minikube (remote-exec): Scanning processes... [==              ]
aws_instance.minikube (remote-exec): Scanning processes... [==              ]
aws_instance.minikube (remote-exec): Scanning processes... [==              ]
aws_instance.minikube (remote-exec): Scanning processes... [==              ]
aws_instance.minikube (remote-exec): Scanning processes... [==              ]
aws_instance.minikube (remote-exec): Scanning processes... [===             ]
aws_instance.minikube (remote-exec): Scanning processes... [===             ]
aws_instance.minikube (remote-exec): Scanning processes... [===             ]
aws_instance.minikube (remote-exec): Scanning processes... [===             ]
aws_instance.minikube (remote-exec): Scanning processes... [===             ]
aws_instance.minikube (remote-exec): Scanning processes... [===             ]
aws_instance.minikube (remote-exec): Scanning processes... [===             ]
aws_instance.minikube (remote-exec): Scanning processes... [====            ]
aws_instance.minikube (remote-exec): Scanning processes... [====            ]
aws_instance.minikube (remote-exec): Scanning processes... [====            ]
aws_instance.minikube (remote-exec): Scanning processes... [====            ]
aws_instance.minikube (remote-exec): Scanning processes... [====            ]
aws_instance.minikube (remote-exec): Scanning processes... [====            ]
aws_instance.minikube (remote-exec): Scanning processes... [====            ]
aws_instance.minikube (remote-exec): Scanning processes... [=====           ]
aws_instance.minikube (remote-exec): Scanning processes... [=====           ]
aws_instance.minikube (remote-exec): Scanning processes... [=====           ]
aws_instance.minikube (remote-exec): Scanning processes... [=====           ]
aws_instance.minikube (remote-exec): Scanning processes... [=====           ]
aws_instance.minikube (remote-exec): Scanning processes... [=====           ]
aws_instance.minikube (remote-exec): Scanning processes... [======          ]
aws_instance.minikube (remote-exec): Scanning processes... [======          ]
aws_instance.minikube (remote-exec): Scanning processes... [======          ]
aws_instance.minikube (remote-exec): Scanning processes... [======          ]
aws_instance.minikube (remote-exec): Scanning processes... [======          ]
aws_instance.minikube (remote-exec): Scanning processes... [======          ]
aws_instance.minikube (remote-exec): Scanning processes... [======          ]
aws_instance.minikube (remote-exec): Scanning processes... [=======         ]
aws_instance.minikube (remote-exec): Scanning processes... [=======         ]
aws_instance.minikube (remote-exec): Scanning processes... [=======         ]
aws_instance.minikube (remote-exec): Scanning processes... [=======         ]
aws_instance.minikube (remote-exec): Scanning processes... [=======         ]
aws_instance.minikube (remote-exec): Scanning processes... [=======         ]
aws_instance.minikube (remote-exec): Scanning processes... [=======         ]
aws_instance.minikube (remote-exec): Scanning processes... [========        ]
aws_instance.minikube (remote-exec): Scanning processes... [========        ]
aws_instance.minikube (remote-exec): Scanning processes... [========        ]
aws_instance.minikube (remote-exec): Scanning processes... [========        ]
aws_instance.minikube (remote-exec): Scanning processes... [========        ]
aws_instance.minikube (remote-exec): Scanning processes... [========        ]
aws_instance.minikube (remote-exec): Scanning processes... [========        ]
aws_instance.minikube (remote-exec): Scanning processes... [=========       ]
aws_instance.minikube (remote-exec): Scanning processes... [=========       ]
aws_instance.minikube (remote-exec): Scanning processes... [=========       ]
aws_instance.minikube (remote-exec): Scanning processes... [=========       ]
aws_instance.minikube (remote-exec): Scanning processes... [=========       ]
aws_instance.minikube (remote-exec): Scanning processes... [=========       ]
aws_instance.minikube (remote-exec): Scanning processes... [=========       ]
aws_instance.minikube (remote-exec): Scanning processes... [==========      ]
aws_instance.minikube (remote-exec): Scanning processes... [==========      ]
aws_instance.minikube (remote-exec): Scanning processes... [==========      ]
aws_instance.minikube (remote-exec): Scanning processes... [==========      ]
aws_instance.minikube (remote-exec): Scanning processes... [==========      ]
aws_instance.minikube (remote-exec): Scanning processes... [==========      ]
aws_instance.minikube (remote-exec): Scanning processes... [===========     ]
aws_instance.minikube (remote-exec): Scanning processes... [===========     ]
aws_instance.minikube (remote-exec): Scanning processes... [===========     ]
aws_instance.minikube (remote-exec): Scanning processes... [===========     ]
aws_instance.minikube (remote-exec): Scanning processes... [===========     ]
aws_instance.minikube (remote-exec): Scanning processes... [===========     ]
aws_instance.minikube (remote-exec): Scanning processes... [===========     ]
aws_instance.minikube (remote-exec): Scanning processes... [============    ]
aws_instance.minikube (remote-exec): Scanning processes... [============    ]
aws_instance.minikube (remote-exec): Scanning processes... [============    ]
aws_instance.minikube (remote-exec): Scanning processes... [============    ]
aws_instance.minikube (remote-exec): Scanning processes... [============    ]
aws_instance.minikube (remote-exec): Scanning processes... [============    ]
aws_instance.minikube (remote-exec): Scanning processes... [============    ]
aws_instance.minikube (remote-exec): Scanning processes... [=============   ]
aws_instance.minikube (remote-exec): Scanning processes... [=============   ]
aws_instance.minikube (remote-exec): Scanning processes... [=============   ]
aws_instance.minikube (remote-exec): Scanning processes... [=============   ]
aws_instance.minikube (remote-exec): Scanning processes... [=============   ]
aws_instance.minikube (remote-exec): Scanning processes... [=============   ]
aws_instance.minikube (remote-exec): Scanning processes... [=============   ]
aws_instance.minikube (remote-exec): Scanning processes... [==============  ]
aws_instance.minikube (remote-exec): Scanning processes... [==============  ]
aws_instance.minikube (remote-exec): Scanning processes... [==============  ]
aws_instance.minikube (remote-exec): Scanning processes... [==============  ]
aws_instance.minikube (remote-exec): Scanning processes... [==============  ]
aws_instance.minikube (remote-exec): Scanning processes... [==============  ]
aws_instance.minikube (remote-exec): Scanning processes... [==============  ]
aws_instance.minikube (remote-exec): Scanning processes... [=============== ]
aws_instance.minikube (remote-exec): Scanning processes... [=============== ]
aws_instance.minikube (remote-exec): Scanning processes... [=============== ]
aws_instance.minikube (remote-exec): Scanning processes... [=============== ]
aws_instance.minikube (remote-exec): Scanning processes... [=============== ]
aws_instance.minikube (remote-exec): Scanning processes... [=============== ]
aws_instance.minikube (remote-exec): Scanning processes... [================]
aws_instance.minikube (remote-exec): Scanning processes...
aws_instance.minikube (remote-exec): Scanning linux images... [             ]
aws_instance.minikube (remote-exec): Scanning linux images... [====         ]
aws_instance.minikube (remote-exec): Scanning linux images... [========     ]
aws_instance.minikube (remote-exec): Scanning linux images... [=============]
aws_instance.minikube (remote-exec): Scanning linux images...

aws_instance.minikube (remote-exec): Running kernel seems to be up-to-date.

aws_instance.minikube (remote-exec): No services need to be restarted.

aws_instance.minikube (remote-exec): No containers need to be restarted.

aws_instance.minikube (remote-exec): No user sessions are running outdated
aws_instance.minikube (remote-exec):  binaries.

aws_instance.minikube (remote-exec): No VM guests are running outdated
aws_instance.minikube (remote-exec):  hypervisor (qemu) binaries on this
aws_instance.minikube (remote-exec):  host.
aws_instance.minikube (remote-exec): # Executing docker install script, commit: b2e29ef7a9a89840d2333637f7d1900a83e7153f
aws_instance.minikube (remote-exec): + sh -c apt-get update -qq >/dev/null
aws_instance.minikube: Still creating... [2m0s elapsed]
aws_instance.minikube (remote-exec): + sh -c DEBIAN_FRONTEND=noninteractive apt-get install -y -qq apt-transport-https ca-certificates curl >/dev/null
aws_instance.minikube (remote-exec): + sh -c mkdir -p /etc/apt/keyrings && chmod -R 0755 /etc/apt/keyrings
aws_instance.minikube (remote-exec): + sh -c curl -fsSL "https://download.docker.com/linux/ubuntu/gpg" | gpg --dearmor --yes -o /etc/apt/keyrings/docker.gpg
aws_instance.minikube (remote-exec): + sh -c chmod a+r /etc/apt/keyrings/docker.gpg
aws_instance.minikube (remote-exec): + sh -c echo "deb [arch=amd64 signed-by=/etc/apt/keyrings/docker.gpg] https://download.docker.com/linux/ubuntu jammy stable" > /etc/apt/sources.list.d/docker.list
aws_instance.minikube (remote-exec): + sh -c apt-get update -qq >/dev/null
aws_instance.minikube (remote-exec): + sh -c DEBIAN_FRONTEND=noninteractive apt-get install -y -qq --no-install-recommends docker-ce docker-ce-cli containerd.io docker-compose-plugin docker-scan-plugin >/dev/null
aws_instance.minikube: Still creating... [2m10s elapsed]
aws_instance.minikube: Still creating... [2m20s elapsed]
aws_instance.minikube: Still creating... [2m30s elapsed]
aws_instance.minikube (remote-exec): + version_gte 20.10
aws_instance.minikube (remote-exec): + [ -z  ]
aws_instance.minikube (remote-exec): + return 0
aws_instance.minikube (remote-exec): + sh -c DEBIAN_FRONTEND=noninteractive apt-get install -y -qq docker-ce-rootless-extras >/dev/null
aws_instance.minikube (remote-exec): + sh -c docker version
aws_instance.minikube (remote-exec): Client: Docker Engine - Community
aws_instance.minikube (remote-exec):  Version:           20.10.17
aws_instance.minikube (remote-exec):  API version:       1.41
aws_instance.minikube (remote-exec):  Go version:        go1.17.11
aws_instance.minikube (remote-exec):  Git commit:        100c701
aws_instance.minikube (remote-exec):  Built:             Mon Jun  6 23:02:46 2022
aws_instance.minikube (remote-exec):  OS/Arch:           linux/amd64
aws_instance.minikube (remote-exec):  Context:           default
aws_instance.minikube (remote-exec):  Experimental:      true

aws_instance.minikube (remote-exec): Server: Docker Engine - Community
aws_instance.minikube (remote-exec):  Engine:
aws_instance.minikube (remote-exec):   Version:          20.10.17
aws_instance.minikube (remote-exec):   API version:      1.41 (minimum version 1.12)
aws_instance.minikube (remote-exec):   Go version:       go1.17.11
aws_instance.minikube (remote-exec):   Git commit:       a89b842
aws_instance.minikube (remote-exec):   Built:            Mon Jun  6 23:00:51 2022
aws_instance.minikube (remote-exec):   OS/Arch:          linux/amd64
aws_instance.minikube (remote-exec):   Experimental:     false
aws_instance.minikube (remote-exec):  containerd:
aws_instance.minikube (remote-exec):   Version:          1.6.6
aws_instance.minikube (remote-exec):   GitCommit:        10c12954828e7c7c9b6e0ea9b0c02b01407d3ae1
aws_instance.minikube (remote-exec):  runc:
aws_instance.minikube (remote-exec):   Version:          1.1.2
aws_instance.minikube (remote-exec):   GitCommit:        v1.1.2-0-ga916309
aws_instance.minikube (remote-exec):  docker-init:
aws_instance.minikube (remote-exec):   Version:          0.19.0
aws_instance.minikube (remote-exec):   GitCommit:        de40ad0

aws_instance.minikube (remote-exec): ================================================================================

aws_instance.minikube (remote-exec): To run Docker as a non-privileged user, consider setting up the
aws_instance.minikube (remote-exec): Docker daemon in rootless mode for your user:

aws_instance.minikube (remote-exec):     dockerd-rootless-setuptool.sh install

aws_instance.minikube (remote-exec): Visit https://docs.docker.com/go/rootless/ to learn about rootless mode.


aws_instance.minikube (remote-exec): To run the Docker daemon as a fully privileged service, but granting non-root
aws_instance.minikube (remote-exec): users access, refer to https://docs.docker.com/go/daemon-access/

aws_instance.minikube (remote-exec): WARNING: Access to the remote API on a privileged Docker daemon is equivalent
aws_instance.minikube (remote-exec):          to root access on the host. Refer to the 'Docker daemon attack surface'
aws_instance.minikube (remote-exec):          documentation for details: https://docs.docker.com/go/attack-surface/

aws_instance.minikube (remote-exec): ================================================================================

aws_instance.minikube (remote-exec): Synchronizing state of docker.service with SysV service script with /lib/systemd/systemd-sysv-install.
aws_instance.minikube (remote-exec): Executing: /lib/systemd/systemd-sysv-install enable docker
aws_instance.minikube: Still creating... [2m40s elapsed]
aws_instance.minikube (remote-exec):   % Total    % Received % Xferd  Average Speed   Time    Time     Time  Current
aws_instance.minikube (remote-exec):                                  Dload  Upload   Total   Spent    Left  Speed
aws_instance.minikube (remote-exec):   0     0    0     0    0     0      0      0 --:--:-- --:--:-- --:--:--     0
aws_instance.minikube (remote-exec): 100   154  100   154    0     0   1330      0 --:--:-- --:--:-- --:--:--  1339
aws_instance.minikube (remote-exec): 100 43.5M  100 43.5M    0     0  68.7M      0 --:--:-- --:--:-- --:--:-- 68.7M
aws_instance.minikube (remote-exec):   % Total    % Received % Xferd  Average Speed   Time    Time     Time  Current
aws_instance.minikube (remote-exec):                                  Dload  Upload   Total   Spent    Left  Speed
aws_instance.minikube (remote-exec):   0     0    0     0    0     0      0      0 --:--:-- --:--:-- --:--:--     0
aws_instance.minikube (remote-exec):  18 69.2M   18 12.9M    0     0  37.7M      0  0:00:01 --:--:--  0:00:01 37.7M
aws_instance.minikube (remote-exec): 100 69.2M  100 69.2M    0     0  79.7M      0 --:--:-- --:--:-- --:--:-- 79.7M
aws_instance.minikube: Creation complete after 2m44s [id=i-091d65d55a8e6121b]

Apply complete! Resources: 1 added, 0 changed, 0 destroyed.

Outputs:

minikube_ip = "3.83.232.114"
